// !$*UTF8*$!
{
	archiveVersion = 1;
	classes = {
	};
	objectVersion = 51;
	objects = {

/* Begin PBXBuildFile section */
		2200BB8E231E601600BF9545 /* TestTokenProvider.swift in Sources */ = {isa = PBXBuildFile; fileRef = 22D2A2EB2319B60E0095757C /* TestTokenProvider.swift */; };
		2200BB93231E727000BF9545 /* DateFormatter+Extensions.swift in Sources */ = {isa = PBXBuildFile; fileRef = 2200BB92231E727000BF9545 /* DateFormatter+Extensions.swift */; };
		2200BB97231EA5C200BF9545 /* TestLogger.swift in Sources */ = {isa = PBXBuildFile; fileRef = 2200BB96231EA5C200BF9545 /* TestLogger.swift */; };
		2207CE9F233CE4DE00D85E52 /* UserEntityFactory.swift in Sources */ = {isa = PBXBuildFile; fileRef = 2207CE9E233CE4DE00D85E52 /* UserEntityFactory.swift */; };
		2207CEA2233D010300D85E52 /* RoomListProvider.swift in Sources */ = {isa = PBXBuildFile; fileRef = 2207CEA1233D010300D85E52 /* RoomListProvider.swift */; };
		222576962305488E00FAFAEC /* CursorEntity+CoreDataProperties.swift in Sources */ = {isa = PBXBuildFile; fileRef = 222576862305488D00FAFAEC /* CursorEntity+CoreDataProperties.swift */; };
		222576982305488E00FAFAEC /* AttachmentPartEntity+CoreDataProperties.swift in Sources */ = {isa = PBXBuildFile; fileRef = 222576882305488E00FAFAEC /* AttachmentPartEntity+CoreDataProperties.swift */; };
		222576992305488E00FAFAEC /* CursorEntity+CoreDataClass.swift in Sources */ = {isa = PBXBuildFile; fileRef = 222576892305488E00FAFAEC /* CursorEntity+CoreDataClass.swift */; };
		2225769B2305488E00FAFAEC /* InlinePartEntity+CoreDataClass.swift in Sources */ = {isa = PBXBuildFile; fileRef = 2225768B2305488E00FAFAEC /* InlinePartEntity+CoreDataClass.swift */; };
		2225769C2305488E00FAFAEC /* MessageEntity+CoreDataProperties.swift in Sources */ = {isa = PBXBuildFile; fileRef = 2225768C2305488E00FAFAEC /* MessageEntity+CoreDataProperties.swift */; };
		2225769D2305488E00FAFAEC /* MessageEntity+CoreDataClass.swift in Sources */ = {isa = PBXBuildFile; fileRef = 2225768D2305488E00FAFAEC /* MessageEntity+CoreDataClass.swift */; };
		2225769E2305488E00FAFAEC /* InlinePartEntity+CoreDataProperties.swift in Sources */ = {isa = PBXBuildFile; fileRef = 2225768E2305488E00FAFAEC /* InlinePartEntity+CoreDataProperties.swift */; };
		222576A02305488E00FAFAEC /* URLPartEntity+CoreDataClass.swift in Sources */ = {isa = PBXBuildFile; fileRef = 222576902305488E00FAFAEC /* URLPartEntity+CoreDataClass.swift */; };
		222576A12305488E00FAFAEC /* AttachmentPartEntity+CoreDataClass.swift in Sources */ = {isa = PBXBuildFile; fileRef = 222576912305488E00FAFAEC /* AttachmentPartEntity+CoreDataClass.swift */; };
		222576A22305488E00FAFAEC /* PartEntity+CoreDataClass.swift in Sources */ = {isa = PBXBuildFile; fileRef = 222576922305488E00FAFAEC /* PartEntity+CoreDataClass.swift */; };
		222576A32305488E00FAFAEC /* URLPartEntity+CoreDataProperties.swift in Sources */ = {isa = PBXBuildFile; fileRef = 222576932305488E00FAFAEC /* URLPartEntity+CoreDataProperties.swift */; };
		222576A52305488E00FAFAEC /* PartEntity+CoreDataProperties.swift in Sources */ = {isa = PBXBuildFile; fileRef = 222576952305488E00FAFAEC /* PartEntity+CoreDataProperties.swift */; };
		222576B223055E1900FAFAEC /* UserEntity+CoreDataClass.swift in Sources */ = {isa = PBXBuildFile; fileRef = 222576AE23055E1900FAFAEC /* UserEntity+CoreDataClass.swift */; };
		222576B323055E1900FAFAEC /* RoomEntity+CoreDataProperties.swift in Sources */ = {isa = PBXBuildFile; fileRef = 222576AF23055E1900FAFAEC /* RoomEntity+CoreDataProperties.swift */; };
		222576B423055E1900FAFAEC /* UserEntity+CoreDataProperties.swift in Sources */ = {isa = PBXBuildFile; fileRef = 222576B023055E1900FAFAEC /* UserEntity+CoreDataProperties.swift */; };
		222576B523055E1900FAFAEC /* RoomEntity+CoreDataClass.swift in Sources */ = {isa = PBXBuildFile; fileRef = 222576B123055E1900FAFAEC /* RoomEntity+CoreDataClass.swift */; };
		223CE9CC23225264008AD5AA /* ChatEventParserTests.swift in Sources */ = {isa = PBXBuildFile; fileRef = 223CE9CB23225264008AD5AA /* ChatEventParserTests.swift */; };
		223EDDBE23266C6500C72891 /* TestServiceDelegate.swift in Sources */ = {isa = PBXBuildFile; fileRef = 223EDDBD23266C6500C72891 /* TestServiceDelegate.swift */; };
		2244FC2F22F2FBD900FE8D50 /* TestTokenProvider.swift in Sources */ = {isa = PBXBuildFile; fileRef = 2244FC2E22F2FBD900FE8D50 /* TestTokenProvider.swift */; };
		224B803D22F1E009003CB8DC /* PusherChatkit.framework in Frameworks */ = {isa = PBXBuildFile; fileRef = 229093D522F1DDB4003DDE2C /* PusherChatkit.framework */; };
		224B804C22F1E028003CB8DC /* PusherChatkit.framework in Frameworks */ = {isa = PBXBuildFile; fileRef = 229093D522F1DDB4003DDE2C /* PusherChatkit.framework */; };
		224B805922F2DADC003CB8DC /* Chatkit.swift in Sources */ = {isa = PBXBuildFile; fileRef = 224B805822F2DADC003CB8DC /* Chatkit.swift */; };
		224B805C22F2E0CE003CB8DC /* ChatkitTests.swift in Sources */ = {isa = PBXBuildFile; fileRef = 224B805B22F2E0CE003CB8DC /* ChatkitTests.swift */; };
		224E33C0230B07C2005168E3 /* Identifiable.swift in Sources */ = {isa = PBXBuildFile; fileRef = 224E33BF230B07C2005168E3 /* Identifiable.swift */; };
		226EA0C0233A541900B04C15 /* JoinedRoomListProvider.swift in Sources */ = {isa = PBXBuildFile; fileRef = 226EA0BF233A541900B04C15 /* JoinedRoomListProvider.swift */; };
		227498472321028700D10C76 /* DateFormatterExtensionsTests.swift in Sources */ = {isa = PBXBuildFile; fileRef = 227498462321028700D10C76 /* DateFormatterExtensionsTests.swift */; };
		227498492321040100D10C76 /* BundleExtensionsTests.swift in Sources */ = {isa = PBXBuildFile; fileRef = 227498482321040100D10C76 /* BundleExtensionsTests.swift */; };
		2274984C2321098B00D10C76 /* PCBaseClientExtensionsTests.swift in Sources */ = {isa = PBXBuildFile; fileRef = 2274984B2321098B00D10C76 /* PCBaseClientExtensionsTests.swift */; };
		2274984E23210D6500D10C76 /* PPSDKInfoExtensionsTests.swift in Sources */ = {isa = PBXBuildFile; fileRef = 2274984D23210D6500D10C76 /* PPSDKInfoExtensionsTests.swift */; };
		22749855232146EA00D10C76 /* ServiceNameTests.swift in Sources */ = {isa = PBXBuildFile; fileRef = 22749854232146EA00D10C76 /* ServiceNameTests.swift */; };
		22749857232147AD00D10C76 /* ServiceVersionTests.swift in Sources */ = {isa = PBXBuildFile; fileRef = 22749856232147AD00D10C76 /* ServiceVersionTests.swift */; };
		2274985B232148E700D10C76 /* EventNameTests.swift in Sources */ = {isa = PBXBuildFile; fileRef = 2274985A232148E700D10C76 /* EventNameTests.swift */; };
		2274985D2321494300D10C76 /* EventKeyTests.swift in Sources */ = {isa = PBXBuildFile; fileRef = 2274985C2321494300D10C76 /* EventKeyTests.swift */; };
		2274985F232152BE00D10C76 /* EventTests.swift in Sources */ = {isa = PBXBuildFile; fileRef = 2274985E232152BE00D10C76 /* EventTests.swift */; };
		2274986223215F5800D10C76 /* ModularEventParserTests.swift in Sources */ = {isa = PBXBuildFile; fileRef = 2274986123215F5800D10C76 /* ModularEventParserTests.swift */; };
		227498642321639600D10C76 /* TestEventParser.swift in Sources */ = {isa = PBXBuildFile; fileRef = 227498632321639600D10C76 /* TestEventParser.swift */; };
		227B83FC230E9D7C00921E0D /* MessagePartTests.swift in Sources */ = {isa = PBXBuildFile; fileRef = 227B83FB230E9D7C00921E0D /* MessagePartTests.swift */; };
		227B83FE230EAA4800921E0D /* PresenceStateTests.swift in Sources */ = {isa = PBXBuildFile; fileRef = 227B83FD230EAA4800921E0D /* PresenceStateTests.swift */; };
		227B8403230EAC7900921E0D /* UserTests.swift in Sources */ = {isa = PBXBuildFile; fileRef = 227B8402230EAC7900921E0D /* UserTests.swift */; };
		227B8405230ECA7400921E0D /* RoomTests.swift in Sources */ = {isa = PBXBuildFile; fileRef = 227B8404230ECA7400921E0D /* RoomTests.swift */; };
		227B8407230ED76400921E0D /* StoreTests.swift in Sources */ = {isa = PBXBuildFile; fileRef = 227B8406230ED76400921E0D /* StoreTests.swift */; };
		227B840A230EE6C900921E0D /* MetadataSerializerTests.swift in Sources */ = {isa = PBXBuildFile; fileRef = 227B8409230EE6C900921E0D /* MetadataSerializerTests.swift */; };
		227E946D231FBDAB0025B691 /* chat-initial_state.json in Resources */ = {isa = PBXBuildFile; fileRef = 227E946C231FBDAB0025B691 /* chat-initial_state.json */; };
		227E946F231FC5950025B691 /* XCTest+Networking.swift in Sources */ = {isa = PBXBuildFile; fileRef = 227E946E231FC5950025B691 /* XCTest+Networking.swift */; };
		227E947223200DBD0025B691 /* ModularEventParser.swift in Sources */ = {isa = PBXBuildFile; fileRef = 227E947123200DBD0025B691 /* ModularEventParser.swift */; };
		228865D1233BCA6B0044BCD8 /* TestDataFactory.swift in Sources */ = {isa = PBXBuildFile; fileRef = 228865D0233BCA6B0044BCD8 /* TestDataFactory.swift */; };
		228AD276232675D400AB280B /* NetworkingControllerTests.swift in Sources */ = {isa = PBXBuildFile; fileRef = 228AD275232675D400AB280B /* NetworkingControllerTests.swift */; };
		228E1D69230D87660014B1A9 /* IdentifiableTests.swift in Sources */ = {isa = PBXBuildFile; fileRef = 228E1D68230D87660014B1A9 /* IdentifiableTests.swift */; };
		228E1D6D230D9FDC0014B1A9 /* MessageTests.swift in Sources */ = {isa = PBXBuildFile; fileRef = 228E1D6C230D9FDC0014B1A9 /* MessageTests.swift */; };
		229093DA22F1DDB4003DDE2C /* PusherChatkit.h in Headers */ = {isa = PBXBuildFile; fileRef = 229093D822F1DDB4003DDE2C /* PusherChatkit.h */; settings = {ATTRIBUTES = (Public, ); }; };
		229656FB232FCE920016DA7C /* MessageProvider.swift in Sources */ = {isa = PBXBuildFile; fileRef = 229656FA232FCE920016DA7C /* MessageProvider.swift */; };
		229A6C8E230BE6F0002997CF /* MessageEntity+Identifiable.swift in Sources */ = {isa = PBXBuildFile; fileRef = 229A6C8D230BE6F0002997CF /* MessageEntity+Identifiable.swift */; };
		229A6C90230BE744002997CF /* UserEntity+Identifiable.swift in Sources */ = {isa = PBXBuildFile; fileRef = 229A6C8F230BE744002997CF /* UserEntity+Identifiable.swift */; };
		229A6C92230BE74D002997CF /* RoomEntity+Identifiable.swift in Sources */ = {isa = PBXBuildFile; fileRef = 229A6C91230BE74D002997CF /* RoomEntity+Identifiable.swift */; };
		22C499C723323F7700DA061F /* FetchedResultsController.swift in Sources */ = {isa = PBXBuildFile; fileRef = 22C499C623323F7700DA061F /* FetchedResultsController.swift */; };
		22C5F3ED2306B06E009A7383 /* SnapshotError.swift in Sources */ = {isa = PBXBuildFile; fileRef = 22C5F3EC2306B06E009A7383 /* SnapshotError.swift */; };
		22C5F3EF2306B08C009A7383 /* MessagePart.swift in Sources */ = {isa = PBXBuildFile; fileRef = 22C5F3EE2306B08C009A7383 /* MessagePart.swift */; };
		22C5F3F32306B9F3009A7383 /* InlinePartEntity+Snapshotable.swift in Sources */ = {isa = PBXBuildFile; fileRef = 22C5F3F22306B9F3009A7383 /* InlinePartEntity+Snapshotable.swift */; };
		22C5F3F52306B9F9009A7383 /* URLPartEntity+Snapshotable.swift in Sources */ = {isa = PBXBuildFile; fileRef = 22C5F3F42306B9F9009A7383 /* URLPartEntity+Snapshotable.swift */; };
		22C5F3F72306B9FE009A7383 /* AttachmentPartEntity+Snapshotable.swift in Sources */ = {isa = PBXBuildFile; fileRef = 22C5F3F62306B9FE009A7383 /* AttachmentPartEntity+Snapshotable.swift */; };
		22C5F3FA2306BDE8009A7383 /* MetadataSerializer.swift in Sources */ = {isa = PBXBuildFile; fileRef = 22C5F3F92306BDE8009A7383 /* MetadataSerializer.swift */; };
		22C5F3FF2306C7AB009A7383 /* PresenceState.swift in Sources */ = {isa = PBXBuildFile; fileRef = 22C5F3FE2306C7AB009A7383 /* PresenceState.swift */; };
		22CEBB4F22FC5499005CB021 /* Model.xcdatamodeld in Sources */ = {isa = PBXBuildFile; fileRef = 22CEBB4D22FC5499005CB021 /* Model.xcdatamodeld */; };
		22CEBB5522FC6F37005CB021 /* Types.swift in Sources */ = {isa = PBXBuildFile; fileRef = 22CEBB5422FC6F37005CB021 /* Types.swift */; };
		22D2A2D2231961060095757C /* PPSDKInfo+Extensions.swift in Sources */ = {isa = PBXBuildFile; fileRef = 22D2A2D1231961060095757C /* PPSDKInfo+Extensions.swift */; };
		22D2A2D5231963C70095757C /* Bundle+Extensions.swift in Sources */ = {isa = PBXBuildFile; fileRef = 22D2A2D4231963C70095757C /* Bundle+Extensions.swift */; };
		22D2A2D823196B9F0095757C /* PCBaseClient+Extensions.swift in Sources */ = {isa = PBXBuildFile; fileRef = 22D2A2D723196B9F0095757C /* PCBaseClient+Extensions.swift */; };
		22D2A2DB23196FDE0095757C /* NetworkingError.swift in Sources */ = {isa = PBXBuildFile; fileRef = 22D2A2DA23196FDE0095757C /* NetworkingError.swift */; };
		22D2A2E1231978010095757C /* ServiceName.swift in Sources */ = {isa = PBXBuildFile; fileRef = 22D2A2E0231978010095757C /* ServiceName.swift */; };
		22D2A2E32319780F0095757C /* ServiceVersion.swift in Sources */ = {isa = PBXBuildFile; fileRef = 22D2A2E22319780F0095757C /* ServiceVersion.swift */; };
		22D2A2E523197AD50095757C /* Service.swift in Sources */ = {isa = PBXBuildFile; fileRef = 22D2A2E423197AD50095757C /* Service.swift */; };
		22D2A2E723197B620095757C /* ChatService.swift in Sources */ = {isa = PBXBuildFile; fileRef = 22D2A2E623197B620095757C /* ChatService.swift */; };
		22D2A2EA23197E7F0095757C /* ConnectionStatus.swift in Sources */ = {isa = PBXBuildFile; fileRef = 22D2A2E923197E7F0095757C /* ConnectionStatus.swift */; };
		22D2A2EF2319BA520095757C /* DataProvider.swift in Sources */ = {isa = PBXBuildFile; fileRef = 22D2A2EE2319BA520095757C /* DataProvider.swift */; };
		22D537CA2302BCE800A92341 /* LagacyRoomProvider.swift in Sources */ = {isa = PBXBuildFile; fileRef = 22D537C92302BCE800A92341 /* LagacyRoomProvider.swift */; };
		22D537CD2302BDD700A92341 /* Store.swift in Sources */ = {isa = PBXBuildFile; fileRef = 22D537CC2302BDD700A92341 /* Store.swift */; };
		22D537CF2302C62C00A92341 /* Snapshotable.swift in Sources */ = {isa = PBXBuildFile; fileRef = 22D537CE2302C62C00A92341 /* Snapshotable.swift */; };
		22D537D12302CA9600A92341 /* Model.swift in Sources */ = {isa = PBXBuildFile; fileRef = 22D537D02302CA9600A92341 /* Model.swift */; };
		22D537D52302D25B00A92341 /* Room.swift in Sources */ = {isa = PBXBuildFile; fileRef = 22D537D42302D25B00A92341 /* Room.swift */; };
		22D537D72302D2CE00A92341 /* User.swift in Sources */ = {isa = PBXBuildFile; fileRef = 22D537D62302D2CE00A92341 /* User.swift */; };
		22D537D92302D2EB00A92341 /* Message.swift in Sources */ = {isa = PBXBuildFile; fileRef = 22D537D82302D2EB00A92341 /* Message.swift */; };
		22D537DD2302E19C00A92341 /* RoomEntity+Snapshotable.swift in Sources */ = {isa = PBXBuildFile; fileRef = 22D537DC2302E19C00A92341 /* RoomEntity+Snapshotable.swift */; };
		22D537E22302F27200A92341 /* UserEntity+Snapshotable.swift in Sources */ = {isa = PBXBuildFile; fileRef = 22D537E12302F27200A92341 /* UserEntity+Snapshotable.swift */; };
		22D537E42302F2D200A92341 /* LegacyUserProvider.swift in Sources */ = {isa = PBXBuildFile; fileRef = 22D537E32302F2D200A92341 /* LegacyUserProvider.swift */; };
		22D537E62302F57600A92341 /* MessageEntity+Snapshotable.swift in Sources */ = {isa = PBXBuildFile; fileRef = 22D537E52302F57600A92341 /* MessageEntity+Snapshotable.swift */; };
		22D537E82302F57D00A92341 /* LagacyMessageProvider.swift in Sources */ = {isa = PBXBuildFile; fileRef = 22D537E72302F57D00A92341 /* LagacyMessageProvider.swift */; };
		22D777432322B6B0009773D0 /* ChatServiceTests.swift in Sources */ = {isa = PBXBuildFile; fileRef = 22D777422322B6B0009773D0 /* ChatServiceTests.swift */; };
		22DACBEC233138D900573D12 /* MessageEntityFactory.swift in Sources */ = {isa = PBXBuildFile; fileRef = 22DACBEB233138D900573D12 /* MessageEntityFactory.swift */; };
		22EDCB7B231D0FA300419C75 /* Event.swift in Sources */ = {isa = PBXBuildFile; fileRef = 22EDCB7A231D0FA300419C75 /* Event.swift */; };
		22EDCB80231D2D6D00419C75 /* NetworkingController.swift in Sources */ = {isa = PBXBuildFile; fileRef = 22EDCB7F231D2D6D00419C75 /* NetworkingController.swift */; };
		22EDCB84231D6C6000419C75 /* EventParser.swift in Sources */ = {isa = PBXBuildFile; fileRef = 22EDCB83231D6C6000419C75 /* EventParser.swift */; };
		22EDCB87231D762A00419C75 /* ChatEventParser.swift in Sources */ = {isa = PBXBuildFile; fileRef = 22EDCB86231D762A00419C75 /* ChatEventParser.swift */; };
		22FC1127233E42CA0013A9D7 /* RoomEntityFactory.swift in Sources */ = {isa = PBXBuildFile; fileRef = 22FC1126233E42CA0013A9D7 /* RoomEntityFactory.swift */; };
		22FC1129233E42F70013A9D7 /* RoomFactory.swift in Sources */ = {isa = PBXBuildFile; fileRef = 22FC1128233E42F70013A9D7 /* RoomFactory.swift */; };
		22FC112B233E50030013A9D7 /* UserFactory.swift in Sources */ = {isa = PBXBuildFile; fileRef = 22FC112A233E50030013A9D7 /* UserFactory.swift */; };
		22FC112D233E50FB0013A9D7 /* UserProvider.swift in Sources */ = {isa = PBXBuildFile; fileRef = 22FC112C233E50FB0013A9D7 /* UserProvider.swift */; };
/* End PBXBuildFile section */

/* Begin PBXContainerItemProxy section */
		224B803E22F1E009003CB8DC /* PBXContainerItemProxy */ = {
			isa = PBXContainerItemProxy;
			containerPortal = 229093CC22F1DDB4003DDE2C /* Project object */;
			proxyType = 1;
			remoteGlobalIDString = 229093D422F1DDB4003DDE2C;
			remoteInfo = Chatkit;
		};
		224B804D22F1E028003CB8DC /* PBXContainerItemProxy */ = {
			isa = PBXContainerItemProxy;
			containerPortal = 229093CC22F1DDB4003DDE2C /* Project object */;
			proxyType = 1;
			remoteGlobalIDString = 229093D422F1DDB4003DDE2C;
			remoteInfo = Chatkit;
		};
/* End PBXContainerItemProxy section */

/* Begin PBXFileReference section */
		2200BB92231E727000BF9545 /* DateFormatter+Extensions.swift */ = {isa = PBXFileReference; lastKnownFileType = sourcecode.swift; path = "DateFormatter+Extensions.swift"; sourceTree = "<group>"; };
		2200BB96231EA5C200BF9545 /* TestLogger.swift */ = {isa = PBXFileReference; lastKnownFileType = sourcecode.swift; path = TestLogger.swift; sourceTree = "<group>"; };
		2207CE9E233CE4DE00D85E52 /* UserEntityFactory.swift */ = {isa = PBXFileReference; lastKnownFileType = sourcecode.swift; path = UserEntityFactory.swift; sourceTree = "<group>"; };
		2207CEA1233D010300D85E52 /* RoomListProvider.swift */ = {isa = PBXFileReference; lastKnownFileType = sourcecode.swift; path = RoomListProvider.swift; sourceTree = "<group>"; };
		222576862305488D00FAFAEC /* CursorEntity+CoreDataProperties.swift */ = {isa = PBXFileReference; fileEncoding = 4; lastKnownFileType = sourcecode.swift; path = "CursorEntity+CoreDataProperties.swift"; sourceTree = "<group>"; };
		222576882305488E00FAFAEC /* AttachmentPartEntity+CoreDataProperties.swift */ = {isa = PBXFileReference; fileEncoding = 4; lastKnownFileType = sourcecode.swift; path = "AttachmentPartEntity+CoreDataProperties.swift"; sourceTree = "<group>"; };
		222576892305488E00FAFAEC /* CursorEntity+CoreDataClass.swift */ = {isa = PBXFileReference; fileEncoding = 4; lastKnownFileType = sourcecode.swift; path = "CursorEntity+CoreDataClass.swift"; sourceTree = "<group>"; };
		2225768B2305488E00FAFAEC /* InlinePartEntity+CoreDataClass.swift */ = {isa = PBXFileReference; fileEncoding = 4; lastKnownFileType = sourcecode.swift; path = "InlinePartEntity+CoreDataClass.swift"; sourceTree = "<group>"; };
		2225768C2305488E00FAFAEC /* MessageEntity+CoreDataProperties.swift */ = {isa = PBXFileReference; fileEncoding = 4; lastKnownFileType = sourcecode.swift; path = "MessageEntity+CoreDataProperties.swift"; sourceTree = "<group>"; };
		2225768D2305488E00FAFAEC /* MessageEntity+CoreDataClass.swift */ = {isa = PBXFileReference; fileEncoding = 4; lastKnownFileType = sourcecode.swift; path = "MessageEntity+CoreDataClass.swift"; sourceTree = "<group>"; };
		2225768E2305488E00FAFAEC /* InlinePartEntity+CoreDataProperties.swift */ = {isa = PBXFileReference; fileEncoding = 4; lastKnownFileType = sourcecode.swift; path = "InlinePartEntity+CoreDataProperties.swift"; sourceTree = "<group>"; };
		222576902305488E00FAFAEC /* URLPartEntity+CoreDataClass.swift */ = {isa = PBXFileReference; fileEncoding = 4; lastKnownFileType = sourcecode.swift; path = "URLPartEntity+CoreDataClass.swift"; sourceTree = "<group>"; };
		222576912305488E00FAFAEC /* AttachmentPartEntity+CoreDataClass.swift */ = {isa = PBXFileReference; fileEncoding = 4; lastKnownFileType = sourcecode.swift; path = "AttachmentPartEntity+CoreDataClass.swift"; sourceTree = "<group>"; };
		222576922305488E00FAFAEC /* PartEntity+CoreDataClass.swift */ = {isa = PBXFileReference; fileEncoding = 4; lastKnownFileType = sourcecode.swift; path = "PartEntity+CoreDataClass.swift"; sourceTree = "<group>"; };
		222576932305488E00FAFAEC /* URLPartEntity+CoreDataProperties.swift */ = {isa = PBXFileReference; fileEncoding = 4; lastKnownFileType = sourcecode.swift; path = "URLPartEntity+CoreDataProperties.swift"; sourceTree = "<group>"; };
		222576952305488E00FAFAEC /* PartEntity+CoreDataProperties.swift */ = {isa = PBXFileReference; fileEncoding = 4; lastKnownFileType = sourcecode.swift; path = "PartEntity+CoreDataProperties.swift"; sourceTree = "<group>"; };
		222576AE23055E1900FAFAEC /* UserEntity+CoreDataClass.swift */ = {isa = PBXFileReference; fileEncoding = 4; lastKnownFileType = sourcecode.swift; path = "UserEntity+CoreDataClass.swift"; sourceTree = "<group>"; };
		222576AF23055E1900FAFAEC /* RoomEntity+CoreDataProperties.swift */ = {isa = PBXFileReference; fileEncoding = 4; lastKnownFileType = sourcecode.swift; path = "RoomEntity+CoreDataProperties.swift"; sourceTree = "<group>"; };
		222576B023055E1900FAFAEC /* UserEntity+CoreDataProperties.swift */ = {isa = PBXFileReference; fileEncoding = 4; lastKnownFileType = sourcecode.swift; path = "UserEntity+CoreDataProperties.swift"; sourceTree = "<group>"; };
		222576B123055E1900FAFAEC /* RoomEntity+CoreDataClass.swift */ = {isa = PBXFileReference; fileEncoding = 4; lastKnownFileType = sourcecode.swift; path = "RoomEntity+CoreDataClass.swift"; sourceTree = "<group>"; };
		223CE9CB23225264008AD5AA /* ChatEventParserTests.swift */ = {isa = PBXFileReference; lastKnownFileType = sourcecode.swift; path = ChatEventParserTests.swift; sourceTree = "<group>"; };
		223EDDBD23266C6500C72891 /* TestServiceDelegate.swift */ = {isa = PBXFileReference; lastKnownFileType = sourcecode.swift; path = TestServiceDelegate.swift; sourceTree = "<group>"; };
		2244FC2E22F2FBD900FE8D50 /* TestTokenProvider.swift */ = {isa = PBXFileReference; lastKnownFileType = sourcecode.swift; path = TestTokenProvider.swift; sourceTree = "<group>"; };
		224B803822F1E009003CB8DC /* Unit Tests.xctest */ = {isa = PBXFileReference; explicitFileType = wrapper.cfbundle; includeInIndex = 0; path = "Unit Tests.xctest"; sourceTree = BUILT_PRODUCTS_DIR; };
		224B803C22F1E009003CB8DC /* Info.plist */ = {isa = PBXFileReference; lastKnownFileType = text.plist.xml; path = Info.plist; sourceTree = "<group>"; };
		224B804722F1E028003CB8DC /* Integration Tests.xctest */ = {isa = PBXFileReference; explicitFileType = wrapper.cfbundle; includeInIndex = 0; path = "Integration Tests.xctest"; sourceTree = BUILT_PRODUCTS_DIR; };
		224B804B22F1E028003CB8DC /* Info.plist */ = {isa = PBXFileReference; lastKnownFileType = text.plist.xml; path = Info.plist; sourceTree = "<group>"; };
		224B805822F2DADC003CB8DC /* Chatkit.swift */ = {isa = PBXFileReference; lastKnownFileType = sourcecode.swift; path = Chatkit.swift; sourceTree = "<group>"; };
		224B805B22F2E0CE003CB8DC /* ChatkitTests.swift */ = {isa = PBXFileReference; lastKnownFileType = sourcecode.swift; path = ChatkitTests.swift; sourceTree = "<group>"; };
		224E33BF230B07C2005168E3 /* Identifiable.swift */ = {isa = PBXFileReference; lastKnownFileType = sourcecode.swift; path = Identifiable.swift; sourceTree = "<group>"; };
		226EA0BF233A541900B04C15 /* JoinedRoomListProvider.swift */ = {isa = PBXFileReference; lastKnownFileType = sourcecode.swift; path = JoinedRoomListProvider.swift; sourceTree = "<group>"; };
		227498462321028700D10C76 /* DateFormatterExtensionsTests.swift */ = {isa = PBXFileReference; lastKnownFileType = sourcecode.swift; path = DateFormatterExtensionsTests.swift; sourceTree = "<group>"; };
		227498482321040100D10C76 /* BundleExtensionsTests.swift */ = {isa = PBXFileReference; lastKnownFileType = sourcecode.swift; path = BundleExtensionsTests.swift; sourceTree = "<group>"; };
		2274984B2321098B00D10C76 /* PCBaseClientExtensionsTests.swift */ = {isa = PBXFileReference; lastKnownFileType = sourcecode.swift; path = PCBaseClientExtensionsTests.swift; sourceTree = "<group>"; };
		2274984D23210D6500D10C76 /* PPSDKInfoExtensionsTests.swift */ = {isa = PBXFileReference; lastKnownFileType = sourcecode.swift; path = PPSDKInfoExtensionsTests.swift; sourceTree = "<group>"; };
		22749854232146EA00D10C76 /* ServiceNameTests.swift */ = {isa = PBXFileReference; lastKnownFileType = sourcecode.swift; path = ServiceNameTests.swift; sourceTree = "<group>"; };
		22749856232147AD00D10C76 /* ServiceVersionTests.swift */ = {isa = PBXFileReference; lastKnownFileType = sourcecode.swift; path = ServiceVersionTests.swift; sourceTree = "<group>"; };
		2274985A232148E700D10C76 /* EventNameTests.swift */ = {isa = PBXFileReference; lastKnownFileType = sourcecode.swift; path = EventNameTests.swift; sourceTree = "<group>"; };
		2274985C2321494300D10C76 /* EventKeyTests.swift */ = {isa = PBXFileReference; lastKnownFileType = sourcecode.swift; path = EventKeyTests.swift; sourceTree = "<group>"; };
		2274985E232152BE00D10C76 /* EventTests.swift */ = {isa = PBXFileReference; lastKnownFileType = sourcecode.swift; path = EventTests.swift; sourceTree = "<group>"; };
		2274986123215F5800D10C76 /* ModularEventParserTests.swift */ = {isa = PBXFileReference; lastKnownFileType = sourcecode.swift; path = ModularEventParserTests.swift; sourceTree = "<group>"; };
		227498632321639600D10C76 /* TestEventParser.swift */ = {isa = PBXFileReference; lastKnownFileType = sourcecode.swift; path = TestEventParser.swift; sourceTree = "<group>"; };
		227B83FB230E9D7C00921E0D /* MessagePartTests.swift */ = {isa = PBXFileReference; lastKnownFileType = sourcecode.swift; path = MessagePartTests.swift; sourceTree = "<group>"; };
		227B83FD230EAA4800921E0D /* PresenceStateTests.swift */ = {isa = PBXFileReference; lastKnownFileType = sourcecode.swift; path = PresenceStateTests.swift; sourceTree = "<group>"; };
		227B8402230EAC7900921E0D /* UserTests.swift */ = {isa = PBXFileReference; lastKnownFileType = sourcecode.swift; path = UserTests.swift; sourceTree = "<group>"; };
		227B8404230ECA7400921E0D /* RoomTests.swift */ = {isa = PBXFileReference; lastKnownFileType = sourcecode.swift; path = RoomTests.swift; sourceTree = "<group>"; };
		227B8406230ED76400921E0D /* StoreTests.swift */ = {isa = PBXFileReference; lastKnownFileType = sourcecode.swift; path = StoreTests.swift; sourceTree = "<group>"; };
		227B8409230EE6C900921E0D /* MetadataSerializerTests.swift */ = {isa = PBXFileReference; lastKnownFileType = sourcecode.swift; path = MetadataSerializerTests.swift; sourceTree = "<group>"; };
		227E946C231FBDAB0025B691 /* chat-initial_state.json */ = {isa = PBXFileReference; fileEncoding = 4; lastKnownFileType = text.json; path = "chat-initial_state.json"; sourceTree = "<group>"; };
		227E946E231FC5950025B691 /* XCTest+Networking.swift */ = {isa = PBXFileReference; lastKnownFileType = sourcecode.swift; path = "XCTest+Networking.swift"; sourceTree = "<group>"; };
		227E947123200DBD0025B691 /* ModularEventParser.swift */ = {isa = PBXFileReference; lastKnownFileType = sourcecode.swift; path = ModularEventParser.swift; sourceTree = "<group>"; };
		228865D0233BCA6B0044BCD8 /* TestDataFactory.swift */ = {isa = PBXFileReference; lastKnownFileType = sourcecode.swift; path = TestDataFactory.swift; sourceTree = "<group>"; };
		228AD275232675D400AB280B /* NetworkingControllerTests.swift */ = {isa = PBXFileReference; lastKnownFileType = sourcecode.swift; path = NetworkingControllerTests.swift; sourceTree = "<group>"; };
		228E1D68230D87660014B1A9 /* IdentifiableTests.swift */ = {isa = PBXFileReference; lastKnownFileType = sourcecode.swift; path = IdentifiableTests.swift; sourceTree = "<group>"; };
		228E1D6C230D9FDC0014B1A9 /* MessageTests.swift */ = {isa = PBXFileReference; lastKnownFileType = sourcecode.swift; path = MessageTests.swift; sourceTree = "<group>"; };
		229093D522F1DDB4003DDE2C /* PusherChatkit.framework */ = {isa = PBXFileReference; explicitFileType = wrapper.framework; includeInIndex = 0; path = PusherChatkit.framework; sourceTree = BUILT_PRODUCTS_DIR; };
		229093D822F1DDB4003DDE2C /* PusherChatkit.h */ = {isa = PBXFileReference; lastKnownFileType = sourcecode.c.h; path = PusherChatkit.h; sourceTree = "<group>"; };
		229093D922F1DDB4003DDE2C /* Info.plist */ = {isa = PBXFileReference; lastKnownFileType = text.plist.xml; path = Info.plist; sourceTree = "<group>"; };
		229656FA232FCE920016DA7C /* MessageProvider.swift */ = {isa = PBXFileReference; lastKnownFileType = sourcecode.swift; path = MessageProvider.swift; sourceTree = "<group>"; };
		229A6C8D230BE6F0002997CF /* MessageEntity+Identifiable.swift */ = {isa = PBXFileReference; lastKnownFileType = sourcecode.swift; path = "MessageEntity+Identifiable.swift"; sourceTree = "<group>"; };
		229A6C8F230BE744002997CF /* UserEntity+Identifiable.swift */ = {isa = PBXFileReference; lastKnownFileType = sourcecode.swift; path = "UserEntity+Identifiable.swift"; sourceTree = "<group>"; };
		229A6C91230BE74D002997CF /* RoomEntity+Identifiable.swift */ = {isa = PBXFileReference; lastKnownFileType = sourcecode.swift; path = "RoomEntity+Identifiable.swift"; sourceTree = "<group>"; };
		22C499C623323F7700DA061F /* FetchedResultsController.swift */ = {isa = PBXFileReference; lastKnownFileType = sourcecode.swift; path = FetchedResultsController.swift; sourceTree = "<group>"; };
		22C5F3EC2306B06E009A7383 /* SnapshotError.swift */ = {isa = PBXFileReference; lastKnownFileType = sourcecode.swift; path = SnapshotError.swift; sourceTree = "<group>"; };
		22C5F3EE2306B08C009A7383 /* MessagePart.swift */ = {isa = PBXFileReference; lastKnownFileType = sourcecode.swift; path = MessagePart.swift; sourceTree = "<group>"; };
		22C5F3F22306B9F3009A7383 /* InlinePartEntity+Snapshotable.swift */ = {isa = PBXFileReference; lastKnownFileType = sourcecode.swift; path = "InlinePartEntity+Snapshotable.swift"; sourceTree = "<group>"; };
		22C5F3F42306B9F9009A7383 /* URLPartEntity+Snapshotable.swift */ = {isa = PBXFileReference; lastKnownFileType = sourcecode.swift; path = "URLPartEntity+Snapshotable.swift"; sourceTree = "<group>"; };
		22C5F3F62306B9FE009A7383 /* AttachmentPartEntity+Snapshotable.swift */ = {isa = PBXFileReference; lastKnownFileType = sourcecode.swift; path = "AttachmentPartEntity+Snapshotable.swift"; sourceTree = "<group>"; };
		22C5F3F92306BDE8009A7383 /* MetadataSerializer.swift */ = {isa = PBXFileReference; lastKnownFileType = sourcecode.swift; path = MetadataSerializer.swift; sourceTree = "<group>"; };
		22C5F3FE2306C7AB009A7383 /* PresenceState.swift */ = {isa = PBXFileReference; fileEncoding = 4; lastKnownFileType = sourcecode.swift; path = PresenceState.swift; sourceTree = "<group>"; };
		22CEBB4E22FC5499005CB021 /* Model.xcdatamodel */ = {isa = PBXFileReference; lastKnownFileType = wrapper.xcdatamodel; path = Model.xcdatamodel; sourceTree = "<group>"; };
		22CEBB5422FC6F37005CB021 /* Types.swift */ = {isa = PBXFileReference; lastKnownFileType = sourcecode.swift; path = Types.swift; sourceTree = "<group>"; };
		22D2A2D1231961060095757C /* PPSDKInfo+Extensions.swift */ = {isa = PBXFileReference; lastKnownFileType = sourcecode.swift; path = "PPSDKInfo+Extensions.swift"; sourceTree = "<group>"; };
		22D2A2D4231963C70095757C /* Bundle+Extensions.swift */ = {isa = PBXFileReference; lastKnownFileType = sourcecode.swift; path = "Bundle+Extensions.swift"; sourceTree = "<group>"; };
		22D2A2D723196B9F0095757C /* PCBaseClient+Extensions.swift */ = {isa = PBXFileReference; lastKnownFileType = sourcecode.swift; path = "PCBaseClient+Extensions.swift"; sourceTree = "<group>"; };
		22D2A2DA23196FDE0095757C /* NetworkingError.swift */ = {isa = PBXFileReference; lastKnownFileType = sourcecode.swift; path = NetworkingError.swift; sourceTree = "<group>"; };
		22D2A2E0231978010095757C /* ServiceName.swift */ = {isa = PBXFileReference; lastKnownFileType = sourcecode.swift; path = ServiceName.swift; sourceTree = "<group>"; };
		22D2A2E22319780F0095757C /* ServiceVersion.swift */ = {isa = PBXFileReference; lastKnownFileType = sourcecode.swift; path = ServiceVersion.swift; sourceTree = "<group>"; };
		22D2A2E423197AD50095757C /* Service.swift */ = {isa = PBXFileReference; lastKnownFileType = sourcecode.swift; path = Service.swift; sourceTree = "<group>"; };
		22D2A2E623197B620095757C /* ChatService.swift */ = {isa = PBXFileReference; lastKnownFileType = sourcecode.swift; path = ChatService.swift; sourceTree = "<group>"; };
		22D2A2E923197E7F0095757C /* ConnectionStatus.swift */ = {isa = PBXFileReference; lastKnownFileType = sourcecode.swift; path = ConnectionStatus.swift; sourceTree = "<group>"; };
		22D2A2EB2319B60E0095757C /* TestTokenProvider.swift */ = {isa = PBXFileReference; fileEncoding = 4; lastKnownFileType = sourcecode.swift; path = TestTokenProvider.swift; sourceTree = "<group>"; };
		22D2A2EE2319BA520095757C /* DataProvider.swift */ = {isa = PBXFileReference; lastKnownFileType = sourcecode.swift; path = DataProvider.swift; sourceTree = "<group>"; };
		22D537C92302BCE800A92341 /* LagacyRoomProvider.swift */ = {isa = PBXFileReference; lastKnownFileType = sourcecode.swift; path = LagacyRoomProvider.swift; sourceTree = "<group>"; };
		22D537CC2302BDD700A92341 /* Store.swift */ = {isa = PBXFileReference; lastKnownFileType = sourcecode.swift; path = Store.swift; sourceTree = "<group>"; };
		22D537CE2302C62C00A92341 /* Snapshotable.swift */ = {isa = PBXFileReference; lastKnownFileType = sourcecode.swift; path = Snapshotable.swift; sourceTree = "<group>"; };
		22D537D02302CA9600A92341 /* Model.swift */ = {isa = PBXFileReference; lastKnownFileType = sourcecode.swift; path = Model.swift; sourceTree = "<group>"; };
		22D537D42302D25B00A92341 /* Room.swift */ = {isa = PBXFileReference; lastKnownFileType = sourcecode.swift; path = Room.swift; sourceTree = "<group>"; };
		22D537D62302D2CE00A92341 /* User.swift */ = {isa = PBXFileReference; lastKnownFileType = sourcecode.swift; path = User.swift; sourceTree = "<group>"; };
		22D537D82302D2EB00A92341 /* Message.swift */ = {isa = PBXFileReference; lastKnownFileType = sourcecode.swift; path = Message.swift; sourceTree = "<group>"; };
		22D537DC2302E19C00A92341 /* RoomEntity+Snapshotable.swift */ = {isa = PBXFileReference; lastKnownFileType = sourcecode.swift; path = "RoomEntity+Snapshotable.swift"; sourceTree = "<group>"; };
		22D537E12302F27200A92341 /* UserEntity+Snapshotable.swift */ = {isa = PBXFileReference; lastKnownFileType = sourcecode.swift; path = "UserEntity+Snapshotable.swift"; sourceTree = "<group>"; };
		22D537E32302F2D200A92341 /* LegacyUserProvider.swift */ = {isa = PBXFileReference; lastKnownFileType = sourcecode.swift; path = LegacyUserProvider.swift; sourceTree = "<group>"; };
		22D537E52302F57600A92341 /* MessageEntity+Snapshotable.swift */ = {isa = PBXFileReference; lastKnownFileType = sourcecode.swift; path = "MessageEntity+Snapshotable.swift"; sourceTree = "<group>"; };
		22D537E72302F57D00A92341 /* LagacyMessageProvider.swift */ = {isa = PBXFileReference; lastKnownFileType = sourcecode.swift; path = LagacyMessageProvider.swift; sourceTree = "<group>"; };
		22D777422322B6B0009773D0 /* ChatServiceTests.swift */ = {isa = PBXFileReference; lastKnownFileType = sourcecode.swift; path = ChatServiceTests.swift; sourceTree = "<group>"; };
		22DACBEB233138D900573D12 /* MessageEntityFactory.swift */ = {isa = PBXFileReference; lastKnownFileType = sourcecode.swift; path = MessageEntityFactory.swift; sourceTree = "<group>"; };
		22EDCB7A231D0FA300419C75 /* Event.swift */ = {isa = PBXFileReference; lastKnownFileType = sourcecode.swift; path = Event.swift; sourceTree = "<group>"; };
		22EDCB7F231D2D6D00419C75 /* NetworkingController.swift */ = {isa = PBXFileReference; lastKnownFileType = sourcecode.swift; path = NetworkingController.swift; sourceTree = "<group>"; };
		22EDCB83231D6C6000419C75 /* EventParser.swift */ = {isa = PBXFileReference; lastKnownFileType = sourcecode.swift; path = EventParser.swift; sourceTree = "<group>"; };
		22EDCB86231D762A00419C75 /* ChatEventParser.swift */ = {isa = PBXFileReference; lastKnownFileType = sourcecode.swift; path = ChatEventParser.swift; sourceTree = "<group>"; };
		22FC1126233E42CA0013A9D7 /* RoomEntityFactory.swift */ = {isa = PBXFileReference; fileEncoding = 4; lastKnownFileType = sourcecode.swift; path = RoomEntityFactory.swift; sourceTree = "<group>"; };
		22FC1128233E42F70013A9D7 /* RoomFactory.swift */ = {isa = PBXFileReference; lastKnownFileType = sourcecode.swift; path = RoomFactory.swift; sourceTree = "<group>"; };
		22FC112A233E50030013A9D7 /* UserFactory.swift */ = {isa = PBXFileReference; lastKnownFileType = sourcecode.swift; path = UserFactory.swift; sourceTree = "<group>"; };
		22FC112C233E50FB0013A9D7 /* UserProvider.swift */ = {isa = PBXFileReference; lastKnownFileType = sourcecode.swift; path = UserProvider.swift; sourceTree = "<group>"; };
/* End PBXFileReference section */

/* Begin PBXFrameworksBuildPhase section */
		224B803522F1E009003CB8DC /* Frameworks */ = {
			isa = PBXFrameworksBuildPhase;
			buildActionMask = 2147483647;
			files = (
				224B803D22F1E009003CB8DC /* PusherChatkit.framework in Frameworks */,
			);
			runOnlyForDeploymentPostprocessing = 0;
		};
		224B804422F1E028003CB8DC /* Frameworks */ = {
			isa = PBXFrameworksBuildPhase;
			buildActionMask = 2147483647;
			files = (
				224B804C22F1E028003CB8DC /* PusherChatkit.framework in Frameworks */,
			);
			runOnlyForDeploymentPostprocessing = 0;
		};
		229093D222F1DDB4003DDE2C /* Frameworks */ = {
			isa = PBXFrameworksBuildPhase;
			buildActionMask = 2147483647;
			files = (
			);
			runOnlyForDeploymentPostprocessing = 0;
		};
/* End PBXFrameworksBuildPhase section */

/* Begin PBXGroup section */
		2200BB8D231E600400BF9545 /* Helpers */ = {
			isa = PBXGroup;
			children = (
				22D2A2EB2319B60E0095757C /* TestTokenProvider.swift */,
			);
			path = Helpers;
			sourceTree = "<group>";
		};
		2244FC2D22F2FBC600FE8D50 /* Helpers */ = {
			isa = PBXGroup;
			children = (
				227498632321639600D10C76 /* TestEventParser.swift */,
				2200BB96231EA5C200BF9545 /* TestLogger.swift */,
				223EDDBD23266C6500C72891 /* TestServiceDelegate.swift */,
				2244FC2E22F2FBD900FE8D50 /* TestTokenProvider.swift */,
				227E946E231FC5950025B691 /* XCTest+Networking.swift */,
			);
			path = Helpers;
			sourceTree = "<group>";
		};
		224B803922F1E009003CB8DC /* Unit Tests */ = {
			isa = PBXGroup;
			children = (
				2244FC2D22F2FBC600FE8D50 /* Helpers */,
				224B805322F1E15C003CB8DC /* Supporting Files */,
				224B805A22F2E0B1003CB8DC /* Tests */,
			);
			path = "Unit Tests";
			sourceTree = "<group>";
		};
		224B804822F1E028003CB8DC /* Integration Tests */ = {
			isa = PBXGroup;
			children = (
				2200BB8D231E600400BF9545 /* Helpers */,
				224B805422F1E163003CB8DC /* Supporting Files */,
			);
			path = "Integration Tests";
			sourceTree = "<group>";
		};
		224B805222F1E154003CB8DC /* Supporting Files */ = {
			isa = PBXGroup;
			children = (
				229093D822F1DDB4003DDE2C /* PusherChatkit.h */,
				229093D922F1DDB4003DDE2C /* Info.plist */,
			);
			path = "Supporting Files";
			sourceTree = "<group>";
		};
		224B805322F1E15C003CB8DC /* Supporting Files */ = {
			isa = PBXGroup;
			children = (
				227E946B231FBD420025B691 /* Stubs */,
				224B803C22F1E009003CB8DC /* Info.plist */,
			);
			path = "Supporting Files";
			sourceTree = "<group>";
		};
		224B805422F1E163003CB8DC /* Supporting Files */ = {
			isa = PBXGroup;
			children = (
				224B804B22F1E028003CB8DC /* Info.plist */,
			);
			path = "Supporting Files";
			sourceTree = "<group>";
		};
		224B805722F2DAD3003CB8DC /* Chatkit */ = {
			isa = PBXGroup;
			children = (
				224B805822F2DADC003CB8DC /* Chatkit.swift */,
			);
			path = Chatkit;
			sourceTree = "<group>";
		};
		224B805A22F2E0B1003CB8DC /* Tests */ = {
			isa = PBXGroup;
			children = (
				227B8400230EAC3200921E0D /* Chatkit */,
				227B8408230EE6B800921E0D /* Metadata */,
				227B83FF230EAC2A00921E0D /* Model */,
				2274984A232107F700D10C76 /* Networking */,
				227B8401230EAC3F00921E0D /* Store */,
				227498452321010300D10C76 /* Utilities */,
			);
			path = Tests;
			sourceTree = "<group>";
		};
		226EA0BD233A528B00B04C15 /* Lagacy */ = {
			isa = PBXGroup;
			children = (
				22D537E72302F57D00A92341 /* LagacyMessageProvider.swift */,
				22D537C92302BCE800A92341 /* LagacyRoomProvider.swift */,
				22D537E32302F2D200A92341 /* LegacyUserProvider.swift */,
			);
			path = Lagacy;
			sourceTree = "<group>";
		};
		227498452321010300D10C76 /* Utilities */ = {
			isa = PBXGroup;
			children = (
				227498482321040100D10C76 /* BundleExtensionsTests.swift */,
				227498462321028700D10C76 /* DateFormatterExtensionsTests.swift */,
			);
			path = Utilities;
			sourceTree = "<group>";
		};
		2274984A232107F700D10C76 /* Networking */ = {
			isa = PBXGroup;
			children = (
				22749851232146C700D10C76 /* Client */,
				228AD274232675C400AB280B /* Controller */,
				22749858232148CB00D10C76 /* Events */,
				22749850232146BE00D10C76 /* SDK Info */,
				22749852232146D900D10C76 /* Services */,
			);
			path = Networking;
			sourceTree = "<group>";
		};
		2274984F2321469100D10C76 /* Identifiable */ = {
			isa = PBXGroup;
			children = (
				228E1D68230D87660014B1A9 /* IdentifiableTests.swift */,
			);
			path = Identifiable;
			sourceTree = "<group>";
		};
		22749850232146BE00D10C76 /* SDK Info */ = {
			isa = PBXGroup;
			children = (
				2274984D23210D6500D10C76 /* PPSDKInfoExtensionsTests.swift */,
			);
			path = "SDK Info";
			sourceTree = "<group>";
		};
		22749851232146C700D10C76 /* Client */ = {
			isa = PBXGroup;
			children = (
				2274984B2321098B00D10C76 /* PCBaseClientExtensionsTests.swift */,
			);
			path = Client;
			sourceTree = "<group>";
		};
		22749852232146D900D10C76 /* Services */ = {
			isa = PBXGroup;
			children = (
				22749853232146DE00D10C76 /* Types */,
				22D777422322B6B0009773D0 /* ChatServiceTests.swift */,
			);
			path = Services;
			sourceTree = "<group>";
		};
		22749853232146DE00D10C76 /* Types */ = {
			isa = PBXGroup;
			children = (
				22749854232146EA00D10C76 /* ServiceNameTests.swift */,
				22749856232147AD00D10C76 /* ServiceVersionTests.swift */,
			);
			path = Types;
			sourceTree = "<group>";
		};
		22749858232148CB00D10C76 /* Events */ = {
			isa = PBXGroup;
			children = (
				2274986023215F4C00D10C76 /* Parsing */,
				22749859232148D800D10C76 /* Types */,
			);
			path = Events;
			sourceTree = "<group>";
		};
		22749859232148D800D10C76 /* Types */ = {
			isa = PBXGroup;
			children = (
				2274985C2321494300D10C76 /* EventKeyTests.swift */,
				2274985A232148E700D10C76 /* EventNameTests.swift */,
				2274985E232152BE00D10C76 /* EventTests.swift */,
			);
			path = Types;
			sourceTree = "<group>";
		};
		2274986023215F4C00D10C76 /* Parsing */ = {
			isa = PBXGroup;
			children = (
				223CE9CB23225264008AD5AA /* ChatEventParserTests.swift */,
				2274986123215F5800D10C76 /* ModularEventParserTests.swift */,
			);
			path = Parsing;
			sourceTree = "<group>";
		};
		227B83FF230EAC2A00921E0D /* Model */ = {
			isa = PBXGroup;
			children = (
				227B83FB230E9D7C00921E0D /* MessagePartTests.swift */,
				228E1D6C230D9FDC0014B1A9 /* MessageTests.swift */,
				227B83FD230EAA4800921E0D /* PresenceStateTests.swift */,
				227B8404230ECA7400921E0D /* RoomTests.swift */,
				227B8402230EAC7900921E0D /* UserTests.swift */,
			);
			path = Model;
			sourceTree = "<group>";
		};
		227B8400230EAC3200921E0D /* Chatkit */ = {
			isa = PBXGroup;
			children = (
				224B805B22F2E0CE003CB8DC /* ChatkitTests.swift */,
			);
			path = Chatkit;
			sourceTree = "<group>";
		};
		227B8401230EAC3F00921E0D /* Store */ = {
			isa = PBXGroup;
			children = (
				2274984F2321469100D10C76 /* Identifiable */,
				227B8406230ED76400921E0D /* StoreTests.swift */,
			);
			path = Store;
			sourceTree = "<group>";
		};
		227B8408230EE6B800921E0D /* Metadata */ = {
			isa = PBXGroup;
			children = (
				227B8409230EE6C900921E0D /* MetadataSerializerTests.swift */,
			);
			path = Metadata;
			sourceTree = "<group>";
		};
		227E946B231FBD420025B691 /* Stubs */ = {
			isa = PBXGroup;
			children = (
				227E9470231FC7750025B691 /* Chat */,
			);
			path = Stubs;
			sourceTree = "<group>";
		};
		227E9470231FC7750025B691 /* Chat */ = {
			isa = PBXGroup;
			children = (
				227E946C231FBDAB0025B691 /* chat-initial_state.json */,
			);
			path = Chat;
			sourceTree = "<group>";
		};
		228AD274232675C400AB280B /* Controller */ = {
			isa = PBXGroup;
			children = (
				228AD275232675D400AB280B /* NetworkingControllerTests.swift */,
			);
			path = Controller;
			sourceTree = "<group>";
		};
		229093CB22F1DDB4003DDE2C = {
			isa = PBXGroup;
			children = (
				229093D722F1DDB4003DDE2C /* Chatkit */,
				224B803922F1E009003CB8DC /* Unit Tests */,
				224B804822F1E028003CB8DC /* Integration Tests */,
				229093D622F1DDB4003DDE2C /* Products */,
			);
			sourceTree = "<group>";
		};
		229093D622F1DDB4003DDE2C /* Products */ = {
			isa = PBXGroup;
			children = (
				229093D522F1DDB4003DDE2C /* PusherChatkit.framework */,
				224B803822F1E009003CB8DC /* Unit Tests.xctest */,
				224B804722F1E028003CB8DC /* Integration Tests.xctest */,
			);
			name = Products;
			sourceTree = "<group>";
		};
		229093D722F1DDB4003DDE2C /* Chatkit */ = {
			isa = PBXGroup;
			children = (
				224B805722F2DAD3003CB8DC /* Chatkit */,
				22D537C82302BCD600A92341 /* Data Providers */,
				22C5F3F82306BD4D009A7383 /* Metadata */,
				22D537D22302D24200A92341 /* Model */,
				22D2A2CD231960770095757C /* Networking */,
				22CEBB4B22FC5484005CB021 /* Persistence */,
				22D537CB2302BDCD00A92341 /* Store */,
				224B805222F1E154003CB8DC /* Supporting Files */,
				229AEEEE23351DA300A5E159 /* Test Data */,
				22CEBB5322FC6F2B005CB021 /* Types */,
				22D2A2D3231963BC0095757C /* Utilities */,
			);
			path = Chatkit;
			sourceTree = "<group>";
		};
		229A6C8B230BE664002997CF /* Identifiable */ = {
			isa = PBXGroup;
			children = (
				229A6C8C230BE673002997CF /* Entities */,
				224E33BF230B07C2005168E3 /* Identifiable.swift */,
			);
			path = Identifiable;
			sourceTree = "<group>";
		};
		229A6C8C230BE673002997CF /* Entities */ = {
			isa = PBXGroup;
			children = (
				229A6C8D230BE6F0002997CF /* MessageEntity+Identifiable.swift */,
				229A6C91230BE74D002997CF /* RoomEntity+Identifiable.swift */,
				229A6C8F230BE744002997CF /* UserEntity+Identifiable.swift */,
			);
			path = Entities;
			sourceTree = "<group>";
		};
		229AEEEE23351DA300A5E159 /* Test Data */ = {
			isa = PBXGroup;
			children = (
				22DACBEB233138D900573D12 /* MessageEntityFactory.swift */,
				22FC1126233E42CA0013A9D7 /* RoomEntityFactory.swift */,
				22FC1128233E42F70013A9D7 /* RoomFactory.swift */,
				228865D0233BCA6B0044BCD8 /* TestDataFactory.swift */,
				2207CE9E233CE4DE00D85E52 /* UserEntityFactory.swift */,
				22FC112A233E50030013A9D7 /* UserFactory.swift */,
			);
			path = "Test Data";
			sourceTree = "<group>";
		};
		22C5F3EA2306B040009A7383 /* Error Handling */ = {
			isa = PBXGroup;
			children = (
				22C5F3EC2306B06E009A7383 /* SnapshotError.swift */,
			);
			path = "Error Handling";
			sourceTree = "<group>";
		};
		22C5F3EB2306B047009A7383 /* Entities */ = {
			isa = PBXGroup;
			children = (
				22C5F3F62306B9FE009A7383 /* AttachmentPartEntity+Snapshotable.swift */,
				22C5F3F22306B9F3009A7383 /* InlinePartEntity+Snapshotable.swift */,
				22D537E52302F57600A92341 /* MessageEntity+Snapshotable.swift */,
				22D537DC2302E19C00A92341 /* RoomEntity+Snapshotable.swift */,
				22C5F3F42306B9F9009A7383 /* URLPartEntity+Snapshotable.swift */,
				22D537E12302F27200A92341 /* UserEntity+Snapshotable.swift */,
			);
			path = Entities;
			sourceTree = "<group>";
		};
		22C5F3F82306BD4D009A7383 /* Metadata */ = {
			isa = PBXGroup;
			children = (
				22C5F3F92306BDE8009A7383 /* MetadataSerializer.swift */,
			);
			path = Metadata;
			sourceTree = "<group>";
		};
		22CEBB4B22FC5484005CB021 /* Persistence */ = {
			isa = PBXGroup;
			children = (
				22CEBB4C22FC5488005CB021 /* Model */,
				22D537DB2302E18700A92341 /* Snapshotable */,
			);
			path = Persistence;
			sourceTree = "<group>";
		};
		22CEBB4C22FC5488005CB021 /* Model */ = {
			isa = PBXGroup;
			children = (
				22D537ED23045FD300A92341 /* Entities */,
				22CEBB4D22FC5499005CB021 /* Model.xcdatamodeld */,
			);
			path = Model;
			sourceTree = "<group>";
		};
		22CEBB5322FC6F2B005CB021 /* Types */ = {
			isa = PBXGroup;
			children = (
				22CEBB5422FC6F37005CB021 /* Types.swift */,
			);
			path = Types;
			sourceTree = "<group>";
		};
		22D2A2CD231960770095757C /* Networking */ = {
			isa = PBXGroup;
			children = (
				22D2A2D623196B940095757C /* Client */,
				22D2A2E823197E6A0095757C /* Connection Status */,
				22EDCB7C231D2D4000419C75 /* Controller */,
				22D2A2D923196FC60095757C /* Error Handling */,
				22EDCB78231D0F8E00419C75 /* Events */,
				22D2A2CE231960820095757C /* SDK Info */,
				22D2A2DE231977DE0095757C /* Services */,
			);
			path = Networking;
			sourceTree = "<group>";
		};
		22D2A2CE231960820095757C /* SDK Info */ = {
			isa = PBXGroup;
			children = (
				22D2A2D1231961060095757C /* PPSDKInfo+Extensions.swift */,
			);
			path = "SDK Info";
			sourceTree = "<group>";
		};
		22D2A2D3231963BC0095757C /* Utilities */ = {
			isa = PBXGroup;
			children = (
				22D2A2D4231963C70095757C /* Bundle+Extensions.swift */,
				2200BB92231E727000BF9545 /* DateFormatter+Extensions.swift */,
			);
			path = Utilities;
			sourceTree = "<group>";
		};
		22D2A2D623196B940095757C /* Client */ = {
			isa = PBXGroup;
			children = (
				22D2A2D723196B9F0095757C /* PCBaseClient+Extensions.swift */,
			);
			path = Client;
			sourceTree = "<group>";
		};
		22D2A2D923196FC60095757C /* Error Handling */ = {
			isa = PBXGroup;
			children = (
				22D2A2DA23196FDE0095757C /* NetworkingError.swift */,
			);
			path = "Error Handling";
			sourceTree = "<group>";
		};
		22D2A2DE231977DE0095757C /* Services */ = {
			isa = PBXGroup;
			children = (
				22D2A2DF231977F20095757C /* Types */,
				22D2A2E623197B620095757C /* ChatService.swift */,
			);
			path = Services;
			sourceTree = "<group>";
		};
		22D2A2DF231977F20095757C /* Types */ = {
			isa = PBXGroup;
			children = (
				22D2A2E423197AD50095757C /* Service.swift */,
				22D2A2E0231978010095757C /* ServiceName.swift */,
				22D2A2E22319780F0095757C /* ServiceVersion.swift */,
			);
			path = Types;
			sourceTree = "<group>";
		};
		22D2A2E823197E6A0095757C /* Connection Status */ = {
			isa = PBXGroup;
			children = (
				22D2A2E923197E7F0095757C /* ConnectionStatus.swift */,
			);
			path = "Connection Status";
			sourceTree = "<group>";
		};
		22D2A2ED2319BA450095757C /* Types */ = {
			isa = PBXGroup;
			children = (
				22D2A2EE2319BA520095757C /* DataProvider.swift */,
			);
			path = Types;
			sourceTree = "<group>";
		};
		22D537C82302BCD600A92341 /* Data Providers */ = {
			isa = PBXGroup;
			children = (
				226EA0BD233A528B00B04C15 /* Lagacy */,
				22D2A2ED2319BA450095757C /* Types */,
				226EA0BF233A541900B04C15 /* JoinedRoomListProvider.swift */,
				229656FA232FCE920016DA7C /* MessageProvider.swift */,
				2207CEA1233D010300D85E52 /* RoomListProvider.swift */,
				22FC112C233E50FB0013A9D7 /* UserProvider.swift */,
			);
			path = "Data Providers";
			sourceTree = "<group>";
		};
		22D537CB2302BDCD00A92341 /* Store */ = {
			isa = PBXGroup;
			children = (
				229A6C8B230BE664002997CF /* Identifiable */,
				22D537CC2302BDD700A92341 /* Store.swift */,
				22C499C623323F7700DA061F /* FetchedResultsController.swift */,
			);
			path = Store;
			sourceTree = "<group>";
		};
		22D537D22302D24200A92341 /* Model */ = {
			isa = PBXGroup;
			children = (
				22D537D32302D25100A92341 /* Types */,
				22D537D82302D2EB00A92341 /* Message.swift */,
				22C5F3EE2306B08C009A7383 /* MessagePart.swift */,
				22C5F3FE2306C7AB009A7383 /* PresenceState.swift */,
				22D537D42302D25B00A92341 /* Room.swift */,
				22D537D62302D2CE00A92341 /* User.swift */,
			);
			path = Model;
			sourceTree = "<group>";
		};
		22D537D32302D25100A92341 /* Types */ = {
			isa = PBXGroup;
			children = (
				22D537D02302CA9600A92341 /* Model.swift */,
			);
			path = Types;
			sourceTree = "<group>";
		};
		22D537DB2302E18700A92341 /* Snapshotable */ = {
			isa = PBXGroup;
			children = (
				22C5F3EB2306B047009A7383 /* Entities */,
				22C5F3EA2306B040009A7383 /* Error Handling */,
				22D537CE2302C62C00A92341 /* Snapshotable.swift */,
			);
			path = Snapshotable;
			sourceTree = "<group>";
		};
		22D537ED23045FD300A92341 /* Entities */ = {
			isa = PBXGroup;
			children = (
				222576912305488E00FAFAEC /* AttachmentPartEntity+CoreDataClass.swift */,
				222576882305488E00FAFAEC /* AttachmentPartEntity+CoreDataProperties.swift */,
				222576892305488E00FAFAEC /* CursorEntity+CoreDataClass.swift */,
				222576862305488D00FAFAEC /* CursorEntity+CoreDataProperties.swift */,
				2225768B2305488E00FAFAEC /* InlinePartEntity+CoreDataClass.swift */,
				2225768E2305488E00FAFAEC /* InlinePartEntity+CoreDataProperties.swift */,
				2225768D2305488E00FAFAEC /* MessageEntity+CoreDataClass.swift */,
				2225768C2305488E00FAFAEC /* MessageEntity+CoreDataProperties.swift */,
				222576922305488E00FAFAEC /* PartEntity+CoreDataClass.swift */,
				222576952305488E00FAFAEC /* PartEntity+CoreDataProperties.swift */,
				222576B123055E1900FAFAEC /* RoomEntity+CoreDataClass.swift */,
				222576AF23055E1900FAFAEC /* RoomEntity+CoreDataProperties.swift */,
				222576902305488E00FAFAEC /* URLPartEntity+CoreDataClass.swift */,
				222576932305488E00FAFAEC /* URLPartEntity+CoreDataProperties.swift */,
				222576AE23055E1900FAFAEC /* UserEntity+CoreDataClass.swift */,
				222576B023055E1900FAFAEC /* UserEntity+CoreDataProperties.swift */,
			);
			path = Entities;
			sourceTree = "<group>";
		};
		22EDCB78231D0F8E00419C75 /* Events */ = {
			isa = PBXGroup;
			children = (
				22EDCB82231D6C4F00419C75 /* Parsing */,
				22EDCB81231D6C4A00419C75 /* Types */,
			);
			path = Events;
			sourceTree = "<group>";
		};
		22EDCB7C231D2D4000419C75 /* Controller */ = {
			isa = PBXGroup;
			children = (
				22EDCB7F231D2D6D00419C75 /* NetworkingController.swift */,
			);
			path = Controller;
			sourceTree = "<group>";
		};
		22EDCB81231D6C4A00419C75 /* Types */ = {
			isa = PBXGroup;
			children = (
				22EDCB7A231D0FA300419C75 /* Event.swift */,
			);
			path = Types;
			sourceTree = "<group>";
		};
		22EDCB82231D6C4F00419C75 /* Parsing */ = {
			isa = PBXGroup;
			children = (
				22EDCB85231D741100419C75 /* Types */,
				22EDCB86231D762A00419C75 /* ChatEventParser.swift */,
				227E947123200DBD0025B691 /* ModularEventParser.swift */,
			);
			path = Parsing;
			sourceTree = "<group>";
		};
		22EDCB85231D741100419C75 /* Types */ = {
			isa = PBXGroup;
			children = (
				22EDCB83231D6C6000419C75 /* EventParser.swift */,
			);
			path = Types;
			sourceTree = "<group>";
		};
/* End PBXGroup section */

/* Begin PBXHeadersBuildPhase section */
		229093D022F1DDB4003DDE2C /* Headers */ = {
			isa = PBXHeadersBuildPhase;
			buildActionMask = 2147483647;
			files = (
				229093DA22F1DDB4003DDE2C /* PusherChatkit.h in Headers */,
			);
			runOnlyForDeploymentPostprocessing = 0;
		};
/* End PBXHeadersBuildPhase section */

/* Begin PBXNativeTarget section */
		224B803722F1E009003CB8DC /* Unit Tests */ = {
			isa = PBXNativeTarget;
			buildConfigurationList = 224B804222F1E009003CB8DC /* Build configuration list for PBXNativeTarget "Unit Tests" */;
			buildPhases = (
				224B803422F1E009003CB8DC /* Sources */,
				224B803522F1E009003CB8DC /* Frameworks */,
				224B803622F1E009003CB8DC /* Resources */,
				2244FC3022F2FE3600FE8D50 /* Copy Carthage Frameworks */,
			);
			buildRules = (
			);
			dependencies = (
				224B803F22F1E009003CB8DC /* PBXTargetDependency */,
			);
			name = "Unit Tests";
			productName = "Unit Tests";
			productReference = 224B803822F1E009003CB8DC /* Unit Tests.xctest */;
			productType = "com.apple.product-type.bundle.unit-test";
		};
		224B804622F1E028003CB8DC /* Integration Tests */ = {
			isa = PBXNativeTarget;
			buildConfigurationList = 224B804F22F1E028003CB8DC /* Build configuration list for PBXNativeTarget "Integration Tests" */;
			buildPhases = (
				224B804322F1E028003CB8DC /* Sources */,
				224B804422F1E028003CB8DC /* Frameworks */,
				224B804522F1E028003CB8DC /* Resources */,
				2244FC3122F2FE7F00FE8D50 /* Copy Carthage Frameworks */,
			);
			buildRules = (
			);
			dependencies = (
				224B804E22F1E028003CB8DC /* PBXTargetDependency */,
			);
			name = "Integration Tests";
			productName = "Integration Tests";
			productReference = 224B804722F1E028003CB8DC /* Integration Tests.xctest */;
			productType = "com.apple.product-type.bundle.unit-test";
		};
		229093D422F1DDB4003DDE2C /* Chatkit */ = {
			isa = PBXNativeTarget;
			buildConfigurationList = 229093DD22F1DDB4003DDE2C /* Build configuration list for PBXNativeTarget "Chatkit" */;
			buildPhases = (
				229093D022F1DDB4003DDE2C /* Headers */,
				229093D122F1DDB4003DDE2C /* Sources */,
				229093D222F1DDB4003DDE2C /* Frameworks */,
				229093D322F1DDB4003DDE2C /* Resources */,
			);
			buildRules = (
			);
			dependencies = (
			);
			name = Chatkit;
			productName = Chatkit;
			productReference = 229093D522F1DDB4003DDE2C /* PusherChatkit.framework */;
			productType = "com.apple.product-type.framework";
		};
/* End PBXNativeTarget section */

/* Begin PBXProject section */
		229093CC22F1DDB4003DDE2C /* Project object */ = {
			isa = PBXProject;
			attributes = {
				LastSwiftUpdateCheck = 1030;
				LastUpgradeCheck = 1030;
				ORGANIZATIONNAME = "Pusher Ltd.";
				TargetAttributes = {
					224B803722F1E009003CB8DC = {
						CreatedOnToolsVersion = 10.3;
						LastSwiftMigration = 1030;
					};
					224B804622F1E028003CB8DC = {
						CreatedOnToolsVersion = 10.3;
						LastSwiftMigration = 1030;
					};
					229093D422F1DDB4003DDE2C = {
						CreatedOnToolsVersion = 10.3;
						LastSwiftMigration = 1030;
					};
				};
			};
			buildConfigurationList = 229093CF22F1DDB4003DDE2C /* Build configuration list for PBXProject "Chatkit" */;
			compatibilityVersion = "Xcode 10.0";
			developmentRegion = en;
			hasScannedForEncodings = 0;
			knownRegions = (
				en,
			);
			mainGroup = 229093CB22F1DDB4003DDE2C;
			productRefGroup = 229093D622F1DDB4003DDE2C /* Products */;
			projectDirPath = "";
			projectRoot = "";
			targets = (
				229093D422F1DDB4003DDE2C /* Chatkit */,
				224B803722F1E009003CB8DC /* Unit Tests */,
				224B804622F1E028003CB8DC /* Integration Tests */,
			);
		};
/* End PBXProject section */

/* Begin PBXResourcesBuildPhase section */
		224B803622F1E009003CB8DC /* Resources */ = {
			isa = PBXResourcesBuildPhase;
			buildActionMask = 2147483647;
			files = (
				227E946D231FBDAB0025B691 /* chat-initial_state.json in Resources */,
			);
			runOnlyForDeploymentPostprocessing = 0;
		};
		224B804522F1E028003CB8DC /* Resources */ = {
			isa = PBXResourcesBuildPhase;
			buildActionMask = 2147483647;
			files = (
			);
			runOnlyForDeploymentPostprocessing = 0;
		};
		229093D322F1DDB4003DDE2C /* Resources */ = {
			isa = PBXResourcesBuildPhase;
			buildActionMask = 2147483647;
			files = (
			);
			runOnlyForDeploymentPostprocessing = 0;
		};
/* End PBXResourcesBuildPhase section */

/* Begin PBXShellScriptBuildPhase section */
		2244FC3022F2FE3600FE8D50 /* Copy Carthage Frameworks */ = {
			isa = PBXShellScriptBuildPhase;
			buildActionMask = 2147483647;
			files = (
			);
			inputFileListPaths = (
			);
			inputPaths = (
				PusherPlatform,
				Mockingjay,
			);
			name = "Copy Carthage Frameworks";
			outputFileListPaths = (
			);
			outputPaths = (
			);
			runOnlyForDeploymentPostprocessing = 0;
			shellPath = /bin/sh;
			shellScript = "case \"$PLATFORM_NAME\" in\nmacosx) plat=Mac;;\niphone*) plat=iOS;;\nwatch*) plat=watchOS;;\ntv*) plat=tvOS;;\nappletv*) plat=tvOS;;\n*) echo \"error: Unknown PLATFORM_NAME: $PLATFORM_NAME\"; exit 1;;\nesac\n\nif [[ $plat != \"tvOS\" ]] && [[ $plat != \"watchOS\" ]]\nthen\nexport SCRIPT_INPUT_FILE_$SCRIPT_INPUT_FILE_COUNT=\"PushNotifications\"\nexport SCRIPT_INPUT_FILE_COUNT=$(($SCRIPT_INPUT_FILE_COUNT+1))\nfi\n\nfor (( n = 0; n < SCRIPT_INPUT_FILE_COUNT; n++ )); do\nVAR=SCRIPT_INPUT_FILE_$n\nframework=$(basename \"${!VAR}\")\nexport SCRIPT_INPUT_FILE_$n=\"$SRCROOT\"/Carthage/Build/$plat/\"$framework\".framework\ndone\n\n/usr/local/bin/carthage copy-frameworks || exit\n\nfor (( n = 0; n < SCRIPT_INPUT_FILE_COUNT; n++ )); do\nVAR=SCRIPT_INPUT_FILE_$n\nsource=${!VAR}.dSYM\ndest=${BUILT_PRODUCTS_DIR}/$(basename \"$source\")\nditto \"$source\" \"$dest\" || exit\ndone\n";
		};
		2244FC3122F2FE7F00FE8D50 /* Copy Carthage Frameworks */ = {
			isa = PBXShellScriptBuildPhase;
			buildActionMask = 2147483647;
			files = (
			);
			inputFileListPaths = (
			);
			inputPaths = (
				PusherPlatform,
			);
			name = "Copy Carthage Frameworks";
			outputFileListPaths = (
			);
			outputPaths = (
			);
			runOnlyForDeploymentPostprocessing = 0;
			shellPath = /bin/sh;
			shellScript = "case \"$PLATFORM_NAME\" in\nmacosx) plat=Mac;;\niphone*) plat=iOS;;\nwatch*) plat=watchOS;;\ntv*) plat=tvOS;;\nappletv*) plat=tvOS;;\n*) echo \"error: Unknown PLATFORM_NAME: $PLATFORM_NAME\"; exit 1;;\nesac\n\nif [[ $plat != \"tvOS\" ]] && [[ $plat != \"watchOS\" ]]\nthen\nexport SCRIPT_INPUT_FILE_$SCRIPT_INPUT_FILE_COUNT=\"PushNotifications\"\nexport SCRIPT_INPUT_FILE_COUNT=$(($SCRIPT_INPUT_FILE_COUNT+1))\nfi\n\nfor (( n = 0; n < SCRIPT_INPUT_FILE_COUNT; n++ )); do\nVAR=SCRIPT_INPUT_FILE_$n\nframework=$(basename \"${!VAR}\")\nexport SCRIPT_INPUT_FILE_$n=\"$SRCROOT\"/Carthage/Build/$plat/\"$framework\".framework\ndone\n\n/usr/local/bin/carthage copy-frameworks || exit\n\nfor (( n = 0; n < SCRIPT_INPUT_FILE_COUNT; n++ )); do\nVAR=SCRIPT_INPUT_FILE_$n\nsource=${!VAR}.dSYM\ndest=${BUILT_PRODUCTS_DIR}/$(basename \"$source\")\nditto \"$source\" \"$dest\" || exit\ndone\n";
		};
/* End PBXShellScriptBuildPhase section */

/* Begin PBXSourcesBuildPhase section */
		224B803422F1E009003CB8DC /* Sources */ = {
			isa = PBXSourcesBuildPhase;
			buildActionMask = 2147483647;
			files = (
				2274985D2321494300D10C76 /* EventKeyTests.swift in Sources */,
				227B83FC230E9D7C00921E0D /* MessagePartTests.swift in Sources */,
				2200BB97231EA5C200BF9545 /* TestLogger.swift in Sources */,
				2244FC2F22F2FBD900FE8D50 /* TestTokenProvider.swift in Sources */,
				223EDDBE23266C6500C72891 /* TestServiceDelegate.swift in Sources */,
				227498492321040100D10C76 /* BundleExtensionsTests.swift in Sources */,
				227B8405230ECA7400921E0D /* RoomTests.swift in Sources */,
				228E1D6D230D9FDC0014B1A9 /* MessageTests.swift in Sources */,
				223CE9CC23225264008AD5AA /* ChatEventParserTests.swift in Sources */,
				227E946F231FC5950025B691 /* XCTest+Networking.swift in Sources */,
				227B8403230EAC7900921E0D /* UserTests.swift in Sources */,
				224B805C22F2E0CE003CB8DC /* ChatkitTests.swift in Sources */,
				2274986223215F5800D10C76 /* ModularEventParserTests.swift in Sources */,
				2274985F232152BE00D10C76 /* EventTests.swift in Sources */,
				227498642321639600D10C76 /* TestEventParser.swift in Sources */,
				2274985B232148E700D10C76 /* EventNameTests.swift in Sources */,
				22749855232146EA00D10C76 /* ServiceNameTests.swift in Sources */,
				227B83FE230EAA4800921E0D /* PresenceStateTests.swift in Sources */,
				228AD276232675D400AB280B /* NetworkingControllerTests.swift in Sources */,
				2274984E23210D6500D10C76 /* PPSDKInfoExtensionsTests.swift in Sources */,
				228E1D69230D87660014B1A9 /* IdentifiableTests.swift in Sources */,
				227498472321028700D10C76 /* DateFormatterExtensionsTests.swift in Sources */,
				22749857232147AD00D10C76 /* ServiceVersionTests.swift in Sources */,
				22D777432322B6B0009773D0 /* ChatServiceTests.swift in Sources */,
				227B8407230ED76400921E0D /* StoreTests.swift in Sources */,
				227B840A230EE6C900921E0D /* MetadataSerializerTests.swift in Sources */,
				2274984C2321098B00D10C76 /* PCBaseClientExtensionsTests.swift in Sources */,
			);
			runOnlyForDeploymentPostprocessing = 0;
		};
		224B804322F1E028003CB8DC /* Sources */ = {
			isa = PBXSourcesBuildPhase;
			buildActionMask = 2147483647;
			files = (
				2200BB8E231E601600BF9545 /* TestTokenProvider.swift in Sources */,
			);
			runOnlyForDeploymentPostprocessing = 0;
		};
		229093D122F1DDB4003DDE2C /* Sources */ = {
			isa = PBXSourcesBuildPhase;
			buildActionMask = 2147483647;
			files = (
				228865D1233BCA6B0044BCD8 /* TestDataFactory.swift in Sources */,
				22D537E62302F57600A92341 /* MessageEntity+Snapshotable.swift in Sources */,
				222576A22305488E00FAFAEC /* PartEntity+CoreDataClass.swift in Sources */,
				22D537D12302CA9600A92341 /* Model.swift in Sources */,
				2225769D2305488E00FAFAEC /* MessageEntity+CoreDataClass.swift in Sources */,
				22C5F3F72306B9FE009A7383 /* AttachmentPartEntity+Snapshotable.swift in Sources */,
				22D2A2D2231961060095757C /* PPSDKInfo+Extensions.swift in Sources */,
				22D2A2EF2319BA520095757C /* DataProvider.swift in Sources */,
				2207CE9F233CE4DE00D85E52 /* UserEntityFactory.swift in Sources */,
				22D537DD2302E19C00A92341 /* RoomEntity+Snapshotable.swift in Sources */,
				22DACBEC233138D900573D12 /* MessageEntityFactory.swift in Sources */,
				22D537CD2302BDD700A92341 /* Store.swift in Sources */,
				2225769B2305488E00FAFAEC /* InlinePartEntity+CoreDataClass.swift in Sources */,
				227E947223200DBD0025B691 /* ModularEventParser.swift in Sources */,
				222576A32305488E00FAFAEC /* URLPartEntity+CoreDataProperties.swift in Sources */,
				226EA0C0233A541900B04C15 /* JoinedRoomListProvider.swift in Sources */,
				22C5F3ED2306B06E009A7383 /* SnapshotError.swift in Sources */,
				22FC112D233E50FB0013A9D7 /* UserProvider.swift in Sources */,
				22D2A2E523197AD50095757C /* Service.swift in Sources */,
				222576982305488E00FAFAEC /* AttachmentPartEntity+CoreDataProperties.swift in Sources */,
				222576A02305488E00FAFAEC /* URLPartEntity+CoreDataClass.swift in Sources */,
				22D2A2E723197B620095757C /* ChatService.swift in Sources */,
				22FC1129233E42F70013A9D7 /* RoomFactory.swift in Sources */,
				22D2A2E1231978010095757C /* ServiceName.swift in Sources */,
				22EDCB80231D2D6D00419C75 /* NetworkingController.swift in Sources */,
				2207CEA2233D010300D85E52 /* RoomListProvider.swift in Sources */,
				22D537D52302D25B00A92341 /* Room.swift in Sources */,
				22EDCB84231D6C6000419C75 /* EventParser.swift in Sources */,
				2200BB93231E727000BF9545 /* DateFormatter+Extensions.swift in Sources */,
				22CEBB5522FC6F37005CB021 /* Types.swift in Sources */,
				22FC1127233E42CA0013A9D7 /* RoomEntityFactory.swift in Sources */,
				22D2A2EA23197E7F0095757C /* ConnectionStatus.swift in Sources */,
				229A6C8E230BE6F0002997CF /* MessageEntity+Identifiable.swift in Sources */,
				229A6C92230BE74D002997CF /* RoomEntity+Identifiable.swift in Sources */,
				222576A12305488E00FAFAEC /* AttachmentPartEntity+CoreDataClass.swift in Sources */,
				222576B423055E1900FAFAEC /* UserEntity+CoreDataProperties.swift in Sources */,
				222576962305488E00FAFAEC /* CursorEntity+CoreDataProperties.swift in Sources */,
				22D2A2D823196B9F0095757C /* PCBaseClient+Extensions.swift in Sources */,
				2225769C2305488E00FAFAEC /* MessageEntity+CoreDataProperties.swift in Sources */,
				22C499C723323F7700DA061F /* FetchedResultsController.swift in Sources */,
				22FC112B233E50030013A9D7 /* UserFactory.swift in Sources */,
				22C5F3F52306B9F9009A7383 /* URLPartEntity+Snapshotable.swift in Sources */,
				22D2A2E32319780F0095757C /* ServiceVersion.swift in Sources */,
				222576992305488E00FAFAEC /* CursorEntity+CoreDataClass.swift in Sources */,
				22D2A2D5231963C70095757C /* Bundle+Extensions.swift in Sources */,
				222576B323055E1900FAFAEC /* RoomEntity+CoreDataProperties.swift in Sources */,
				224B805922F2DADC003CB8DC /* Chatkit.swift in Sources */,
				22EDCB7B231D0FA300419C75 /* Event.swift in Sources */,
				22C5F3FA2306BDE8009A7383 /* MetadataSerializer.swift in Sources */,
				224E33C0230B07C2005168E3 /* Identifiable.swift in Sources */,
				229A6C90230BE744002997CF /* UserEntity+Identifiable.swift in Sources */,
				22D537E42302F2D200A92341 /* LegacyUserProvider.swift in Sources */,
				222576A52305488E00FAFAEC /* PartEntity+CoreDataProperties.swift in Sources */,
				222576B523055E1900FAFAEC /* RoomEntity+CoreDataClass.swift in Sources */,
				229656FB232FCE920016DA7C /* MessageProvider.swift in Sources */,
				22D537D72302D2CE00A92341 /* User.swift in Sources */,
				22C5F3F32306B9F3009A7383 /* InlinePartEntity+Snapshotable.swift in Sources */,
				22D537E22302F27200A92341 /* UserEntity+Snapshotable.swift in Sources */,
				222576B223055E1900FAFAEC /* UserEntity+CoreDataClass.swift in Sources */,
				22D537CA2302BCE800A92341 /* LagacyRoomProvider.swift in Sources */,
				2225769E2305488E00FAFAEC /* InlinePartEntity+CoreDataProperties.swift in Sources */,
				22D537D92302D2EB00A92341 /* Message.swift in Sources */,
				22D537CF2302C62C00A92341 /* Snapshotable.swift in Sources */,
				22D537E82302F57D00A92341 /* LagacyMessageProvider.swift in Sources */,
				22CEBB4F22FC5499005CB021 /* Model.xcdatamodeld in Sources */,
				22C5F3EF2306B08C009A7383 /* MessagePart.swift in Sources */,
				22C5F3FF2306C7AB009A7383 /* PresenceState.swift in Sources */,
				22D2A2DB23196FDE0095757C /* NetworkingError.swift in Sources */,
				22EDCB87231D762A00419C75 /* ChatEventParser.swift in Sources */,
			);
			runOnlyForDeploymentPostprocessing = 0;
		};
/* End PBXSourcesBuildPhase section */

/* Begin PBXTargetDependency section */
		224B803F22F1E009003CB8DC /* PBXTargetDependency */ = {
			isa = PBXTargetDependency;
			target = 229093D422F1DDB4003DDE2C /* Chatkit */;
			targetProxy = 224B803E22F1E009003CB8DC /* PBXContainerItemProxy */;
		};
		224B804E22F1E028003CB8DC /* PBXTargetDependency */ = {
			isa = PBXTargetDependency;
			target = 229093D422F1DDB4003DDE2C /* Chatkit */;
			targetProxy = 224B804D22F1E028003CB8DC /* PBXContainerItemProxy */;
		};
/* End PBXTargetDependency section */

/* Begin XCBuildConfiguration section */
		224B804022F1E009003CB8DC /* Debug */ = {
			isa = XCBuildConfiguration;
			buildSettings = {
				INFOPLIST_FILE = "Unit Tests/Supporting Files/Info.plist";
				PRODUCT_BUNDLE_IDENTIFIER = "com.pusher.chatkit.$(PRODUCT_NAME:rfc1034identifier)";
			};
			name = Debug;
		};
		224B804122F1E009003CB8DC /* Release */ = {
			isa = XCBuildConfiguration;
			buildSettings = {
				INFOPLIST_FILE = "Unit Tests/Supporting Files/Info.plist";
				PRODUCT_BUNDLE_IDENTIFIER = "com.pusher.chatkit.$(PRODUCT_NAME:rfc1034identifier)";
			};
			name = Release;
		};
		224B805022F1E028003CB8DC /* Debug */ = {
			isa = XCBuildConfiguration;
			buildSettings = {
				INFOPLIST_FILE = "Integration Tests/Supporting Files/Info.plist";
				PRODUCT_BUNDLE_IDENTIFIER = "com.pusher.chatkit.$(PRODUCT_NAME:rfc1034identifier)";
			};
			name = Debug;
		};
		224B805122F1E028003CB8DC /* Release */ = {
			isa = XCBuildConfiguration;
			buildSettings = {
				INFOPLIST_FILE = "Integration Tests/Supporting Files/Info.plist";
				PRODUCT_BUNDLE_IDENTIFIER = "com.pusher.chatkit.$(PRODUCT_NAME:rfc1034identifier)";
			};
			name = Release;
		};
		229093DB22F1DDB4003DDE2C /* Debug */ = {
			isa = XCBuildConfiguration;
			buildSettings = {
				ALWAYS_SEARCH_USER_PATHS = NO;
				CLANG_ANALYZER_LOCALIZABILITY_NONLOCALIZED = YES;
				CLANG_ANALYZER_NONNULL = YES;
				CLANG_ANALYZER_NUMBER_OBJECT_CONVERSION = YES_AGGRESSIVE;
				CLANG_CXX_LANGUAGE_STANDARD = "gnu++14";
				CLANG_CXX_LIBRARY = "libc++";
				CLANG_ENABLE_MODULES = YES;
				CLANG_ENABLE_OBJC_ARC = YES;
				CLANG_ENABLE_OBJC_WEAK = YES;
				CLANG_WARN_BLOCK_CAPTURE_AUTORELEASING = YES;
				CLANG_WARN_BOOL_CONVERSION = YES;
				CLANG_WARN_COMMA = YES;
				CLANG_WARN_CONSTANT_CONVERSION = YES;
				CLANG_WARN_DEPRECATED_OBJC_IMPLEMENTATIONS = YES;
				CLANG_WARN_DIRECT_OBJC_ISA_USAGE = YES_ERROR;
				CLANG_WARN_DOCUMENTATION_COMMENTS = YES;
				CLANG_WARN_EMPTY_BODY = YES;
				CLANG_WARN_ENUM_CONVERSION = YES;
				CLANG_WARN_INFINITE_RECURSION = YES;
				CLANG_WARN_INT_CONVERSION = YES;
				CLANG_WARN_NON_LITERAL_NULL_CONVERSION = YES;
				CLANG_WARN_OBJC_IMPLICIT_RETAIN_SELF = YES;
				CLANG_WARN_OBJC_LITERAL_CONVERSION = YES;
				CLANG_WARN_OBJC_ROOT_CLASS = YES_ERROR;
				CLANG_WARN_RANGE_LOOP_ANALYSIS = YES;
				CLANG_WARN_STRICT_PROTOTYPES = YES;
				CLANG_WARN_SUSPICIOUS_MOVE = YES;
				CLANG_WARN_UNGUARDED_AVAILABILITY = YES_AGGRESSIVE;
				CLANG_WARN_UNREACHABLE_CODE = YES;
				CLANG_WARN__DUPLICATE_METHOD_MATCH = YES;
				COPY_PHASE_STRIP = NO;
				CURRENT_PROJECT_VERSION = 1;
				DEBUG_INFORMATION_FORMAT = dwarf;
				DEFINES_MODULE = YES;
				DEVELOPMENT_TEAM = H7FL434D9W;
				ENABLE_STRICT_OBJC_MSGSEND = YES;
				ENABLE_TESTABILITY = YES;
				"FRAMEWORK_SEARCH_PATHS[sdk=appletvos*]" = (
					"$(inherited)",
					"$(PROJECT_DIR)/Carthage/Build/tvOS",
				);
				"FRAMEWORK_SEARCH_PATHS[sdk=appletvsimulator*]" = (
					"$(inherited)",
					"$(PROJECT_DIR)/Carthage/Build/tvOS",
				);
				"FRAMEWORK_SEARCH_PATHS[sdk=iphoneos*]" = (
					"$(inherited)",
					"$(PROJECT_DIR)/Carthage/Build/iOS",
				);
				"FRAMEWORK_SEARCH_PATHS[sdk=iphonesimulator*]" = (
					"$(inherited)",
					"$(PROJECT_DIR)/Carthage/Build/iOS",
				);
				"FRAMEWORK_SEARCH_PATHS[sdk=macosx*]" = (
					"$(inherited)",
					"$(PROJECT_DIR)/Carthage/Build/Mac",
				);
				"FRAMEWORK_SEARCH_PATHS[sdk=watchos*]" = (
					"$(inherited)",
					"$(PROJECT_DIR)/Carthage/Build/watchOS",
				);
				"FRAMEWORK_SEARCH_PATHS[sdk=watchsimulator*]" = (
					"$(inherited)",
					"$(PROJECT_DIR)/Carthage/Build/watchOS",
				);
				GCC_C_LANGUAGE_STANDARD = gnu11;
				GCC_NO_COMMON_BLOCKS = YES;
				GCC_OPTIMIZATION_LEVEL = 0;
				GCC_PREPROCESSOR_DEFINITIONS = (
					"DEBUG=1",
					"$(inherited)",
				);
				GCC_WARN_64_TO_32_BIT_CONVERSION = YES;
				GCC_WARN_ABOUT_RETURN_TYPE = YES_ERROR;
				GCC_WARN_UNDECLARED_SELECTOR = YES;
				GCC_WARN_UNINITIALIZED_AUTOS = YES_AGGRESSIVE;
				GCC_WARN_UNUSED_FUNCTION = YES;
				GCC_WARN_UNUSED_VARIABLE = YES;
				IPHONEOS_DEPLOYMENT_TARGET = 10.0;
				LD_RUNPATH_SEARCH_PATHS = (
					"$(inherited)",
					"@executable_path/Frameworks",
					"@loader_path/Frameworks",
				);
				"LD_RUNPATH_SEARCH_PATHS[sdk=macosx*]" = (
					"$(inherited)",
					"@executable_path/../Frameworks",
					"@loader_path/../Frameworks",
				);
				MACOSX_DEPLOYMENT_TARGET = 10.12;
				MTL_ENABLE_DEBUG_INFO = INCLUDE_SOURCE;
				MTL_FAST_MATH = YES;
				ONLY_ACTIVE_ARCH = YES;
				PRODUCT_NAME = "$(TARGET_NAME)";
				SKIP_INSTALL = YES;
				SUPPORTED_PLATFORMS = "macosx iphoneos iphonesimulator appletvos appletvsimulator watchos watchsimulator";
				SWIFT_ACTIVE_COMPILATION_CONDITIONS = DEBUG;
				SWIFT_OPTIMIZATION_LEVEL = "-Onone";
				SWIFT_VERSION = 4.2;
				TVOS_DEPLOYMENT_TARGET = 10.0;
				VERSIONING_SYSTEM = "apple-generic";
				WATCHOS_DEPLOYMENT_TARGET = 3.0;
			};
			name = Debug;
		};
		229093DC22F1DDB4003DDE2C /* Release */ = {
			isa = XCBuildConfiguration;
			buildSettings = {
				ALWAYS_SEARCH_USER_PATHS = NO;
				CLANG_ANALYZER_LOCALIZABILITY_NONLOCALIZED = YES;
				CLANG_ANALYZER_NONNULL = YES;
				CLANG_ANALYZER_NUMBER_OBJECT_CONVERSION = YES_AGGRESSIVE;
				CLANG_CXX_LANGUAGE_STANDARD = "gnu++14";
				CLANG_CXX_LIBRARY = "libc++";
				CLANG_ENABLE_MODULES = YES;
				CLANG_ENABLE_OBJC_ARC = YES;
				CLANG_ENABLE_OBJC_WEAK = YES;
				CLANG_WARN_BLOCK_CAPTURE_AUTORELEASING = YES;
				CLANG_WARN_BOOL_CONVERSION = YES;
				CLANG_WARN_COMMA = YES;
				CLANG_WARN_CONSTANT_CONVERSION = YES;
				CLANG_WARN_DEPRECATED_OBJC_IMPLEMENTATIONS = YES;
				CLANG_WARN_DIRECT_OBJC_ISA_USAGE = YES_ERROR;
				CLANG_WARN_DOCUMENTATION_COMMENTS = YES;
				CLANG_WARN_EMPTY_BODY = YES;
				CLANG_WARN_ENUM_CONVERSION = YES;
				CLANG_WARN_INFINITE_RECURSION = YES;
				CLANG_WARN_INT_CONVERSION = YES;
				CLANG_WARN_NON_LITERAL_NULL_CONVERSION = YES;
				CLANG_WARN_OBJC_IMPLICIT_RETAIN_SELF = YES;
				CLANG_WARN_OBJC_LITERAL_CONVERSION = YES;
				CLANG_WARN_OBJC_ROOT_CLASS = YES_ERROR;
				CLANG_WARN_RANGE_LOOP_ANALYSIS = YES;
				CLANG_WARN_STRICT_PROTOTYPES = YES;
				CLANG_WARN_SUSPICIOUS_MOVE = YES;
				CLANG_WARN_UNGUARDED_AVAILABILITY = YES_AGGRESSIVE;
				CLANG_WARN_UNREACHABLE_CODE = YES;
				CLANG_WARN__DUPLICATE_METHOD_MATCH = YES;
				COPY_PHASE_STRIP = NO;
				CURRENT_PROJECT_VERSION = 1;
				DEBUG_INFORMATION_FORMAT = "dwarf-with-dsym";
				DEFINES_MODULE = YES;
				DEVELOPMENT_TEAM = H7FL434D9W;
				ENABLE_NS_ASSERTIONS = NO;
				ENABLE_STRICT_OBJC_MSGSEND = YES;
				"FRAMEWORK_SEARCH_PATHS[sdk=appletvos*]" = (
					"$(inherited)",
					"$(PROJECT_DIR)/Carthage/Build/tvOS",
				);
				"FRAMEWORK_SEARCH_PATHS[sdk=appletvsimulator*]" = (
					"$(inherited)",
					"$(PROJECT_DIR)/Carthage/Build/tvOS",
				);
				"FRAMEWORK_SEARCH_PATHS[sdk=iphoneos*]" = (
					"$(inherited)",
					"$(PROJECT_DIR)/Carthage/Build/iOS",
				);
				"FRAMEWORK_SEARCH_PATHS[sdk=iphonesimulator*]" = (
					"$(inherited)",
					"$(PROJECT_DIR)/Carthage/Build/iOS",
				);
				"FRAMEWORK_SEARCH_PATHS[sdk=macosx*]" = (
					"$(inherited)",
					"$(PROJECT_DIR)/Carthage/Build/Mac",
				);
				"FRAMEWORK_SEARCH_PATHS[sdk=watchos*]" = (
					"$(inherited)",
					"$(PROJECT_DIR)/Carthage/Build/watchOS",
				);
				"FRAMEWORK_SEARCH_PATHS[sdk=watchsimulator*]" = (
					"$(inherited)",
					"$(PROJECT_DIR)/Carthage/Build/watchOS",
				);
				GCC_C_LANGUAGE_STANDARD = gnu11;
				GCC_NO_COMMON_BLOCKS = YES;
				GCC_WARN_64_TO_32_BIT_CONVERSION = YES;
				GCC_WARN_ABOUT_RETURN_TYPE = YES_ERROR;
				GCC_WARN_UNDECLARED_SELECTOR = YES;
				GCC_WARN_UNINITIALIZED_AUTOS = YES_AGGRESSIVE;
				GCC_WARN_UNUSED_FUNCTION = YES;
				GCC_WARN_UNUSED_VARIABLE = YES;
				IPHONEOS_DEPLOYMENT_TARGET = 10.0;
				LD_RUNPATH_SEARCH_PATHS = (
					"$(inherited)",
					"@executable_path/Frameworks",
					"@loader_path/Frameworks",
				);
				"LD_RUNPATH_SEARCH_PATHS[sdk=macosx*]" = (
					"$(inherited)",
					"@executable_path/../Frameworks",
					"@loader_path/../Frameworks",
				);
				MACOSX_DEPLOYMENT_TARGET = 10.12;
				MTL_ENABLE_DEBUG_INFO = NO;
				MTL_FAST_MATH = YES;
				PRODUCT_NAME = "$(TARGET_NAME)";
				SKIP_INSTALL = YES;
				SUPPORTED_PLATFORMS = "macosx iphoneos iphonesimulator appletvos appletvsimulator watchos watchsimulator";
				SWIFT_COMPILATION_MODE = wholemodule;
				SWIFT_VERSION = 4.2;
				TVOS_DEPLOYMENT_TARGET = 10.0;
				VALIDATE_PRODUCT = YES;
				VERSIONING_SYSTEM = "apple-generic";
				WATCHOS_DEPLOYMENT_TARGET = 3.0;
			};
			name = Release;
		};
		229093DE22F1DDB4003DDE2C /* Debug */ = {
			isa = XCBuildConfiguration;
			buildSettings = {
				APPLICATION_EXTENSION_API_ONLY = YES;
				DYLIB_COMPATIBILITY_VERSION = 1;
				DYLIB_CURRENT_VERSION = 1;
				DYLIB_INSTALL_NAME_BASE = "@rpath";
				INFOPLIST_FILE = "Chatkit/Supporting Files/Info.plist";
				PRODUCT_BUNDLE_IDENTIFIER = com.pusher.chatkit;
				PRODUCT_NAME = PusherChatkit;
			};
			name = Debug;
		};
		229093DF22F1DDB4003DDE2C /* Release */ = {
			isa = XCBuildConfiguration;
			buildSettings = {
				APPLICATION_EXTENSION_API_ONLY = YES;
				DYLIB_COMPATIBILITY_VERSION = 1;
				DYLIB_CURRENT_VERSION = 1;
				DYLIB_INSTALL_NAME_BASE = "@rpath";
				INFOPLIST_FILE = "Chatkit/Supporting Files/Info.plist";
				PRODUCT_BUNDLE_IDENTIFIER = com.pusher.chatkit;
				PRODUCT_NAME = PusherChatkit;
			};
			name = Release;
		};
/* End XCBuildConfiguration section */

/* Begin XCConfigurationList section */
		224B804222F1E009003CB8DC /* Build configuration list for PBXNativeTarget "Unit Tests" */ = {
			isa = XCConfigurationList;
			buildConfigurations = (
				224B804022F1E009003CB8DC /* Debug */,
				224B804122F1E009003CB8DC /* Release */,
			);
			defaultConfigurationIsVisible = 0;
			defaultConfigurationName = Release;
		};
		224B804F22F1E028003CB8DC /* Build configuration list for PBXNativeTarget "Integration Tests" */ = {
			isa = XCConfigurationList;
			buildConfigurations = (
				224B805022F1E028003CB8DC /* Debug */,
				224B805122F1E028003CB8DC /* Release */,
			);
			defaultConfigurationIsVisible = 0;
			defaultConfigurationName = Release;
		};
		229093CF22F1DDB4003DDE2C /* Build configuration list for PBXProject "Chatkit" */ = {
			isa = XCConfigurationList;
			buildConfigurations = (
				229093DB22F1DDB4003DDE2C /* Debug */,
				229093DC22F1DDB4003DDE2C /* Release */,
			);
			defaultConfigurationIsVisible = 0;
			defaultConfigurationName = Release;
		};
		229093DD22F1DDB4003DDE2C /* Build configuration list for PBXNativeTarget "Chatkit" */ = {
			isa = XCConfigurationList;
			buildConfigurations = (
				229093DE22F1DDB4003DDE2C /* Debug */,
				229093DF22F1DDB4003DDE2C /* Release */,
			);
			defaultConfigurationIsVisible = 0;
			defaultConfigurationName = Release;
		};
/* End XCConfigurationList section */

/* Begin XCVersionGroup section */
		22CEBB4D22FC5499005CB021 /* Model.xcdatamodeld */ = {
			isa = XCVersionGroup;
			children = (
				22CEBB4E22FC5499005CB021 /* Model.xcdatamodel */,
			);
			currentVersion = 22CEBB4E22FC5499005CB021 /* Model.xcdatamodel */;
			path = Model.xcdatamodeld;
			sourceTree = "<group>";
			versionGroupType = wrapper.xcdatamodel;
		};
/* End XCVersionGroup section */
	};
	rootObject = 229093CC22F1DDB4003DDE2C /* Project object */;
}
