{
  "object": {
    "pins": [
      {
        "package": "PushNotifications",
        "repositoryURL": "https://github.com/pusher/push-notifications-swift.git",
        "state": {
          "branch": null,
          "revision": "cff2308b83ee27e4cfa25e191e103dfe6d6d18d2",
          "version": "3.0.4"
        }
      },
      {
        "package": "PusherPlatform",
        "repositoryURL": "https://github.com/pusher/pusher-platform-swift.git",
        "state": {
          "branch": "v1",
          "revision": "361d44d2750b44c76b645892df7261b1dbd9be00",
          "version": null
        }
      }
    ]
  },
  "version": 1
}
