// !$*UTF8*$!
{
	archiveVersion = 1;
	classes = {
	};
	objectVersion = 46;
	objects = {

/* Begin PBXBuildFile section */
		3301FDDA2046FD7400AE591A /* PusherChatkit.framework in Frameworks */ = {isa = PBXBuildFile; fileRef = 33831C891A9CF61600B124F1 /* PusherChatkit.framework */; };
		33023E23200CB4A4001937C6 /* PCAttachment.swift in Sources */ = {isa = PBXBuildFile; fileRef = 33023E22200CB4A4001937C6 /* PCAttachment.swift */; };
		33072A0720923BBC00E85E6B /* PCReadCursorDebouncerManager.swift in Sources */ = {isa = PBXBuildFile; fileRef = 33072A0620923BBC00E85E6B /* PCReadCursorDebouncerManager.swift */; };
		3314212F1ED32AE700D0B6DB /* PCProgressCounter.swift in Sources */ = {isa = PBXBuildFile; fileRef = 3314212E1ED32AE700D0B6DB /* PCProgressCounter.swift */; };
		331421311ED32B5F00D0B6DB /* PCBasicUser.swift in Sources */ = {isa = PBXBuildFile; fileRef = 331421301ED32B5F00D0B6DB /* PCBasicUser.swift */; };
		331421331ED33C1400D0B6DB /* PCTypingIndicatorManager.swift in Sources */ = {isa = PBXBuildFile; fileRef = 331421321ED33C1400D0B6DB /* PCTypingIndicatorManager.swift */; };
		331421351EDD8CDC00D0B6DB /* PCPresenceSubscription.swift in Sources */ = {isa = PBXBuildFile; fileRef = 331421341EDD8CDC00D0B6DB /* PCPresenceSubscription.swift */; };
		331421371EDDA91A00D0B6DB /* PCPresencePayload.swift in Sources */ = {isa = PBXBuildFile; fileRef = 331421361EDDA91A00D0B6DB /* PCPresencePayload.swift */; };
		331853B121060AA90070540C /* TestingDelegates.swift in Sources */ = {isa = PBXBuildFile; fileRef = 331853B021060AA90070540C /* TestingDelegates.swift */; };
		331F9BD91EBC80FA00C3F678 /* PCPayloadDeserializer.swift in Sources */ = {isa = PBXBuildFile; fileRef = 331F9BD81EBC80FA00C3F678 /* PCPayloadDeserializer.swift */; };
		3336C8151EE045FE005EB69A /* PCRoomUserStore.swift in Sources */ = {isa = PBXBuildFile; fileRef = 3336C8141EE045FE005EB69A /* PCRoomUserStore.swift */; };
		3336C8171EE046F0005EB69A /* PCUserStoreCore.swift in Sources */ = {isa = PBXBuildFile; fileRef = 3336C8161EE046F0005EB69A /* PCUserStoreCore.swift */; };
		333D861820F4A97200734402 /* CurrentUserTests.swift in Sources */ = {isa = PBXBuildFile; fileRef = 333D861720F4A97100734402 /* CurrentUserTests.swift */; };
		333F8EF120936F1200072799 /* PCDefaults.swift in Sources */ = {isa = PBXBuildFile; fileRef = 333F8EF020936F1200072799 /* PCDefaults.swift */; };
		334B9A2B1ECC9F7A007A3D3B /* PCGlobalUserStore.swift in Sources */ = {isa = PBXBuildFile; fileRef = 334B9A2A1ECC9F7A007A3D3B /* PCGlobalUserStore.swift */; };
		334B9A2D1ECCA16A007A3D3B /* PCRoomStore.swift in Sources */ = {isa = PBXBuildFile; fileRef = 334B9A2C1ECCA16A007A3D3B /* PCRoomStore.swift */; };
		334B9A311ECD98A7007A3D3B /* PCBasicMessage.swift in Sources */ = {isa = PBXBuildFile; fileRef = 334B9A301ECD98A7007A3D3B /* PCBasicMessage.swift */; };
		334B9A331ECD98FA007A3D3B /* PCBasicMessageEnricher.swift in Sources */ = {isa = PBXBuildFile; fileRef = 334B9A321ECD98FA007A3D3B /* PCBasicMessageEnricher.swift */; };
		335A9B59210B570700ACFC35 /* PCMembershipSubscription.swift in Sources */ = {isa = PBXBuildFile; fileRef = 335A9B58210B570700ACFC35 /* PCMembershipSubscription.swift */; };
		335AD5E6205828F7000D4D08 /* PCCursorStore.swift in Sources */ = {isa = PBXBuildFile; fileRef = 335AD5E5205828F6000D4D08 /* PCCursorStore.swift */; };
		335AD64E205982C1000D4D08 /* PCBasicCurrentUser.swift in Sources */ = {isa = PBXBuildFile; fileRef = 335AD64D205982C1000D4D08 /* PCBasicCurrentUser.swift */; };
		335AD8F8205C10AD000D4D08 /* PCMessageSubscription.swift in Sources */ = {isa = PBXBuildFile; fileRef = 335AD8F7205C10AD000D4D08 /* PCMessageSubscription.swift */; };
		3361E7C12028753100F50580 /* PCConnectionCoordinator.swift in Sources */ = {isa = PBXBuildFile; fileRef = 3361E7C02028753100F50580 /* PCConnectionCoordinator.swift */; };
		337C0B28205FFC7E00BB977A /* PCSharedInstanceOptions.swift in Sources */ = {isa = PBXBuildFile; fileRef = 337C0B27205FFC7E00BB977A /* PCSharedInstanceOptions.swift */; };
		337C0C9620615A6600BB977A /* TokenProviderTests.swift in Sources */ = {isa = PBXBuildFile; fileRef = 337C0C9520615A6600BB977A /* TokenProviderTests.swift */; };
		3388D5EF1EAE4DA90072A742 /* ChatManager.swift in Sources */ = {isa = PBXBuildFile; fileRef = 3388D5EE1EAE4DA90072A742 /* ChatManager.swift */; };
		3388D5F11EAE4DD40072A742 /* PCChatManagerDelegate.swift in Sources */ = {isa = PBXBuildFile; fileRef = 3388D5F01EAE4DD40072A742 /* PCChatManagerDelegate.swift */; };
		3388D5F31EAE4DFB0072A742 /* PCRoom.swift in Sources */ = {isa = PBXBuildFile; fileRef = 3388D5F21EAE4DFB0072A742 /* PCRoom.swift */; };
		3388D5F51EAE4E100072A742 /* PCMessage.swift in Sources */ = {isa = PBXBuildFile; fileRef = 3388D5F41EAE4E100072A742 /* PCMessage.swift */; };
		3388D5F71EAE4E330072A742 /* PCCurrentUser.swift in Sources */ = {isa = PBXBuildFile; fileRef = 3388D5F61EAE4E330072A742 /* PCCurrentUser.swift */; };
		3388D5F91EAE4E4A0072A742 /* PCUser.swift in Sources */ = {isa = PBXBuildFile; fileRef = 3388D5F81EAE4E4A0072A742 /* PCUser.swift */; };
		3388D5FB1EAE4E640072A742 /* PCRoomSubscription.swift in Sources */ = {isa = PBXBuildFile; fileRef = 3388D5FA1EAE4E640072A742 /* PCRoomSubscription.swift */; };
		3388D5FD1EAE4EAC0072A742 /* PCUserSubscription.swift in Sources */ = {isa = PBXBuildFile; fileRef = 3388D5FC1EAE4EAC0072A742 /* PCUserSubscription.swift */; };
		339768F320F4CC6700BCB10B /* TestConfig.swift in Sources */ = {isa = PBXBuildFile; fileRef = 339768F220F4CC6700BCB10B /* TestConfig.swift */; };
		339768F520F4ED2F00BCB10B /* UserSubscriptionTests.swift in Sources */ = {isa = PBXBuildFile; fileRef = 339768F420F4ED2F00BCB10B /* UserSubscriptionTests.swift */; };
		339768F720F4EEEC00BCB10B /* Helpers.swift in Sources */ = {isa = PBXBuildFile; fileRef = 339768F620F4EEEC00BCB10B /* Helpers.swift */; };
		3397D4C21EC2017000DD5994 /* PCSynchronizedArray.swift in Sources */ = {isa = PBXBuildFile; fileRef = 3397D4C11EC2017000DD5994 /* PCSynchronizedArray.swift */; };
		339CABD31EC3078200FDFB58 /* PCRoomDelegate.swift in Sources */ = {isa = PBXBuildFile; fileRef = 339CABD21EC3078200FDFB58 /* PCRoomDelegate.swift */; };
		33AE481E1EAE2D14006C27A6 /* PusherChatkit.h in Headers */ = {isa = PBXBuildFile; fileRef = 33346ABF1EAE1887002C58B8 /* PusherChatkit.h */; settings = {ATTRIBUTES = (Public, ); }; };
		33AF440820FC922F00336710 /* RoomMembershipTests.swift in Sources */ = {isa = PBXBuildFile; fileRef = 33AF440720FC922F00336710 /* RoomMembershipTests.swift */; };
		33B3DD9F1EF7E2F60050CA02 /* PCTokenProvider.swift in Sources */ = {isa = PBXBuildFile; fileRef = 33B3DD9E1EF7E2F60050CA02 /* PCTokenProvider.swift */; };
		33BA3013210F4D5C000E0832 /* PCUserPresenceSubscription.swift in Sources */ = {isa = PBXBuildFile; fileRef = 33BA3012210F4D5C000E0832 /* PCUserPresenceSubscription.swift */; };
		33BA301521106416000E0832 /* PCSynchronizedDictionary.swift in Sources */ = {isa = PBXBuildFile; fileRef = 33BA301421106416000E0832 /* PCSynchronizedDictionary.swift */; };
		33BA563C200E634C00FFC587 /* PCAttachmentType.swift in Sources */ = {isa = PBXBuildFile; fileRef = 33BA563B200E634C00FFC587 /* PCAttachmentType.swift */; };
		33BA5640200E640600FFC587 /* PCAttachmentUploadResponse.swift in Sources */ = {isa = PBXBuildFile; fileRef = 33BA563F200E640600FFC587 /* PCAttachmentUploadResponse.swift */; };
		33BC0810209A1765001DB5F9 /* DefaultsTests.swift in Sources */ = {isa = PBXBuildFile; fileRef = 33BC080F209A1765001DB5F9 /* DefaultsTests.swift */; };
		33C5D8F5202082EB00E826FB /* PCBasicCursor.swift in Sources */ = {isa = PBXBuildFile; fileRef = 33C5D8F4202082EB00E826FB /* PCBasicCursor.swift */; };
		33C5D8F72020837100E826FB /* PCCursorType.swift in Sources */ = {isa = PBXBuildFile; fileRef = 33C5D8F62020837100E826FB /* PCCursorType.swift */; };
		33C5D8F92020842200E826FB /* PCCursorSubscription.swift in Sources */ = {isa = PBXBuildFile; fileRef = 33C5D8F82020842200E826FB /* PCCursorSubscription.swift */; };
		33C5D8FB2020854A00E826FB /* PCCursor.swift in Sources */ = {isa = PBXBuildFile; fileRef = 33C5D8FA2020854A00E826FB /* PCCursor.swift */; };
		33C5D8FD2020AA4C00E826FB /* PCBasicCursorEnricher.swift in Sources */ = {isa = PBXBuildFile; fileRef = 33C5D8FC2020AA4C00E826FB /* PCBasicCursorEnricher.swift */; };
		33D2A5AF1E39075100EA7549 /* ChatManagerTests.swift in Sources */ = {isa = PBXBuildFile; fileRef = 33D2A5AD1E39074800EA7549 /* ChatManagerTests.swift */; };
		33E3EBC7200E2368003D888D /* PPTypealiases.swift in Sources */ = {isa = PBXBuildFile; fileRef = 33E3EBC6200E2368003D888D /* PPTypealiases.swift */; };
		33EE67DD20F5176800B0F0AD /* TokenGenerator.swift in Sources */ = {isa = PBXBuildFile; fileRef = 33EE67DC20F5176800B0F0AD /* TokenGenerator.swift */; };
		33F1FC2B210734A90083E05E /* test-image.gif in Resources */ = {isa = PBXBuildFile; fileRef = 33F1FC2A210734A90083E05E /* test-image.gif */; };
		3704959A21876E3200DFC497 /* PCPresenceStateChange.swift in Sources */ = {isa = PBXBuildFile; fileRef = 3704959921876E3200DFC497 /* PCPresenceStateChange.swift */; };
		372641F921F7599A00B77869 /* ConnectionTests.swift in Sources */ = {isa = PBXBuildFile; fileRef = 372641F821F7599A00B77869 /* ConnectionTests.swift */; };
		372641FB21F8DC2900B77869 /* RoomEventBufferingTests.swift in Sources */ = {isa = PBXBuildFile; fileRef = 372641FA21F8DC2900B77869 /* RoomEventBufferingTests.swift */; };
		374C814A21F0DA98008ECEBD /* PCDateFormatter.swift in Sources */ = {isa = PBXBuildFile; fileRef = 374C814921F0DA98008ECEBD /* PCDateFormatter.swift */; };
		3762F45321A6ED20009D81CF /* ReconnectionTests.swift in Sources */ = {isa = PBXBuildFile; fileRef = 3762F45221A6ED20009D81CF /* ReconnectionTests.swift */; };
		3775A83F21EE3845002297FA /* PCUpdatable.swift in Sources */ = {isa = PBXBuildFile; fileRef = 3775A83E21EE3844002297FA /* PCUpdatable.swift */; };
		3775A84121EE4177002297FA /* PCSubscriptionEventError.swift in Sources */ = {isa = PBXBuildFile; fileRef = 3775A84021EE4177002297FA /* PCSubscriptionEventError.swift */; };
		37C526D621E3789B00309E3C /* InitialStateResult.swift in Sources */ = {isa = PBXBuildFile; fileRef = 37C526D521E3789B00309E3C /* InitialStateResult.swift */; };
		37DEF4D221A456C200F924EC /* RoomTests.swift in Sources */ = {isa = PBXBuildFile; fileRef = 37DEF4D121A456C200F924EC /* RoomTests.swift */; };
		37DEF4D621A4835900F924EC /* lol ? wut ?&...json in Resources */ = {isa = PBXBuildFile; fileRef = 37DEF4D521A4835900F924EC /* lol ? wut ?&...json */; };
		37DEF4D721A485F400F924EC /* lol ? wut ?&...json in Resources */ = {isa = PBXBuildFile; fileRef = 37DEF4D521A4835900F924EC /* lol ? wut ?&...json */; };
		90690D15221438D900645E8A /* PCMultipartMessage.swift in Sources */ = {isa = PBXBuildFile; fileRef = 90690D14221438D900645E8A /* PCMultipartMessage.swift */; };
		90CF0391221AD1A300FAE8B2 /* PCBasicMultipartMessage.swift in Sources */ = {isa = PBXBuildFile; fileRef = 90CF0390221AD1A300FAE8B2 /* PCBasicMultipartMessage.swift */; };
		90FC150B22201A8E00EF464C /* PCMultipartMessageRequest.swift in Sources */ = {isa = PBXBuildFile; fileRef = 90FC150A22201A8E00EF464C /* PCMultipartMessageRequest.swift */; };
		90FC150D2224421F00EF464C /* PCMultipartAttachmentUploader.swift in Sources */ = {isa = PBXBuildFile; fileRef = 90FC150C2224421F00EF464C /* PCMultipartAttachmentUploader.swift */; };
		A14B8C3C2191AD1D0039AD5D /* ChatkitBeamsTokenProvider.swift in Sources */ = {isa = PBXBuildFile; fileRef = A14B8C3B2191AD1D0039AD5D /* ChatkitBeamsTokenProvider.swift */; };
		ED38C27822E0AA4300BF8DC2 /* DispatchSemaphore.swift in Sources */ = {isa = PBXBuildFile; fileRef = ED38C27722E0AA4300BF8DC2 /* DispatchSemaphore.swift */; };
		F2665DEE20FDEE56002A0A3D /* PresenceTests.swift in Sources */ = {isa = PBXBuildFile; fileRef = F2665DED20FDEE56002A0A3D /* PresenceTests.swift */; };
		F2665E0F20FE025D002A0A3D /* MessageTests.swift in Sources */ = {isa = PBXBuildFile; fileRef = F2665E0E20FE025C002A0A3D /* MessageTests.swift */; };
		F2AA717520F7616000BC01DE /* CursorTests.swift in Sources */ = {isa = PBXBuildFile; fileRef = F2AA717420F7616000BC01DE /* CursorTests.swift */; };
		F2AA717920F8FBA400BC01DE /* TypingIndicatorTests.swift in Sources */ = {isa = PBXBuildFile; fileRef = F2AA717820F8FBA400BC01DE /* TypingIndicatorTests.swift */; };
/* End PBXBuildFile section */

/* Begin PBXContainerItemProxy section */
		33831C961A9CF61600B124F1 /* PBXContainerItemProxy */ = {
			isa = PBXContainerItemProxy;
			containerPortal = 33831C4A1A9CEDF800B124F1 /* Project object */;
			proxyType = 1;
			remoteGlobalIDString = 33831C881A9CF61600B124F1;
			remoteInfo = PusherSwift;
		};
/* End PBXContainerItemProxy section */

/* Begin PBXFileReference section */
		33023E22200CB4A4001937C6 /* PCAttachment.swift */ = {isa = PBXFileReference; lastKnownFileType = sourcecode.swift; path = PCAttachment.swift; sourceTree = "<group>"; };
		33072A0620923BBC00E85E6B /* PCReadCursorDebouncerManager.swift */ = {isa = PBXFileReference; lastKnownFileType = sourcecode.swift; path = PCReadCursorDebouncerManager.swift; sourceTree = "<group>"; };
		3314212E1ED32AE700D0B6DB /* PCProgressCounter.swift */ = {isa = PBXFileReference; fileEncoding = 4; lastKnownFileType = sourcecode.swift; path = PCProgressCounter.swift; sourceTree = "<group>"; };
		331421301ED32B5F00D0B6DB /* PCBasicUser.swift */ = {isa = PBXFileReference; fileEncoding = 4; lastKnownFileType = sourcecode.swift; path = PCBasicUser.swift; sourceTree = "<group>"; };
		331421321ED33C1400D0B6DB /* PCTypingIndicatorManager.swift */ = {isa = PBXFileReference; fileEncoding = 4; lastKnownFileType = sourcecode.swift; path = PCTypingIndicatorManager.swift; sourceTree = "<group>"; };
		331421341EDD8CDC00D0B6DB /* PCPresenceSubscription.swift */ = {isa = PBXFileReference; fileEncoding = 4; lastKnownFileType = sourcecode.swift; path = PCPresenceSubscription.swift; sourceTree = "<group>"; };
		331421361EDDA91A00D0B6DB /* PCPresencePayload.swift */ = {isa = PBXFileReference; fileEncoding = 4; lastKnownFileType = sourcecode.swift; path = PCPresencePayload.swift; sourceTree = "<group>"; };
		331853B021060AA90070540C /* TestingDelegates.swift */ = {isa = PBXFileReference; lastKnownFileType = sourcecode.swift; path = TestingDelegates.swift; sourceTree = "<group>"; };
		331F9BD81EBC80FA00C3F678 /* PCPayloadDeserializer.swift */ = {isa = PBXFileReference; fileEncoding = 4; lastKnownFileType = sourcecode.swift; path = PCPayloadDeserializer.swift; sourceTree = "<group>"; };
		33346ABF1EAE1887002C58B8 /* PusherChatkit.h */ = {isa = PBXFileReference; fileEncoding = 4; lastKnownFileType = sourcecode.c.h; path = PusherChatkit.h; sourceTree = "<group>"; };
		3336C8141EE045FE005EB69A /* PCRoomUserStore.swift */ = {isa = PBXFileReference; fileEncoding = 4; lastKnownFileType = sourcecode.swift; path = PCRoomUserStore.swift; sourceTree = "<group>"; };
		3336C8161EE046F0005EB69A /* PCUserStoreCore.swift */ = {isa = PBXFileReference; fileEncoding = 4; lastKnownFileType = sourcecode.swift; path = PCUserStoreCore.swift; sourceTree = "<group>"; };
		333D861720F4A97100734402 /* CurrentUserTests.swift */ = {isa = PBXFileReference; fileEncoding = 4; lastKnownFileType = sourcecode.swift; path = CurrentUserTests.swift; sourceTree = "<group>"; };
		333F8EF020936F1200072799 /* PCDefaults.swift */ = {isa = PBXFileReference; lastKnownFileType = sourcecode.swift; path = PCDefaults.swift; sourceTree = "<group>"; };
		334B9A2A1ECC9F7A007A3D3B /* PCGlobalUserStore.swift */ = {isa = PBXFileReference; fileEncoding = 4; lastKnownFileType = sourcecode.swift; path = PCGlobalUserStore.swift; sourceTree = "<group>"; };
		334B9A2C1ECCA16A007A3D3B /* PCRoomStore.swift */ = {isa = PBXFileReference; fileEncoding = 4; lastKnownFileType = sourcecode.swift; path = PCRoomStore.swift; sourceTree = "<group>"; };
		334B9A301ECD98A7007A3D3B /* PCBasicMessage.swift */ = {isa = PBXFileReference; fileEncoding = 4; lastKnownFileType = sourcecode.swift; path = PCBasicMessage.swift; sourceTree = "<group>"; };
		334B9A321ECD98FA007A3D3B /* PCBasicMessageEnricher.swift */ = {isa = PBXFileReference; fileEncoding = 4; lastKnownFileType = sourcecode.swift; path = PCBasicMessageEnricher.swift; sourceTree = "<group>"; };
		335A9B58210B570700ACFC35 /* PCMembershipSubscription.swift */ = {isa = PBXFileReference; lastKnownFileType = sourcecode.swift; path = PCMembershipSubscription.swift; sourceTree = "<group>"; };
		335AD5E5205828F6000D4D08 /* PCCursorStore.swift */ = {isa = PBXFileReference; lastKnownFileType = sourcecode.swift; path = PCCursorStore.swift; sourceTree = "<group>"; };
		335AD64D205982C1000D4D08 /* PCBasicCurrentUser.swift */ = {isa = PBXFileReference; lastKnownFileType = sourcecode.swift; path = PCBasicCurrentUser.swift; sourceTree = "<group>"; };
		335AD8F7205C10AD000D4D08 /* PCMessageSubscription.swift */ = {isa = PBXFileReference; lastKnownFileType = sourcecode.swift; path = PCMessageSubscription.swift; sourceTree = "<group>"; };
		3361E7C02028753100F50580 /* PCConnectionCoordinator.swift */ = {isa = PBXFileReference; lastKnownFileType = sourcecode.swift; path = PCConnectionCoordinator.swift; sourceTree = "<group>"; };
		337C0B27205FFC7E00BB977A /* PCSharedInstanceOptions.swift */ = {isa = PBXFileReference; lastKnownFileType = sourcecode.swift; path = PCSharedInstanceOptions.swift; sourceTree = "<group>"; };
		337C0C9520615A6600BB977A /* TokenProviderTests.swift */ = {isa = PBXFileReference; lastKnownFileType = sourcecode.swift; path = TokenProviderTests.swift; sourceTree = "<group>"; };
		33831C891A9CF61600B124F1 /* PusherChatkit.framework */ = {isa = PBXFileReference; explicitFileType = wrapper.framework; includeInIndex = 0; path = PusherChatkit.framework; sourceTree = BUILT_PRODUCTS_DIR; };
		33831C8D1A9CF61600B124F1 /* Info.plist */ = {isa = PBXFileReference; lastKnownFileType = text.plist.xml; path = Info.plist; sourceTree = "<group>"; };
		33831C941A9CF61600B124F1 /* PusherChatkitTests.xctest */ = {isa = PBXFileReference; explicitFileType = wrapper.cfbundle; includeInIndex = 0; path = PusherChatkitTests.xctest; sourceTree = BUILT_PRODUCTS_DIR; };
		3388D5EE1EAE4DA90072A742 /* ChatManager.swift */ = {isa = PBXFileReference; fileEncoding = 4; lastKnownFileType = sourcecode.swift; path = ChatManager.swift; sourceTree = "<group>"; };
		3388D5F01EAE4DD40072A742 /* PCChatManagerDelegate.swift */ = {isa = PBXFileReference; fileEncoding = 4; lastKnownFileType = sourcecode.swift; path = PCChatManagerDelegate.swift; sourceTree = "<group>"; };
		3388D5F21EAE4DFB0072A742 /* PCRoom.swift */ = {isa = PBXFileReference; fileEncoding = 4; lastKnownFileType = sourcecode.swift; path = PCRoom.swift; sourceTree = "<group>"; };
		3388D5F41EAE4E100072A742 /* PCMessage.swift */ = {isa = PBXFileReference; fileEncoding = 4; lastKnownFileType = sourcecode.swift; path = PCMessage.swift; sourceTree = "<group>"; };
		3388D5F61EAE4E330072A742 /* PCCurrentUser.swift */ = {isa = PBXFileReference; fileEncoding = 4; lastKnownFileType = sourcecode.swift; path = PCCurrentUser.swift; sourceTree = "<group>"; };
		3388D5F81EAE4E4A0072A742 /* PCUser.swift */ = {isa = PBXFileReference; fileEncoding = 4; lastKnownFileType = sourcecode.swift; path = PCUser.swift; sourceTree = "<group>"; };
		3388D5FA1EAE4E640072A742 /* PCRoomSubscription.swift */ = {isa = PBXFileReference; fileEncoding = 4; lastKnownFileType = sourcecode.swift; path = PCRoomSubscription.swift; sourceTree = "<group>"; };
		3388D5FC1EAE4EAC0072A742 /* PCUserSubscription.swift */ = {isa = PBXFileReference; fileEncoding = 4; lastKnownFileType = sourcecode.swift; path = PCUserSubscription.swift; sourceTree = "<group>"; };
		339768F220F4CC6700BCB10B /* TestConfig.swift */ = {isa = PBXFileReference; lastKnownFileType = sourcecode.swift; path = TestConfig.swift; sourceTree = "<group>"; };
		339768F420F4ED2F00BCB10B /* UserSubscriptionTests.swift */ = {isa = PBXFileReference; lastKnownFileType = sourcecode.swift; path = UserSubscriptionTests.swift; sourceTree = "<group>"; };
		339768F620F4EEEC00BCB10B /* Helpers.swift */ = {isa = PBXFileReference; lastKnownFileType = sourcecode.swift; path = Helpers.swift; sourceTree = "<group>"; };
		3397D4C11EC2017000DD5994 /* PCSynchronizedArray.swift */ = {isa = PBXFileReference; fileEncoding = 4; lastKnownFileType = sourcecode.swift; path = PCSynchronizedArray.swift; sourceTree = "<group>"; };
		339CABD21EC3078200FDFB58 /* PCRoomDelegate.swift */ = {isa = PBXFileReference; fileEncoding = 4; lastKnownFileType = sourcecode.swift; path = PCRoomDelegate.swift; sourceTree = "<group>"; };
		33AE481F1EAE4020006C27A6 /* Carthage.xcconfig */ = {isa = PBXFileReference; fileEncoding = 4; lastKnownFileType = text.xcconfig; path = Carthage.xcconfig; sourceTree = SOURCE_ROOT; };
		33AF440720FC922F00336710 /* RoomMembershipTests.swift */ = {isa = PBXFileReference; lastKnownFileType = sourcecode.swift; path = RoomMembershipTests.swift; sourceTree = "<group>"; };
		33B3DD9E1EF7E2F60050CA02 /* PCTokenProvider.swift */ = {isa = PBXFileReference; fileEncoding = 4; lastKnownFileType = sourcecode.swift; path = PCTokenProvider.swift; sourceTree = "<group>"; };
		33BA3012210F4D5C000E0832 /* PCUserPresenceSubscription.swift */ = {isa = PBXFileReference; lastKnownFileType = sourcecode.swift; path = PCUserPresenceSubscription.swift; sourceTree = "<group>"; };
		33BA301421106416000E0832 /* PCSynchronizedDictionary.swift */ = {isa = PBXFileReference; lastKnownFileType = sourcecode.swift; path = PCSynchronizedDictionary.swift; sourceTree = "<group>"; };
		33BA563B200E634C00FFC587 /* PCAttachmentType.swift */ = {isa = PBXFileReference; lastKnownFileType = sourcecode.swift; path = PCAttachmentType.swift; sourceTree = "<group>"; };
		33BA563F200E640600FFC587 /* PCAttachmentUploadResponse.swift */ = {isa = PBXFileReference; lastKnownFileType = sourcecode.swift; path = PCAttachmentUploadResponse.swift; sourceTree = "<group>"; };
		33BB99671D21226C00B25C2A /* Info.plist */ = {isa = PBXFileReference; fileEncoding = 4; lastKnownFileType = text.plist.xml; path = Info.plist; sourceTree = "<group>"; };
		33BC080F209A1765001DB5F9 /* DefaultsTests.swift */ = {isa = PBXFileReference; lastKnownFileType = sourcecode.swift; path = DefaultsTests.swift; sourceTree = "<group>"; };
		33C5D8F4202082EB00E826FB /* PCBasicCursor.swift */ = {isa = PBXFileReference; lastKnownFileType = sourcecode.swift; path = PCBasicCursor.swift; sourceTree = "<group>"; };
		33C5D8F62020837100E826FB /* PCCursorType.swift */ = {isa = PBXFileReference; lastKnownFileType = sourcecode.swift; path = PCCursorType.swift; sourceTree = "<group>"; };
		33C5D8F82020842200E826FB /* PCCursorSubscription.swift */ = {isa = PBXFileReference; lastKnownFileType = sourcecode.swift; path = PCCursorSubscription.swift; sourceTree = "<group>"; };
		33C5D8FA2020854A00E826FB /* PCCursor.swift */ = {isa = PBXFileReference; lastKnownFileType = sourcecode.swift; path = PCCursor.swift; sourceTree = "<group>"; };
		33C5D8FC2020AA4C00E826FB /* PCBasicCursorEnricher.swift */ = {isa = PBXFileReference; lastKnownFileType = sourcecode.swift; path = PCBasicCursorEnricher.swift; sourceTree = "<group>"; };
		33D2A5AD1E39074800EA7549 /* ChatManagerTests.swift */ = {isa = PBXFileReference; fileEncoding = 4; lastKnownFileType = sourcecode.swift; path = ChatManagerTests.swift; sourceTree = "<group>"; };
		33E3EBC6200E2368003D888D /* PPTypealiases.swift */ = {isa = PBXFileReference; lastKnownFileType = sourcecode.swift; path = PPTypealiases.swift; sourceTree = "<group>"; };
		33EE67DC20F5176800B0F0AD /* TokenGenerator.swift */ = {isa = PBXFileReference; lastKnownFileType = sourcecode.swift; path = TokenGenerator.swift; sourceTree = "<group>"; };
		33F1FC2A210734A90083E05E /* test-image.gif */ = {isa = PBXFileReference; lastKnownFileType = image.gif; path = "test-image.gif"; sourceTree = "<group>"; };
		3704959921876E3200DFC497 /* PCPresenceStateChange.swift */ = {isa = PBXFileReference; lastKnownFileType = sourcecode.swift; path = PCPresenceStateChange.swift; sourceTree = "<group>"; };
		372641F821F7599A00B77869 /* ConnectionTests.swift */ = {isa = PBXFileReference; lastKnownFileType = sourcecode.swift; path = ConnectionTests.swift; sourceTree = "<group>"; };
		372641FA21F8DC2900B77869 /* RoomEventBufferingTests.swift */ = {isa = PBXFileReference; lastKnownFileType = sourcecode.swift; path = RoomEventBufferingTests.swift; sourceTree = "<group>"; };
		374C814921F0DA98008ECEBD /* PCDateFormatter.swift */ = {isa = PBXFileReference; lastKnownFileType = sourcecode.swift; path = PCDateFormatter.swift; sourceTree = "<group>"; };
		3762F45221A6ED20009D81CF /* ReconnectionTests.swift */ = {isa = PBXFileReference; lastKnownFileType = sourcecode.swift; path = ReconnectionTests.swift; sourceTree = "<group>"; };
		3775A83E21EE3844002297FA /* PCUpdatable.swift */ = {isa = PBXFileReference; lastKnownFileType = sourcecode.swift; path = PCUpdatable.swift; sourceTree = "<group>"; };
		3775A84021EE4177002297FA /* PCSubscriptionEventError.swift */ = {isa = PBXFileReference; lastKnownFileType = sourcecode.swift; path = PCSubscriptionEventError.swift; sourceTree = "<group>"; };
		37C526D521E3789B00309E3C /* InitialStateResult.swift */ = {isa = PBXFileReference; fileEncoding = 4; lastKnownFileType = sourcecode.swift; path = InitialStateResult.swift; sourceTree = "<group>"; };
		37DEF4D121A456C200F924EC /* RoomTests.swift */ = {isa = PBXFileReference; lastKnownFileType = sourcecode.swift; path = RoomTests.swift; sourceTree = "<group>"; };
		37DEF4D521A4835900F924EC /* lol ? wut ?&...json */ = {isa = PBXFileReference; lastKnownFileType = text.json; path = "lol ? wut ?&...json"; sourceTree = "<group>"; };
		90690D14221438D900645E8A /* PCMultipartMessage.swift */ = {isa = PBXFileReference; lastKnownFileType = sourcecode.swift; path = PCMultipartMessage.swift; sourceTree = "<group>"; };
		90CF0390221AD1A300FAE8B2 /* PCBasicMultipartMessage.swift */ = {isa = PBXFileReference; lastKnownFileType = sourcecode.swift; path = PCBasicMultipartMessage.swift; sourceTree = "<group>"; };
		90FC150A22201A8E00EF464C /* PCMultipartMessageRequest.swift */ = {isa = PBXFileReference; lastKnownFileType = sourcecode.swift; path = PCMultipartMessageRequest.swift; sourceTree = "<group>"; };
		90FC150C2224421F00EF464C /* PCMultipartAttachmentUploader.swift */ = {isa = PBXFileReference; lastKnownFileType = sourcecode.swift; path = PCMultipartAttachmentUploader.swift; sourceTree = "<group>"; };
		A14B8C3B2191AD1D0039AD5D /* ChatkitBeamsTokenProvider.swift */ = {isa = PBXFileReference; lastKnownFileType = sourcecode.swift; path = ChatkitBeamsTokenProvider.swift; sourceTree = "<group>"; };
		A14F52F82189C1F200D4C284 /* PushNotifications.framework */ = {isa = PBXFileReference; lastKnownFileType = wrapper.framework; name = PushNotifications.framework; path = Carthage/Build/iOS/PushNotifications.framework; sourceTree = "<group>"; };
		ED38C27722E0AA4300BF8DC2 /* DispatchSemaphore.swift */ = {isa = PBXFileReference; lastKnownFileType = sourcecode.swift; path = DispatchSemaphore.swift; sourceTree = "<group>"; };
		F2665DED20FDEE56002A0A3D /* PresenceTests.swift */ = {isa = PBXFileReference; fileEncoding = 4; lastKnownFileType = sourcecode.swift; path = PresenceTests.swift; sourceTree = "<group>"; };
		F2665E0E20FE025C002A0A3D /* MessageTests.swift */ = {isa = PBXFileReference; fileEncoding = 4; lastKnownFileType = sourcecode.swift; path = MessageTests.swift; sourceTree = "<group>"; };
		F2AA717420F7616000BC01DE /* CursorTests.swift */ = {isa = PBXFileReference; fileEncoding = 4; lastKnownFileType = sourcecode.swift; path = CursorTests.swift; sourceTree = "<group>"; };
		F2AA717820F8FBA400BC01DE /* TypingIndicatorTests.swift */ = {isa = PBXFileReference; fileEncoding = 4; lastKnownFileType = sourcecode.swift; path = TypingIndicatorTests.swift; sourceTree = "<group>"; };
/* End PBXFileReference section */

/* Begin PBXFrameworksBuildPhase section */
		33831C911A9CF61600B124F1 /* Frameworks */ = {
			isa = PBXFrameworksBuildPhase;
			buildActionMask = 2147483647;
			files = (
				3301FDDA2046FD7400AE591A /* PusherChatkit.framework in Frameworks */,
			);
			runOnlyForDeploymentPostprocessing = 0;
		};
		50355EA8A07B4B8038A4DDF1 /* Frameworks */ = {
			isa = PBXFrameworksBuildPhase;
			buildActionMask = 2147483647;
			files = (
			);
			runOnlyForDeploymentPostprocessing = 0;
		};
/* End PBXFrameworksBuildPhase section */

/* Begin PBXGroup section */
		33831C491A9CEDF800B124F1 = {
			isa = PBXGroup;
			children = (
				42D29A655054030A9B238900 /* Frameworks */,
				33831C8B1A9CF61600B124F1 /* Sources */,
				33BB995C1D21225B00B25C2A /* Tests */,
			);
			sourceTree = "<group>";
		};
		33831C8A1A9CF61600B124F1 /* Products */ = {
			isa = PBXGroup;
			children = (
				33831C891A9CF61600B124F1 /* PusherChatkit.framework */,
				33831C941A9CF61600B124F1 /* PusherChatkitTests.xctest */,
			);
			name = Products;
			path = ..;
			sourceTree = "<group>";
		};
		33831C8B1A9CF61600B124F1 /* Sources */ = {
			isa = PBXGroup;
			children = (
				3388D5EE1EAE4DA90072A742 /* ChatManager.swift */,
				3388D5F61EAE4E330072A742 /* PCCurrentUser.swift */,
				335AD64D205982C1000D4D08 /* PCBasicCurrentUser.swift */,
				3361E7C02028753100F50580 /* PCConnectionCoordinator.swift */,
				3388D5FC1EAE4EAC0072A742 /* PCUserSubscription.swift */,
				331421341EDD8CDC00D0B6DB /* PCPresenceSubscription.swift */,
				33BA3012210F4D5C000E0832 /* PCUserPresenceSubscription.swift */,
				335AD8F7205C10AD000D4D08 /* PCMessageSubscription.swift */,
				33C5D8F82020842200E826FB /* PCCursorSubscription.swift */,
				335A9B58210B570700ACFC35 /* PCMembershipSubscription.swift */,
				3388D5FA1EAE4E640072A742 /* PCRoomSubscription.swift */,
				3388D5F01EAE4DD40072A742 /* PCChatManagerDelegate.swift */,
				3388D5F21EAE4DFB0072A742 /* PCRoom.swift */,
				339CABD21EC3078200FDFB58 /* PCRoomDelegate.swift */,
				333F8EF020936F1200072799 /* PCDefaults.swift */,
				3336C8161EE046F0005EB69A /* PCUserStoreCore.swift */,
				334B9A2A1ECC9F7A007A3D3B /* PCGlobalUserStore.swift */,
				3336C8141EE045FE005EB69A /* PCRoomUserStore.swift */,
				334B9A2C1ECCA16A007A3D3B /* PCRoomStore.swift */,
				331421361EDDA91A00D0B6DB /* PCPresencePayload.swift */,
				3704959921876E3200DFC497 /* PCPresenceStateChange.swift */,
				3388D5F81EAE4E4A0072A742 /* PCUser.swift */,
				331421301ED32B5F00D0B6DB /* PCBasicUser.swift */,
				3388D5F41EAE4E100072A742 /* PCMessage.swift */,
				334B9A301ECD98A7007A3D3B /* PCBasicMessage.swift */,
				334B9A321ECD98FA007A3D3B /* PCBasicMessageEnricher.swift */,
				331421321ED33C1400D0B6DB /* PCTypingIndicatorManager.swift */,
				331F9BD81EBC80FA00C3F678 /* PCPayloadDeserializer.swift */,
				33023E22200CB4A4001937C6 /* PCAttachment.swift */,
				33BA563B200E634C00FFC587 /* PCAttachmentType.swift */,
				33BA563F200E640600FFC587 /* PCAttachmentUploadResponse.swift */,
				33C5D8F4202082EB00E826FB /* PCBasicCursor.swift */,
				33C5D8FA2020854A00E826FB /* PCCursor.swift */,
				33C5D8F62020837100E826FB /* PCCursorType.swift */,
				33C5D8FC2020AA4C00E826FB /* PCBasicCursorEnricher.swift */,
				335AD5E5205828F6000D4D08 /* PCCursorStore.swift */,
				337C0B27205FFC7E00BB977A /* PCSharedInstanceOptions.swift */,
				33B3DD9E1EF7E2F60050CA02 /* PCTokenProvider.swift */,
				33072A0620923BBC00E85E6B /* PCReadCursorDebouncerManager.swift */,
				3314212E1ED32AE700D0B6DB /* PCProgressCounter.swift */,
				3397D4C11EC2017000DD5994 /* PCSynchronizedArray.swift */,
				33BA301421106416000E0832 /* PCSynchronizedDictionary.swift */,
				3775A83E21EE3844002297FA /* PCUpdatable.swift */,
				3775A84021EE4177002297FA /* PCSubscriptionEventError.swift */,
				37C526D521E3789B00309E3C /* InitialStateResult.swift */,
				374C814921F0DA98008ECEBD /* PCDateFormatter.swift */,
				90690D14221438D900645E8A /* PCMultipartMessage.swift */,
				33E3EBC6200E2368003D888D /* PPTypealiases.swift */,
				A14B8C3B2191AD1D0039AD5D /* ChatkitBeamsTokenProvider.swift */,
				33831C8C1A9CF61600B124F1 /* Supporting Files */,
				33346ABF1EAE1887002C58B8 /* PusherChatkit.h */,
				90CF0390221AD1A300FAE8B2 /* PCBasicMultipartMessage.swift */,
				90FC150A22201A8E00EF464C /* PCMultipartMessageRequest.swift */,
				90FC150C2224421F00EF464C /* PCMultipartAttachmentUploader.swift */,
				ED38C27722E0AA4300BF8DC2 /* DispatchSemaphore.swift */,
			);
			path = Sources;
			sourceTree = "<group>";
		};
		33831C8C1A9CF61600B124F1 /* Supporting Files */ = {
			isa = PBXGroup;
			children = (
				33AE481F1EAE4020006C27A6 /* Carthage.xcconfig */,
				33831C8D1A9CF61600B124F1 /* Info.plist */,
			);
			name = "Supporting Files";
			sourceTree = "<group>";
		};
		33BB995C1D21225B00B25C2A /* Tests */ = {
			isa = PBXGroup;
			children = (
				F2665E1020FE4F49002A0A3D /* Assets */,
				33D0394D20F6593200B5D87A /* Config */,
				33D0394C20F650F900B5D87A /* Helpers */,
				33D2A5AD1E39074800EA7549 /* ChatManagerTests.swift */,
				372641F821F7599A00B77869 /* ConnectionTests.swift */,
				333D861720F4A97100734402 /* CurrentUserTests.swift */,
				F2AA717420F7616000BC01DE /* CursorTests.swift */,
				33BC080F209A1765001DB5F9 /* DefaultsTests.swift */,
				F2665E0E20FE025C002A0A3D /* MessageTests.swift */,
				F2665DED20FDEE56002A0A3D /* PresenceTests.swift */,
				3762F45221A6ED20009D81CF /* ReconnectionTests.swift */,
				372641FA21F8DC2900B77869 /* RoomEventBufferingTests.swift */,
				33AF440720FC922F00336710 /* RoomMembershipTests.swift */,
				37DEF4D121A456C200F924EC /* RoomTests.swift */,
				337C0C9520615A6600BB977A /* TokenProviderTests.swift */,
				F2AA717820F8FBA400BC01DE /* TypingIndicatorTests.swift */,
				339768F420F4ED2F00BCB10B /* UserSubscriptionTests.swift */,
				33831C8A1A9CF61600B124F1 /* Products */,
				33D0394E20F6594600B5D87A /* Supporting Files */,
			);
			path = Tests;
			sourceTree = "<group>";
		};
		33D0394C20F650F900B5D87A /* Helpers */ = {
			isa = PBXGroup;
			children = (
				339768F620F4EEEC00BCB10B /* Helpers.swift */,
				33EE67DC20F5176800B0F0AD /* TokenGenerator.swift */,
				331853B021060AA90070540C /* TestingDelegates.swift */,
			);
			path = Helpers;
			sourceTree = "<group>";
		};
		33D0394D20F6593200B5D87A /* Config */ = {
			isa = PBXGroup;
			children = (
				339768F220F4CC6700BCB10B /* TestConfig.swift */,
			);
			path = Config;
			sourceTree = "<group>";
		};
		33D0394E20F6594600B5D87A /* Supporting Files */ = {
			isa = PBXGroup;
			children = (
				33BB99671D21226C00B25C2A /* Info.plist */,
			);
			path = "Supporting Files";
			sourceTree = "<group>";
		};
		42D29A655054030A9B238900 /* Frameworks */ = {
			isa = PBXGroup;
			children = (
				A14F52F82189C1F200D4C284 /* PushNotifications.framework */,
			);
			name = Frameworks;
			sourceTree = "<group>";
		};
		F2665E1020FE4F49002A0A3D /* Assets */ = {
			isa = PBXGroup;
			children = (
				33F1FC2A210734A90083E05E /* test-image.gif */,
				37DEF4D521A4835900F924EC /* lol ? wut ?&...json */,
			);
			path = Assets;
			sourceTree = "<group>";
		};
/* End PBXGroup section */

/* Begin PBXHeadersBuildPhase section */
		33831C861A9CF61600B124F1 /* Headers */ = {
			isa = PBXHeadersBuildPhase;
			buildActionMask = 2147483647;
			files = (
				33AE481E1EAE2D14006C27A6 /* PusherChatkit.h in Headers */,
			);
			runOnlyForDeploymentPostprocessing = 0;
		};
/* End PBXHeadersBuildPhase section */

/* Begin PBXNativeTarget section */
		33831C881A9CF61600B124F1 /* PusherChatkit */ = {
			isa = PBXNativeTarget;
			buildConfigurationList = 33831C9D1A9CF61600B124F1 /* Build configuration list for PBXNativeTarget "PusherChatkit" */;
			buildPhases = (
				33831C841A9CF61600B124F1 /* Sources */,
				50355EA8A07B4B8038A4DDF1 /* Frameworks */,
				33831C861A9CF61600B124F1 /* Headers */,
				33831C871A9CF61600B124F1 /* Resources */,
			);
			buildRules = (
			);
			dependencies = (
			);
			name = PusherChatkit;
			productName = PusherSwift;
			productReference = 33831C891A9CF61600B124F1 /* PusherChatkit.framework */;
			productType = "com.apple.product-type.framework";
		};
		33831C931A9CF61600B124F1 /* PusherChatkitTests */ = {
			isa = PBXNativeTarget;
			buildConfigurationList = 33831CA01A9CF61600B124F1 /* Build configuration list for PBXNativeTarget "PusherChatkitTests" */;
			buildPhases = (
				33831C901A9CF61600B124F1 /* Sources */,
				33831C911A9CF61600B124F1 /* Frameworks */,
				33831C921A9CF61600B124F1 /* Resources */,
				3301FDDB204700BE00AE591A /* Copy Carthage Frameworks */,
			);
			buildRules = (
			);
			dependencies = (
				33831C971A9CF61600B124F1 /* PBXTargetDependency */,
			);
			name = PusherChatkitTests;
			productName = PusherSwiftTests;
			productReference = 33831C941A9CF61600B124F1 /* PusherChatkitTests.xctest */;
			productType = "com.apple.product-type.bundle.unit-test";
		};
/* End PBXNativeTarget section */

/* Begin PBXProject section */
		33831C4A1A9CEDF800B124F1 /* Project object */ = {
			isa = PBXProject;
			attributes = {
				LastSwiftUpdateCheck = 0700;
				LastUpgradeCheck = 0930;
				TargetAttributes = {
					33831C881A9CF61600B124F1 = {
						CreatedOnToolsVersion = 6.3;
						DevelopmentTeam = H7FL434D9W;
						LastSwiftMigration = 1000;
					};
					33831C931A9CF61600B124F1 = {
						CreatedOnToolsVersion = 6.3;
						LastSwiftMigration = 1000;
					};
				};
			};
			buildConfigurationList = 33831C4D1A9CEDF800B124F1 /* Build configuration list for PBXProject "PusherChatkit" */;
			compatibilityVersion = "Xcode 3.2";
			developmentRegion = English;
			hasScannedForEncodings = 0;
			knownRegions = (
				English,
				en,
			);
			mainGroup = 33831C491A9CEDF800B124F1;
			productRefGroup = 33831C8A1A9CF61600B124F1 /* Products */;
			projectDirPath = "";
			projectRoot = "";
			targets = (
				33831C881A9CF61600B124F1 /* PusherChatkit */,
				33831C931A9CF61600B124F1 /* PusherChatkitTests */,
			);
		};
/* End PBXProject section */

/* Begin PBXResourcesBuildPhase section */
		33831C871A9CF61600B124F1 /* Resources */ = {
			isa = PBXResourcesBuildPhase;
			buildActionMask = 2147483647;
			files = (
				37DEF4D621A4835900F924EC /* lol ? wut ?&...json in Resources */,
			);
			runOnlyForDeploymentPostprocessing = 0;
		};
		33831C921A9CF61600B124F1 /* Resources */ = {
			isa = PBXResourcesBuildPhase;
			buildActionMask = 2147483647;
			files = (
				37DEF4D721A485F400F924EC /* lol ? wut ?&...json in Resources */,
				33F1FC2B210734A90083E05E /* test-image.gif in Resources */,
			);
			runOnlyForDeploymentPostprocessing = 0;
		};
/* End PBXResourcesBuildPhase section */

/* Begin PBXShellScriptBuildPhase section */
		3301FDDB204700BE00AE591A /* Copy Carthage Frameworks */ = {
			isa = PBXShellScriptBuildPhase;
			buildActionMask = 2147483647;
			files = (
			);
			inputPaths = (
				PusherPlatform,
				Mockingjay,
				CryptoSwift,
			);
			name = "Copy Carthage Frameworks";
			outputPaths = (
			);
			runOnlyForDeploymentPostprocessing = 0;
			shellPath = /bin/sh;
			shellScript = "case \"$PLATFORM_NAME\" in\nmacosx) plat=Mac;;\niphone*) plat=iOS;;\nwatch*) plat=watchOS;;\ntv*) plat=tvOS;;\nappletv*) plat=tvOS;;\n*) echo \"error: Unknown PLATFORM_NAME: $PLATFORM_NAME\"; exit 1;;\nesac\n\nif [[ $plat != \"tvOS\" ]] && [[ $plat != \"watchOS\" ]]\nthen\nexport SCRIPT_INPUT_FILE_$SCRIPT_INPUT_FILE_COUNT=\"PushNotifications\"\nexport SCRIPT_INPUT_FILE_COUNT=$(($SCRIPT_INPUT_FILE_COUNT+1))\nfi\n\nfor (( n = 0; n < SCRIPT_INPUT_FILE_COUNT; n++ )); do\nVAR=SCRIPT_INPUT_FILE_$n\nframework=$(basename \"${!VAR}\")\nexport SCRIPT_INPUT_FILE_$n=\"$SRCROOT\"/Carthage/Build/$plat/\"$framework\".framework\ndone\n\n/usr/local/bin/carthage copy-frameworks || exit\n\nfor (( n = 0; n < SCRIPT_INPUT_FILE_COUNT; n++ )); do\nVAR=SCRIPT_INPUT_FILE_$n\nsource=${!VAR}.dSYM\ndest=${BUILT_PRODUCTS_DIR}/$(basename \"$source\")\nditto \"$source\" \"$dest\" || exit\ndone\n";
		};
/* End PBXShellScriptBuildPhase section */

/* Begin PBXSourcesBuildPhase section */
		33831C841A9CF61600B124F1 /* Sources */ = {
			isa = PBXSourcesBuildPhase;
			buildActionMask = 2147483647;
			files = (
				90FC150D2224421F00EF464C /* PCMultipartAttachmentUploader.swift in Sources */,
				331421371EDDA91A00D0B6DB /* PCPresencePayload.swift in Sources */,
				3388D5FB1EAE4E640072A742 /* PCRoomSubscription.swift in Sources */,
				334B9A311ECD98A7007A3D3B /* PCBasicMessage.swift in Sources */,
				3361E7C12028753100F50580 /* PCConnectionCoordinator.swift in Sources */,
				331421311ED32B5F00D0B6DB /* PCBasicUser.swift in Sources */,
				3388D5EF1EAE4DA90072A742 /* ChatManager.swift in Sources */,
				33C5D8F5202082EB00E826FB /* PCBasicCursor.swift in Sources */,
				334B9A331ECD98FA007A3D3B /* PCBasicMessageEnricher.swift in Sources */,
				3775A83F21EE3845002297FA /* PCUpdatable.swift in Sources */,
				3388D5F91EAE4E4A0072A742 /* PCUser.swift in Sources */,
				331F9BD91EBC80FA00C3F678 /* PCPayloadDeserializer.swift in Sources */,
				335A9B59210B570700ACFC35 /* PCMembershipSubscription.swift in Sources */,
				3336C8171EE046F0005EB69A /* PCUserStoreCore.swift in Sources */,
				3388D5FD1EAE4EAC0072A742 /* PCUserSubscription.swift in Sources */,
				33BA5640200E640600FFC587 /* PCAttachmentUploadResponse.swift in Sources */,
				334B9A2B1ECC9F7A007A3D3B /* PCGlobalUserStore.swift in Sources */,
				33BA563C200E634C00FFC587 /* PCAttachmentType.swift in Sources */,
				331421351EDD8CDC00D0B6DB /* PCPresenceSubscription.swift in Sources */,
				3336C8151EE045FE005EB69A /* PCRoomUserStore.swift in Sources */,
				33BA301521106416000E0832 /* PCSynchronizedDictionary.swift in Sources */,
				33C5D8FD2020AA4C00E826FB /* PCBasicCursorEnricher.swift in Sources */,
				335AD64E205982C1000D4D08 /* PCBasicCurrentUser.swift in Sources */,
				33023E23200CB4A4001937C6 /* PCAttachment.swift in Sources */,
				334B9A2D1ECCA16A007A3D3B /* PCRoomStore.swift in Sources */,
				3388D5F51EAE4E100072A742 /* PCMessage.swift in Sources */,
				333F8EF120936F1200072799 /* PCDefaults.swift in Sources */,
				3775A84121EE4177002297FA /* PCSubscriptionEventError.swift in Sources */,
				3388D5F71EAE4E330072A742 /* PCCurrentUser.swift in Sources */,
				37C526D621E3789B00309E3C /* InitialStateResult.swift in Sources */,
				337C0B28205FFC7E00BB977A /* PCSharedInstanceOptions.swift in Sources */,
				3388D5F11EAE4DD40072A742 /* PCChatManagerDelegate.swift in Sources */,
				33072A0720923BBC00E85E6B /* PCReadCursorDebouncerManager.swift in Sources */,
				3388D5F31EAE4DFB0072A742 /* PCRoom.swift in Sources */,
				33C5D8F72020837100E826FB /* PCCursorType.swift in Sources */,
				335AD5E6205828F7000D4D08 /* PCCursorStore.swift in Sources */,
				3314212F1ED32AE700D0B6DB /* PCProgressCounter.swift in Sources */,
				90CF0391221AD1A300FAE8B2 /* PCBasicMultipartMessage.swift in Sources */,
				33BA3013210F4D5C000E0832 /* PCUserPresenceSubscription.swift in Sources */,
				335AD8F8205C10AD000D4D08 /* PCMessageSubscription.swift in Sources */,
				90FC150B22201A8E00EF464C /* PCMultipartMessageRequest.swift in Sources */,
				374C814A21F0DA98008ECEBD /* PCDateFormatter.swift in Sources */,
				90690D15221438D900645E8A /* PCMultipartMessage.swift in Sources */,
				339CABD31EC3078200FDFB58 /* PCRoomDelegate.swift in Sources */,
				33C5D8FB2020854A00E826FB /* PCCursor.swift in Sources */,
				3704959A21876E3200DFC497 /* PCPresenceStateChange.swift in Sources */,
				A14B8C3C2191AD1D0039AD5D /* ChatkitBeamsTokenProvider.swift in Sources */,
				3397D4C21EC2017000DD5994 /* PCSynchronizedArray.swift in Sources */,
				ED38C27822E0AA4300BF8DC2 /* DispatchSemaphore.swift in Sources */,
				33B3DD9F1EF7E2F60050CA02 /* PCTokenProvider.swift in Sources */,
				33E3EBC7200E2368003D888D /* PPTypealiases.swift in Sources */,
				33C5D8F92020842200E826FB /* PCCursorSubscription.swift in Sources */,
				331421331ED33C1400D0B6DB /* PCTypingIndicatorManager.swift in Sources */,
			);
			runOnlyForDeploymentPostprocessing = 0;
		};
		33831C901A9CF61600B124F1 /* Sources */ = {
			isa = PBXSourcesBuildPhase;
			buildActionMask = 2147483647;
			files = (
				F2665E0F20FE025D002A0A3D /* MessageTests.swift in Sources */,
				37DEF4D221A456C200F924EC /* RoomTests.swift in Sources */,
				339768F320F4CC6700BCB10B /* TestConfig.swift in Sources */,
				F2AA717520F7616000BC01DE /* CursorTests.swift in Sources */,
				339768F720F4EEEC00BCB10B /* Helpers.swift in Sources */,
				3762F45321A6ED20009D81CF /* ReconnectionTests.swift in Sources */,
				337C0C9620615A6600BB977A /* TokenProviderTests.swift in Sources */,
				331853B121060AA90070540C /* TestingDelegates.swift in Sources */,
				F2AA717920F8FBA400BC01DE /* TypingIndicatorTests.swift in Sources */,
				F2665DEE20FDEE56002A0A3D /* PresenceTests.swift in Sources */,
				33D2A5AF1E39075100EA7549 /* ChatManagerTests.swift in Sources */,
				372641F921F7599A00B77869 /* ConnectionTests.swift in Sources */,
				339768F520F4ED2F00BCB10B /* UserSubscriptionTests.swift in Sources */,
				33AF440820FC922F00336710 /* RoomMembershipTests.swift in Sources */,
				333D861820F4A97200734402 /* CurrentUserTests.swift in Sources */,
				33BC0810209A1765001DB5F9 /* DefaultsTests.swift in Sources */,
				372641FB21F8DC2900B77869 /* RoomEventBufferingTests.swift in Sources */,
				33EE67DD20F5176800B0F0AD /* TokenGenerator.swift in Sources */,
			);
			runOnlyForDeploymentPostprocessing = 0;
		};
/* End PBXSourcesBuildPhase section */

/* Begin PBXTargetDependency section */
		33831C971A9CF61600B124F1 /* PBXTargetDependency */ = {
			isa = PBXTargetDependency;
			target = 33831C881A9CF61600B124F1 /* PusherChatkit */;
			targetProxy = 33831C961A9CF61600B124F1 /* PBXContainerItemProxy */;
		};
/* End PBXTargetDependency section */

/* Begin XCBuildConfiguration section */
		33831C4E1A9CEDF800B124F1 /* Debug */ = {
			isa = XCBuildConfiguration;
			baseConfigurationReference = 33AE481F1EAE4020006C27A6 /* Carthage.xcconfig */;
			buildSettings = {
				ALWAYS_SEARCH_USER_PATHS = NO;
				CLANG_WARN_BLOCK_CAPTURE_AUTORELEASING = YES;
				CLANG_WARN_BOOL_CONVERSION = YES;
				CLANG_WARN_COMMA = YES;
				CLANG_WARN_CONSTANT_CONVERSION = YES;
				CLANG_WARN_DEPRECATED_OBJC_IMPLEMENTATIONS = YES;
				CLANG_WARN_EMPTY_BODY = YES;
				CLANG_WARN_ENUM_CONVERSION = YES;
				CLANG_WARN_INFINITE_RECURSION = YES;
				CLANG_WARN_INT_CONVERSION = YES;
				CLANG_WARN_NON_LITERAL_NULL_CONVERSION = YES;
				CLANG_WARN_OBJC_IMPLICIT_RETAIN_SELF = YES;
				CLANG_WARN_OBJC_LITERAL_CONVERSION = YES;
				CLANG_WARN_RANGE_LOOP_ANALYSIS = YES;
				CLANG_WARN_STRICT_PROTOTYPES = YES;
				CLANG_WARN_SUSPICIOUS_MOVE = YES;
				CLANG_WARN_UNREACHABLE_CODE = YES;
				CLANG_WARN__DUPLICATE_METHOD_MATCH = YES;
				CODE_SIGN_IDENTITY = "-";
				DEBUG_INFORMATION_FORMAT = dwarf;
				DEFINES_MODULE = YES;
				ENABLE_STRICT_OBJC_MSGSEND = YES;
				ENABLE_TESTABILITY = YES;
				GCC_NO_COMMON_BLOCKS = YES;
				GCC_WARN_64_TO_32_BIT_CONVERSION = YES;
				GCC_WARN_ABOUT_RETURN_TYPE = YES;
				GCC_WARN_UNDECLARED_SELECTOR = YES;
				GCC_WARN_UNINITIALIZED_AUTOS = YES;
				GCC_WARN_UNUSED_FUNCTION = YES;
				GCC_WARN_UNUSED_VARIABLE = YES;
				IPHONEOS_DEPLOYMENT_TARGET = 9.0;
				MACOSX_DEPLOYMENT_TARGET = 10.12;
				ONLY_ACTIVE_ARCH = YES;
				SDKROOT = "";
				SUPPORTED_PLATFORMS = "macosx iphonesimulator appletvsimulator watchsimulator watchos appletvos iphoneos";
				SWIFT_SWIFT3_OBJC_INFERENCE = Default;
				SWIFT_VERSION = 4.0;
				TVOS_DEPLOYMENT_TARGET = 9.2;
				WATCHOS_DEPLOYMENT_TARGET = 2.0;
			};
			name = Debug;
		};
		33831C4F1A9CEDF800B124F1 /* Release */ = {
			isa = XCBuildConfiguration;
			baseConfigurationReference = 33AE481F1EAE4020006C27A6 /* Carthage.xcconfig */;
			buildSettings = {
				ALWAYS_SEARCH_USER_PATHS = NO;
				CLANG_WARN_BLOCK_CAPTURE_AUTORELEASING = YES;
				CLANG_WARN_BOOL_CONVERSION = YES;
				CLANG_WARN_COMMA = YES;
				CLANG_WARN_CONSTANT_CONVERSION = YES;
				CLANG_WARN_DEPRECATED_OBJC_IMPLEMENTATIONS = YES;
				CLANG_WARN_EMPTY_BODY = YES;
				CLANG_WARN_ENUM_CONVERSION = YES;
				CLANG_WARN_INFINITE_RECURSION = YES;
				CLANG_WARN_INT_CONVERSION = YES;
				CLANG_WARN_NON_LITERAL_NULL_CONVERSION = YES;
				CLANG_WARN_OBJC_IMPLICIT_RETAIN_SELF = YES;
				CLANG_WARN_OBJC_LITERAL_CONVERSION = YES;
				CLANG_WARN_RANGE_LOOP_ANALYSIS = YES;
				CLANG_WARN_STRICT_PROTOTYPES = YES;
				CLANG_WARN_SUSPICIOUS_MOVE = YES;
				CLANG_WARN_UNREACHABLE_CODE = YES;
				CLANG_WARN__DUPLICATE_METHOD_MATCH = YES;
				CODE_SIGN_IDENTITY = "-";
				DEBUG_INFORMATION_FORMAT = "dwarf-with-dsym";
				DEFINES_MODULE = YES;
				ENABLE_STRICT_OBJC_MSGSEND = YES;
				GCC_NO_COMMON_BLOCKS = YES;
				GCC_WARN_64_TO_32_BIT_CONVERSION = YES;
				GCC_WARN_ABOUT_RETURN_TYPE = YES;
				GCC_WARN_UNDECLARED_SELECTOR = YES;
				GCC_WARN_UNINITIALIZED_AUTOS = YES;
				GCC_WARN_UNUSED_FUNCTION = YES;
				GCC_WARN_UNUSED_VARIABLE = YES;
				IPHONEOS_DEPLOYMENT_TARGET = 9.0;
				MACOSX_DEPLOYMENT_TARGET = 10.12;
				SDKROOT = "";
				SUPPORTED_PLATFORMS = "macosx iphonesimulator appletvsimulator watchsimulator watchos appletvos iphoneos";
				SWIFT_OPTIMIZATION_LEVEL = "-Owholemodule";
				SWIFT_SWIFT3_OBJC_INFERENCE = Default;
				SWIFT_VERSION = 4.0;
				TVOS_DEPLOYMENT_TARGET = 9.2;
				WATCHOS_DEPLOYMENT_TARGET = 2.0;
			};
			name = Release;
		};
		33831C9E1A9CF61600B124F1 /* Debug */ = {
			isa = XCBuildConfiguration;
			buildSettings = {
				ALWAYS_SEARCH_USER_PATHS = NO;
				APPLICATION_EXTENSION_API_ONLY = YES;
				CLANG_CXX_LANGUAGE_STANDARD = "gnu++0x";
				CLANG_CXX_LIBRARY = "libc++";
				CLANG_ENABLE_MODULES = YES;
				CLANG_ENABLE_OBJC_ARC = YES;
				CLANG_WARN_BOOL_CONVERSION = YES;
				CLANG_WARN_CONSTANT_CONVERSION = YES;
				CLANG_WARN_DIRECT_OBJC_ISA_USAGE = YES_ERROR;
				CLANG_WARN_EMPTY_BODY = YES;
				CLANG_WARN_ENUM_CONVERSION = YES;
				CLANG_WARN_INT_CONVERSION = YES;
				CLANG_WARN_OBJC_ROOT_CLASS = YES_ERROR;
				CLANG_WARN_UNREACHABLE_CODE = YES;
				CLANG_WARN__DUPLICATE_METHOD_MATCH = YES;
				CODE_SIGN_IDENTITY = "";
				COPY_PHASE_STRIP = NO;
				CURRENT_PROJECT_VERSION = 1;
				DEBUG_INFORMATION_FORMAT = dwarf;
				DEFINES_MODULE = YES;
				DEVELOPMENT_TEAM = H7FL434D9W;
				DYLIB_COMPATIBILITY_VERSION = 1;
				DYLIB_CURRENT_VERSION = 1;
				DYLIB_INSTALL_NAME_BASE = "@rpath";
				ENABLE_STRICT_OBJC_MSGSEND = YES;
				GCC_C_LANGUAGE_STANDARD = gnu99;
				GCC_DYNAMIC_NO_PIC = NO;
				GCC_OPTIMIZATION_LEVEL = 0;
				GCC_PREPROCESSOR_DEFINITIONS = (
					"DEBUG=1",
					"$(inherited)",
				);
				GCC_SYMBOLS_PRIVATE_EXTERN = NO;
				GCC_WARN_64_TO_32_BIT_CONVERSION = YES;
				GCC_WARN_ABOUT_RETURN_TYPE = YES_ERROR;
				GCC_WARN_UNDECLARED_SELECTOR = YES;
				GCC_WARN_UNINITIALIZED_AUTOS = YES_AGGRESSIVE;
				GCC_WARN_UNUSED_FUNCTION = YES;
				GCC_WARN_UNUSED_VARIABLE = YES;
				INFOPLIST_FILE = "$(SRCROOT)/Sources/Info.plist";
				INSTALL_PATH = "$(LOCAL_LIBRARY_DIR)/Frameworks";
				IPHONEOS_DEPLOYMENT_TARGET = 10.0;
				LD_RUNPATH_SEARCH_PATHS = "$(inherited) @executable_path/Frameworks @loader_path/Frameworks";
				MACOSX_DEPLOYMENT_TARGET = 10.12;
				MTL_ENABLE_DEBUG_INFO = YES;
				ONLY_ACTIVE_ARCH = YES;
				PRODUCT_BUNDLE_IDENTIFIER = com.pusher.PusherChatkit;
				PRODUCT_NAME = PusherChatkit;
				PROVISIONING_PROFILE = "";
				SDKROOT = "";
				SKIP_INSTALL = YES;
				SUPPORTED_PLATFORMS = "iphonesimulator iphoneos macosx appletvsimulator watchsimulator watchos appletvos";
				SWIFT_OPTIMIZATION_LEVEL = "-Onone";
				SWIFT_VERSION = 4.2;
				TARGETED_DEVICE_FAMILY = "1,2,3,4";
				TVOS_DEPLOYMENT_TARGET = 10.0;
				VERSIONING_SYSTEM = "apple-generic";
				VERSION_INFO_PREFIX = "";
				WATCHOS_DEPLOYMENT_TARGET = 3.0;
			};
			name = Debug;
		};
		33831C9F1A9CF61600B124F1 /* Release */ = {
			isa = XCBuildConfiguration;
			buildSettings = {
				ALWAYS_SEARCH_USER_PATHS = NO;
				APPLICATION_EXTENSION_API_ONLY = YES;
				CLANG_CXX_LANGUAGE_STANDARD = "gnu++0x";
				CLANG_CXX_LIBRARY = "libc++";
				CLANG_ENABLE_MODULES = YES;
				CLANG_ENABLE_OBJC_ARC = YES;
				CLANG_WARN_BOOL_CONVERSION = YES;
				CLANG_WARN_CONSTANT_CONVERSION = YES;
				CLANG_WARN_DIRECT_OBJC_ISA_USAGE = YES_ERROR;
				CLANG_WARN_EMPTY_BODY = YES;
				CLANG_WARN_ENUM_CONVERSION = YES;
				CLANG_WARN_INT_CONVERSION = YES;
				CLANG_WARN_OBJC_ROOT_CLASS = YES_ERROR;
				CLANG_WARN_UNREACHABLE_CODE = YES;
				CLANG_WARN__DUPLICATE_METHOD_MATCH = YES;
				CODE_SIGN_IDENTITY = "";
				COPY_PHASE_STRIP = NO;
				CURRENT_PROJECT_VERSION = 1;
				DEBUG_INFORMATION_FORMAT = "dwarf-with-dsym";
				DEFINES_MODULE = YES;
				DYLIB_COMPATIBILITY_VERSION = 1;
				DYLIB_CURRENT_VERSION = 1;
				DYLIB_INSTALL_NAME_BASE = "@rpath";
				ENABLE_NS_ASSERTIONS = NO;
				ENABLE_STRICT_OBJC_MSGSEND = YES;
				GCC_C_LANGUAGE_STANDARD = gnu99;
				GCC_WARN_64_TO_32_BIT_CONVERSION = YES;
				GCC_WARN_ABOUT_RETURN_TYPE = YES_ERROR;
				GCC_WARN_UNDECLARED_SELECTOR = YES;
				GCC_WARN_UNINITIALIZED_AUTOS = YES_AGGRESSIVE;
				GCC_WARN_UNUSED_FUNCTION = YES;
				GCC_WARN_UNUSED_VARIABLE = YES;
				INFOPLIST_FILE = "$(SRCROOT)/Sources/Info.plist";
				INSTALL_PATH = "$(LOCAL_LIBRARY_DIR)/Frameworks";
				IPHONEOS_DEPLOYMENT_TARGET = 10.0;
				LD_RUNPATH_SEARCH_PATHS = "$(inherited) @executable_path/Frameworks @loader_path/Frameworks";
				MACOSX_DEPLOYMENT_TARGET = 10.12;
				MTL_ENABLE_DEBUG_INFO = NO;
				PRODUCT_BUNDLE_IDENTIFIER = com.pusher.PusherChatkit;
				PRODUCT_NAME = PusherChatkit;
				PROVISIONING_PROFILE = "";
				SDKROOT = "";
				SKIP_INSTALL = YES;
				SUPPORTED_PLATFORMS = "iphonesimulator iphoneos macosx appletvsimulator watchsimulator watchos appletvos";
				SWIFT_VERSION = 4.2;
				TARGETED_DEVICE_FAMILY = "1,2,3,4";
				TVOS_DEPLOYMENT_TARGET = 10.0;
				VALIDATE_PRODUCT = YES;
				VERSIONING_SYSTEM = "apple-generic";
				VERSION_INFO_PREFIX = "";
				WATCHOS_DEPLOYMENT_TARGET = 3.0;
			};
			name = Release;
		};
		33831CA11A9CF61600B124F1 /* Debug */ = {
			isa = XCBuildConfiguration;
			buildSettings = {
				ALWAYS_EMBED_SWIFT_STANDARD_LIBRARIES = YES;
				ALWAYS_SEARCH_USER_PATHS = NO;
				CLANG_CXX_LANGUAGE_STANDARD = "gnu++0x";
				CLANG_CXX_LIBRARY = "libc++";
				CLANG_ENABLE_MODULES = YES;
				CLANG_ENABLE_OBJC_ARC = YES;
				CLANG_WARN_BOOL_CONVERSION = YES;
				CLANG_WARN_CONSTANT_CONVERSION = YES;
				CLANG_WARN_DIRECT_OBJC_ISA_USAGE = YES_ERROR;
				CLANG_WARN_EMPTY_BODY = YES;
				CLANG_WARN_ENUM_CONVERSION = YES;
				CLANG_WARN_INT_CONVERSION = YES;
				CLANG_WARN_OBJC_ROOT_CLASS = YES_ERROR;
				CLANG_WARN_UNREACHABLE_CODE = YES;
				CLANG_WARN__DUPLICATE_METHOD_MATCH = YES;
				"CODE_SIGN_IDENTITY[sdk=iphoneos*]" = "iPhone Developer";
				COPY_PHASE_STRIP = NO;
				DEBUG_INFORMATION_FORMAT = dwarf;
				ENABLE_STRICT_OBJC_MSGSEND = YES;
				FRAMEWORK_SEARCH_PATHS = "$(inherited)";
				GCC_C_LANGUAGE_STANDARD = gnu99;
				GCC_DYNAMIC_NO_PIC = NO;
				GCC_OPTIMIZATION_LEVEL = 0;
				GCC_PREPROCESSOR_DEFINITIONS = (
					"DEBUG=1",
					"$(inherited)",
				);
				GCC_SYMBOLS_PRIVATE_EXTERN = NO;
				GCC_WARN_64_TO_32_BIT_CONVERSION = YES;
				GCC_WARN_ABOUT_RETURN_TYPE = YES_ERROR;
				GCC_WARN_UNDECLARED_SELECTOR = YES;
				GCC_WARN_UNINITIALIZED_AUTOS = YES_AGGRESSIVE;
				GCC_WARN_UNUSED_FUNCTION = YES;
				GCC_WARN_UNUSED_VARIABLE = YES;
				INFOPLIST_FILE = "$(SRCROOT)/Tests/Supporting Files/Info.plist";
				IPHONEOS_DEPLOYMENT_TARGET = 10.0;
				LD_RUNPATH_SEARCH_PATHS = "$(inherited) @executable_path/Frameworks @loader_path/Frameworks";
				"LD_RUNPATH_SEARCH_PATHS[sdk=macosx*]" = "$(inherited) @executable_path/../Frameworks @loader_path/../Frameworks";
				MACOSX_DEPLOYMENT_TARGET = 10.12;
				MTL_ENABLE_DEBUG_INFO = YES;
				ONLY_ACTIVE_ARCH = YES;
				PRODUCT_BUNDLE_IDENTIFIER = "com.pusher.$(PRODUCT_NAME:rfc1034identifier)";
				PRODUCT_NAME = PusherChatkitTests;
				SDKROOT = "";
				SUPPORTED_PLATFORMS = "iphonesimulator iphoneos macosx appletvsimulator appletvos watchsimulator watchos";
				SWIFT_OPTIMIZATION_LEVEL = "-Onone";
				SWIFT_VERSION = 4.2;
				TVOS_DEPLOYMENT_TARGET = 10.0;
				WATCHOS_DEPLOYMENT_TARGET = 3.0;
			};
			name = Debug;
		};
		33831CA21A9CF61600B124F1 /* Release */ = {
			isa = XCBuildConfiguration;
			buildSettings = {
				ALWAYS_EMBED_SWIFT_STANDARD_LIBRARIES = YES;
				ALWAYS_SEARCH_USER_PATHS = NO;
				CLANG_CXX_LANGUAGE_STANDARD = "gnu++0x";
				CLANG_CXX_LIBRARY = "libc++";
				CLANG_ENABLE_MODULES = YES;
				CLANG_ENABLE_OBJC_ARC = YES;
				CLANG_WARN_BOOL_CONVERSION = YES;
				CLANG_WARN_CONSTANT_CONVERSION = YES;
				CLANG_WARN_DIRECT_OBJC_ISA_USAGE = YES_ERROR;
				CLANG_WARN_EMPTY_BODY = YES;
				CLANG_WARN_ENUM_CONVERSION = YES;
				CLANG_WARN_INT_CONVERSION = YES;
				CLANG_WARN_OBJC_ROOT_CLASS = YES_ERROR;
				CLANG_WARN_UNREACHABLE_CODE = YES;
				CLANG_WARN__DUPLICATE_METHOD_MATCH = YES;
				"CODE_SIGN_IDENTITY[sdk=iphoneos*]" = "iPhone Developer";
				COPY_PHASE_STRIP = NO;
				DEBUG_INFORMATION_FORMAT = "dwarf-with-dsym";
				ENABLE_NS_ASSERTIONS = NO;
				ENABLE_STRICT_OBJC_MSGSEND = YES;
				FRAMEWORK_SEARCH_PATHS = "$(inherited)";
				GCC_C_LANGUAGE_STANDARD = gnu99;
				GCC_WARN_64_TO_32_BIT_CONVERSION = YES;
				GCC_WARN_ABOUT_RETURN_TYPE = YES_ERROR;
				GCC_WARN_UNDECLARED_SELECTOR = YES;
				GCC_WARN_UNINITIALIZED_AUTOS = YES_AGGRESSIVE;
				GCC_WARN_UNUSED_FUNCTION = YES;
				GCC_WARN_UNUSED_VARIABLE = YES;
				INFOPLIST_FILE = "$(SRCROOT)/Tests/Supporting Files/Info.plist";
				IPHONEOS_DEPLOYMENT_TARGET = 10.0;
				LD_RUNPATH_SEARCH_PATHS = "$(inherited) @executable_path/Frameworks @loader_path/Frameworks";
				"LD_RUNPATH_SEARCH_PATHS[sdk=macosx*]" = "$(inherited) @executable_path/../Frameworks @loader_path/../Frameworks";
				MACOSX_DEPLOYMENT_TARGET = 10.12;
				MTL_ENABLE_DEBUG_INFO = NO;
				PRODUCT_BUNDLE_IDENTIFIER = "com.pusher.$(PRODUCT_NAME:rfc1034identifier)";
				PRODUCT_NAME = PusherChatkitTests;
				SDKROOT = "";
				SUPPORTED_PLATFORMS = "iphonesimulator iphoneos macosx appletvsimulator appletvos watchsimulator watchos";
				SWIFT_VERSION = 4.2;
				TVOS_DEPLOYMENT_TARGET = 10.0;
				VALIDATE_PRODUCT = YES;
				WATCHOS_DEPLOYMENT_TARGET = 3.0;
			};
			name = Release;
		};
/* End XCBuildConfiguration section */

/* Begin XCConfigurationList section */
		33831C4D1A9CEDF800B124F1 /* Build configuration list for PBXProject "PusherChatkit" */ = {
			isa = XCConfigurationList;
			buildConfigurations = (
				33831C4E1A9CEDF800B124F1 /* Debug */,
				33831C4F1A9CEDF800B124F1 /* Release */,
			);
			defaultConfigurationIsVisible = 0;
			defaultConfigurationName = Release;
		};
		33831C9D1A9CF61600B124F1 /* Build configuration list for PBXNativeTarget "PusherChatkit" */ = {
			isa = XCConfigurationList;
			buildConfigurations = (
				33831C9E1A9CF61600B124F1 /* Debug */,
				33831C9F1A9CF61600B124F1 /* Release */,
			);
			defaultConfigurationIsVisible = 0;
			defaultConfigurationName = Release;
		};
		33831CA01A9CF61600B124F1 /* Build configuration list for PBXNativeTarget "PusherChatkitTests" */ = {
			isa = XCConfigurationList;
			buildConfigurations = (
				33831CA11A9CF61600B124F1 /* Debug */,
				33831CA21A9CF61600B124F1 /* Release */,
			);
			defaultConfigurationIsVisible = 0;
			defaultConfigurationName = Release;
		};
/* End XCConfigurationList section */
	};
	rootObject = 33831C4A1A9CEDF800B124F1 /* Project object */;
}
