// !$*UTF8*$!
{
	archiveVersion = 1;
	classes = {
	};
	objectVersion = 46;
	objects = {

/* Begin PBXBuildFile section */
		3314212F1ED32AE700D0B6DB /* PCProgressCounter.swift in Sources */ = {isa = PBXBuildFile; fileRef = 3314212E1ED32AE700D0B6DB /* PCProgressCounter.swift */; };
		331421311ED32B5F00D0B6DB /* PCBasicUser.swift in Sources */ = {isa = PBXBuildFile; fileRef = 331421301ED32B5F00D0B6DB /* PCBasicUser.swift */; };
		331421331ED33C1400D0B6DB /* PCTypingIndicatorManager.swift in Sources */ = {isa = PBXBuildFile; fileRef = 331421321ED33C1400D0B6DB /* PCTypingIndicatorManager.swift */; };
		331421351EDD8CDC00D0B6DB /* PCPresenceSubscription.swift in Sources */ = {isa = PBXBuildFile; fileRef = 331421341EDD8CDC00D0B6DB /* PCPresenceSubscription.swift */; };
		331421371EDDA91A00D0B6DB /* PCPresencePayload.swift in Sources */ = {isa = PBXBuildFile; fileRef = 331421361EDDA91A00D0B6DB /* PCPresencePayload.swift */; };
		331F9BD91EBC80FA00C3F678 /* PCPayloadDeserializer.swift in Sources */ = {isa = PBXBuildFile; fileRef = 331F9BD81EBC80FA00C3F678 /* PCPayloadDeserializer.swift */; };
		3336C8151EE045FE005EB69A /* PCRoomUserStore.swift in Sources */ = {isa = PBXBuildFile; fileRef = 3336C8141EE045FE005EB69A /* PCRoomUserStore.swift */; };
		3336C8171EE046F0005EB69A /* PCUserStoreCore.swift in Sources */ = {isa = PBXBuildFile; fileRef = 3336C8161EE046F0005EB69A /* PCUserStoreCore.swift */; };
		334B9A2B1ECC9F7A007A3D3B /* PCGlobalUserStore.swift in Sources */ = {isa = PBXBuildFile; fileRef = 334B9A2A1ECC9F7A007A3D3B /* PCGlobalUserStore.swift */; };
		334B9A2D1ECCA16A007A3D3B /* PCRoomStore.swift in Sources */ = {isa = PBXBuildFile; fileRef = 334B9A2C1ECCA16A007A3D3B /* PCRoomStore.swift */; };
		334B9A311ECD98A7007A3D3B /* PCBasicMessage.swift in Sources */ = {isa = PBXBuildFile; fileRef = 334B9A301ECD98A7007A3D3B /* PCBasicMessage.swift */; };
		334B9A331ECD98FA007A3D3B /* PCBasicMessageEnricher.swift in Sources */ = {isa = PBXBuildFile; fileRef = 334B9A321ECD98FA007A3D3B /* PCBasicMessageEnricher.swift */; };
		3388D5EF1EAE4DA90072A742 /* ChatManager.swift in Sources */ = {isa = PBXBuildFile; fileRef = 3388D5EE1EAE4DA90072A742 /* ChatManager.swift */; };
		3388D5F11EAE4DD40072A742 /* PCChatManagerDelegate.swift in Sources */ = {isa = PBXBuildFile; fileRef = 3388D5F01EAE4DD40072A742 /* PCChatManagerDelegate.swift */; };
		3388D5F31EAE4DFB0072A742 /* PCRoom.swift in Sources */ = {isa = PBXBuildFile; fileRef = 3388D5F21EAE4DFB0072A742 /* PCRoom.swift */; };
		3388D5F51EAE4E100072A742 /* PCMessage.swift in Sources */ = {isa = PBXBuildFile; fileRef = 3388D5F41EAE4E100072A742 /* PCMessage.swift */; };
		3388D5F71EAE4E330072A742 /* PCCurrentUser.swift in Sources */ = {isa = PBXBuildFile; fileRef = 3388D5F61EAE4E330072A742 /* PCCurrentUser.swift */; };
		3388D5F91EAE4E4A0072A742 /* PCUser.swift in Sources */ = {isa = PBXBuildFile; fileRef = 3388D5F81EAE4E4A0072A742 /* PCUser.swift */; };
		3388D5FB1EAE4E640072A742 /* PCRoomSubscription.swift in Sources */ = {isa = PBXBuildFile; fileRef = 3388D5FA1EAE4E640072A742 /* PCRoomSubscription.swift */; };
		3388D5FD1EAE4EAC0072A742 /* PCUserSubscription.swift in Sources */ = {isa = PBXBuildFile; fileRef = 3388D5FC1EAE4EAC0072A742 /* PCUserSubscription.swift */; };
		3397D4C21EC2017000DD5994 /* PCSynchronizedArray.swift in Sources */ = {isa = PBXBuildFile; fileRef = 3397D4C11EC2017000DD5994 /* PCSynchronizedArray.swift */; };
		339CABD31EC3078200FDFB58 /* PCRoomDelegate.swift in Sources */ = {isa = PBXBuildFile; fileRef = 339CABD21EC3078200FDFB58 /* PCRoomDelegate.swift */; };
		33AE481E1EAE2D14006C27A6 /* PusherChatkit.h in Headers */ = {isa = PBXBuildFile; fileRef = 33346ABF1EAE1887002C58B8 /* PusherChatkit.h */; settings = {ATTRIBUTES = (Public, ); }; };
		33B3DD9F1EF7E2F60050CA02 /* PCTestingTokenProvider.swift in Sources */ = {isa = PBXBuildFile; fileRef = 33B3DD9E1EF7E2F60050CA02 /* PCTestingTokenProvider.swift */; };
		33D2A5AF1E39075100EA7549 /* DummyTests.swift in Sources */ = {isa = PBXBuildFile; fileRef = 33D2A5AD1E39074800EA7549 /* DummyTests.swift */; };
/* End PBXBuildFile section */

/* Begin PBXContainerItemProxy section */
		33831C961A9CF61600B124F1 /* PBXContainerItemProxy */ = {
			isa = PBXContainerItemProxy;
			containerPortal = 33831C4A1A9CEDF800B124F1 /* Project object */;
			proxyType = 1;
			remoteGlobalIDString = 33831C881A9CF61600B124F1;
			remoteInfo = PusherSwift;
		};
/* End PBXContainerItemProxy section */

/* Begin PBXFileReference section */
		3314212E1ED32AE700D0B6DB /* PCProgressCounter.swift */ = {isa = PBXFileReference; fileEncoding = 4; lastKnownFileType = sourcecode.swift; path = PCProgressCounter.swift; sourceTree = "<group>"; };
		331421301ED32B5F00D0B6DB /* PCBasicUser.swift */ = {isa = PBXFileReference; fileEncoding = 4; lastKnownFileType = sourcecode.swift; path = PCBasicUser.swift; sourceTree = "<group>"; };
		331421321ED33C1400D0B6DB /* PCTypingIndicatorManager.swift */ = {isa = PBXFileReference; fileEncoding = 4; lastKnownFileType = sourcecode.swift; path = PCTypingIndicatorManager.swift; sourceTree = "<group>"; };
		331421341EDD8CDC00D0B6DB /* PCPresenceSubscription.swift */ = {isa = PBXFileReference; fileEncoding = 4; lastKnownFileType = sourcecode.swift; path = PCPresenceSubscription.swift; sourceTree = "<group>"; };
		331421361EDDA91A00D0B6DB /* PCPresencePayload.swift */ = {isa = PBXFileReference; fileEncoding = 4; lastKnownFileType = sourcecode.swift; path = PCPresencePayload.swift; sourceTree = "<group>"; };
		331F9BD81EBC80FA00C3F678 /* PCPayloadDeserializer.swift */ = {isa = PBXFileReference; fileEncoding = 4; lastKnownFileType = sourcecode.swift; path = PCPayloadDeserializer.swift; sourceTree = "<group>"; };
		33346ABF1EAE1887002C58B8 /* PusherChatkit.h */ = {isa = PBXFileReference; fileEncoding = 4; lastKnownFileType = sourcecode.c.h; path = PusherChatkit.h; sourceTree = "<group>"; };
		3336C8141EE045FE005EB69A /* PCRoomUserStore.swift */ = {isa = PBXFileReference; fileEncoding = 4; lastKnownFileType = sourcecode.swift; path = PCRoomUserStore.swift; sourceTree = "<group>"; };
		3336C8161EE046F0005EB69A /* PCUserStoreCore.swift */ = {isa = PBXFileReference; fileEncoding = 4; lastKnownFileType = sourcecode.swift; path = PCUserStoreCore.swift; sourceTree = "<group>"; };
		334B9A2A1ECC9F7A007A3D3B /* PCGlobalUserStore.swift */ = {isa = PBXFileReference; fileEncoding = 4; lastKnownFileType = sourcecode.swift; path = PCGlobalUserStore.swift; sourceTree = "<group>"; };
		334B9A2C1ECCA16A007A3D3B /* PCRoomStore.swift */ = {isa = PBXFileReference; fileEncoding = 4; lastKnownFileType = sourcecode.swift; path = PCRoomStore.swift; sourceTree = "<group>"; };
		334B9A301ECD98A7007A3D3B /* PCBasicMessage.swift */ = {isa = PBXFileReference; fileEncoding = 4; lastKnownFileType = sourcecode.swift; path = PCBasicMessage.swift; sourceTree = "<group>"; };
		334B9A321ECD98FA007A3D3B /* PCBasicMessageEnricher.swift */ = {isa = PBXFileReference; fileEncoding = 4; lastKnownFileType = sourcecode.swift; path = PCBasicMessageEnricher.swift; sourceTree = "<group>"; };
		33831C891A9CF61600B124F1 /* PusherChatkit.framework */ = {isa = PBXFileReference; explicitFileType = wrapper.framework; includeInIndex = 0; path = PusherChatkit.framework; sourceTree = BUILT_PRODUCTS_DIR; };
		33831C8D1A9CF61600B124F1 /* Info.plist */ = {isa = PBXFileReference; lastKnownFileType = text.plist.xml; path = Info.plist; sourceTree = "<group>"; };
		33831C941A9CF61600B124F1 /* PusherChatTests.xctest */ = {isa = PBXFileReference; explicitFileType = wrapper.cfbundle; includeInIndex = 0; path = PusherChatTests.xctest; sourceTree = BUILT_PRODUCTS_DIR; };
		3388D5EE1EAE4DA90072A742 /* ChatManager.swift */ = {isa = PBXFileReference; fileEncoding = 4; lastKnownFileType = sourcecode.swift; path = ChatManager.swift; sourceTree = "<group>"; };
		3388D5F01EAE4DD40072A742 /* PCChatManagerDelegate.swift */ = {isa = PBXFileReference; fileEncoding = 4; lastKnownFileType = sourcecode.swift; path = PCChatManagerDelegate.swift; sourceTree = "<group>"; };
		3388D5F21EAE4DFB0072A742 /* PCRoom.swift */ = {isa = PBXFileReference; fileEncoding = 4; lastKnownFileType = sourcecode.swift; path = PCRoom.swift; sourceTree = "<group>"; };
		3388D5F41EAE4E100072A742 /* PCMessage.swift */ = {isa = PBXFileReference; fileEncoding = 4; lastKnownFileType = sourcecode.swift; path = PCMessage.swift; sourceTree = "<group>"; };
		3388D5F61EAE4E330072A742 /* PCCurrentUser.swift */ = {isa = PBXFileReference; fileEncoding = 4; lastKnownFileType = sourcecode.swift; path = PCCurrentUser.swift; sourceTree = "<group>"; };
		3388D5F81EAE4E4A0072A742 /* PCUser.swift */ = {isa = PBXFileReference; fileEncoding = 4; lastKnownFileType = sourcecode.swift; path = PCUser.swift; sourceTree = "<group>"; };
		3388D5FA1EAE4E640072A742 /* PCRoomSubscription.swift */ = {isa = PBXFileReference; fileEncoding = 4; lastKnownFileType = sourcecode.swift; path = PCRoomSubscription.swift; sourceTree = "<group>"; };
		3388D5FC1EAE4EAC0072A742 /* PCUserSubscription.swift */ = {isa = PBXFileReference; fileEncoding = 4; lastKnownFileType = sourcecode.swift; path = PCUserSubscription.swift; sourceTree = "<group>"; };
		3397D4C11EC2017000DD5994 /* PCSynchronizedArray.swift */ = {isa = PBXFileReference; fileEncoding = 4; lastKnownFileType = sourcecode.swift; path = PCSynchronizedArray.swift; sourceTree = "<group>"; };
		339CABD21EC3078200FDFB58 /* PCRoomDelegate.swift */ = {isa = PBXFileReference; fileEncoding = 4; lastKnownFileType = sourcecode.swift; path = PCRoomDelegate.swift; sourceTree = "<group>"; };
		33AE481F1EAE4020006C27A6 /* Carthage.xcconfig */ = {isa = PBXFileReference; fileEncoding = 4; lastKnownFileType = text.xcconfig; path = Carthage.xcconfig; sourceTree = SOURCE_ROOT; };
		33B3DD9E1EF7E2F60050CA02 /* PCTestingTokenProvider.swift */ = {isa = PBXFileReference; fileEncoding = 4; lastKnownFileType = sourcecode.swift; path = PCTestingTokenProvider.swift; sourceTree = "<group>"; };
		33BB99671D21226C00B25C2A /* Info.plist */ = {isa = PBXFileReference; fileEncoding = 4; lastKnownFileType = text.plist.xml; name = Info.plist; path = ../Tests/Info.plist; sourceTree = "<group>"; };
		33D2A5AD1E39074800EA7549 /* DummyTests.swift */ = {isa = PBXFileReference; fileEncoding = 4; lastKnownFileType = sourcecode.swift; name = DummyTests.swift; path = ../Tests/DummyTests.swift; sourceTree = "<group>"; };
/* End PBXFileReference section */

/* Begin PBXFrameworksBuildPhase section */
		33831C911A9CF61600B124F1 /* Frameworks */ = {
			isa = PBXFrameworksBuildPhase;
			buildActionMask = 2147483647;
			files = (
			);
			runOnlyForDeploymentPostprocessing = 0;
		};
		50355EA8A07B4B8038A4DDF1 /* Frameworks */ = {
			isa = PBXFrameworksBuildPhase;
			buildActionMask = 2147483647;
			files = (
			);
			runOnlyForDeploymentPostprocessing = 0;
		};
/* End PBXFrameworksBuildPhase section */

/* Begin PBXGroup section */
		33831C491A9CEDF800B124F1 = {
			isa = PBXGroup;
			children = (
				33831C8B1A9CF61600B124F1 /* Source */,
				33BB995C1D21225B00B25C2A /* Tests */,
				33831C8A1A9CF61600B124F1 /* Products */,
				42D29A655054030A9B238900 /* Frameworks */,
			);
			sourceTree = "<group>";
		};
		33831C8A1A9CF61600B124F1 /* Products */ = {
			isa = PBXGroup;
			children = (
				33831C891A9CF61600B124F1 /* PusherChatkit.framework */,
				33831C941A9CF61600B124F1 /* PusherChatTests.xctest */,
			);
			name = Products;
			sourceTree = "<group>";
		};
		33831C8B1A9CF61600B124F1 /* Source */ = {
			isa = PBXGroup;
			children = (
				3388D5EE1EAE4DA90072A742 /* ChatManager.swift */,
				3388D5F61EAE4E330072A742 /* PCCurrentUser.swift */,
				3388D5FC1EAE4EAC0072A742 /* PCUserSubscription.swift */,
				331421341EDD8CDC00D0B6DB /* PCPresenceSubscription.swift */,
				3388D5F01EAE4DD40072A742 /* PCChatManagerDelegate.swift */,
				3388D5F21EAE4DFB0072A742 /* PCRoom.swift */,
				3388D5FA1EAE4E640072A742 /* PCRoomSubscription.swift */,
				339CABD21EC3078200FDFB58 /* PCRoomDelegate.swift */,
				3336C8161EE046F0005EB69A /* PCUserStoreCore.swift */,
				334B9A2A1ECC9F7A007A3D3B /* PCGlobalUserStore.swift */,
				3336C8141EE045FE005EB69A /* PCRoomUserStore.swift */,
				334B9A2C1ECCA16A007A3D3B /* PCRoomStore.swift */,
				331421361EDDA91A00D0B6DB /* PCPresencePayload.swift */,
				3388D5F81EAE4E4A0072A742 /* PCUser.swift */,
				331421301ED32B5F00D0B6DB /* PCBasicUser.swift */,
				3388D5F41EAE4E100072A742 /* PCMessage.swift */,
				334B9A301ECD98A7007A3D3B /* PCBasicMessage.swift */,
				334B9A321ECD98FA007A3D3B /* PCBasicMessageEnricher.swift */,
				3314212E1ED32AE700D0B6DB /* PCProgressCounter.swift */,
				331421321ED33C1400D0B6DB /* PCTypingIndicatorManager.swift */,
				331F9BD81EBC80FA00C3F678 /* PCPayloadDeserializer.swift */,
				3397D4C11EC2017000DD5994 /* PCSynchronizedArray.swift */,
				33B3DD9E1EF7E2F60050CA02 /* PCTestingTokenProvider.swift */,
				33831C8C1A9CF61600B124F1 /* Supporting Files */,
				33346ABF1EAE1887002C58B8 /* PusherChatkit.h */,
			);
			name = Source;
			path = ../Source;
			sourceTree = "<group>";
		};
		33831C8C1A9CF61600B124F1 /* Supporting Files */ = {
			isa = PBXGroup;
			children = (
				33AE481F1EAE4020006C27A6 /* Carthage.xcconfig */,
				33831C8D1A9CF61600B124F1 /* Info.plist */,
			);
			name = "Supporting Files";
			sourceTree = "<group>";
		};
		33BB995C1D21225B00B25C2A /* Tests */ = {
			isa = PBXGroup;
			children = (
				33D2A5AD1E39074800EA7549 /* DummyTests.swift */,
				33BB99671D21226C00B25C2A /* Info.plist */,
			);
			name = Tests;
			sourceTree = "<group>";
		};
		42D29A655054030A9B238900 /* Frameworks */ = {
			isa = PBXGroup;
			children = (
			);
			name = Frameworks;
			sourceTree = "<group>";
		};
/* End PBXGroup section */

/* Begin PBXHeadersBuildPhase section */
		33831C861A9CF61600B124F1 /* Headers */ = {
			isa = PBXHeadersBuildPhase;
			buildActionMask = 2147483647;
			files = (
				33AE481E1EAE2D14006C27A6 /* PusherChatkit.h in Headers */,
			);
			runOnlyForDeploymentPostprocessing = 0;
		};
		33C40CB81C1DFC91008A54E3 /* Headers */ = {
			isa = PBXHeadersBuildPhase;
			buildActionMask = 2147483647;
			files = (
			);
			runOnlyForDeploymentPostprocessing = 0;
		};
/* End PBXHeadersBuildPhase section */

/* Begin PBXNativeTarget section */
		33831C881A9CF61600B124F1 /* PusherChatkit */ = {
			isa = PBXNativeTarget;
			buildConfigurationList = 33831C9D1A9CF61600B124F1 /* Build configuration list for PBXNativeTarget "PusherChatkit" */;
			buildPhases = (
				33831C841A9CF61600B124F1 /* Sources */,
				50355EA8A07B4B8038A4DDF1 /* Frameworks */,
				33831C861A9CF61600B124F1 /* Headers */,
				33831C871A9CF61600B124F1 /* Resources */,
			);
			buildRules = (
			);
			dependencies = (
			);
			name = PusherChatkit;
			productName = PusherSwift;
			productReference = 33831C891A9CF61600B124F1 /* PusherChatkit.framework */;
			productType = "com.apple.product-type.framework";
		};
		33831C931A9CF61600B124F1 /* PusherChatTests */ = {
			isa = PBXNativeTarget;
			buildConfigurationList = 33831CA01A9CF61600B124F1 /* Build configuration list for PBXNativeTarget "PusherChatTests" */;
			buildPhases = (
				33831C911A9CF61600B124F1 /* Frameworks */,
				33831C901A9CF61600B124F1 /* Sources */,
				33C40CB81C1DFC91008A54E3 /* Headers */,
				33831C921A9CF61600B124F1 /* Resources */,
			);
			buildRules = (
			);
			dependencies = (
				33831C971A9CF61600B124F1 /* PBXTargetDependency */,
			);
			name = PusherChatTests;
			productName = PusherSwiftTests;
			productReference = 33831C941A9CF61600B124F1 /* PusherChatTests.xctest */;
			productType = "com.apple.product-type.bundle.unit-test";
		};
/* End PBXNativeTarget section */

/* Begin PBXProject section */
		33831C4A1A9CEDF800B124F1 /* Project object */ = {
			isa = PBXProject;
			attributes = {
				LastSwiftUpdateCheck = 0700;
				LastUpgradeCheck = 0830;
				TargetAttributes = {
					33831C881A9CF61600B124F1 = {
						CreatedOnToolsVersion = 6.3;
						DevelopmentTeam = H7FL434D9W;
						LastSwiftMigration = 0900;
					};
					33831C931A9CF61600B124F1 = {
						CreatedOnToolsVersion = 6.3;
						LastSwiftMigration = 0800;
					};
				};
			};
			buildConfigurationList = 33831C4D1A9CEDF800B124F1 /* Build configuration list for PBXProject "PusherChatkit" */;
			compatibilityVersion = "Xcode 3.2";
			developmentRegion = English;
			hasScannedForEncodings = 0;
			knownRegions = (
				en,
			);
			mainGroup = 33831C491A9CEDF800B124F1;
			productRefGroup = 33831C8A1A9CF61600B124F1 /* Products */;
			projectDirPath = "";
			projectRoot = "";
			targets = (
				33831C881A9CF61600B124F1 /* PusherChatkit */,
				33831C931A9CF61600B124F1 /* PusherChatTests */,
			);
		};
/* End PBXProject section */

/* Begin PBXResourcesBuildPhase section */
		33831C871A9CF61600B124F1 /* Resources */ = {
			isa = PBXResourcesBuildPhase;
			buildActionMask = 2147483647;
			files = (
			);
			runOnlyForDeploymentPostprocessing = 0;
		};
		33831C921A9CF61600B124F1 /* Resources */ = {
			isa = PBXResourcesBuildPhase;
			buildActionMask = 2147483647;
			files = (
			);
			runOnlyForDeploymentPostprocessing = 0;
		};
/* End PBXResourcesBuildPhase section */

/* Begin PBXSourcesBuildPhase section */
		33831C841A9CF61600B124F1 /* Sources */ = {
			isa = PBXSourcesBuildPhase;
			buildActionMask = 2147483647;
			files = (
				331421371EDDA91A00D0B6DB /* PCPresencePayload.swift in Sources */,
				3388D5FB1EAE4E640072A742 /* PCRoomSubscription.swift in Sources */,
				334B9A311ECD98A7007A3D3B /* PCBasicMessage.swift in Sources */,
				331421311ED32B5F00D0B6DB /* PCBasicUser.swift in Sources */,
				3388D5EF1EAE4DA90072A742 /* ChatManager.swift in Sources */,
				334B9A331ECD98FA007A3D3B /* PCBasicMessageEnricher.swift in Sources */,
				3388D5F91EAE4E4A0072A742 /* PCUser.swift in Sources */,
				331F9BD91EBC80FA00C3F678 /* PCPayloadDeserializer.swift in Sources */,
				3336C8171EE046F0005EB69A /* PCUserStoreCore.swift in Sources */,
				3388D5FD1EAE4EAC0072A742 /* PCUserSubscription.swift in Sources */,
				334B9A2B1ECC9F7A007A3D3B /* PCGlobalUserStore.swift in Sources */,
				331421351EDD8CDC00D0B6DB /* PCPresenceSubscription.swift in Sources */,
				3336C8151EE045FE005EB69A /* PCRoomUserStore.swift in Sources */,
				334B9A2D1ECCA16A007A3D3B /* PCRoomStore.swift in Sources */,
				3388D5F51EAE4E100072A742 /* PCMessage.swift in Sources */,
				3388D5F71EAE4E330072A742 /* PCCurrentUser.swift in Sources */,
				3388D5F11EAE4DD40072A742 /* PCChatManagerDelegate.swift in Sources */,
				3388D5F31EAE4DFB0072A742 /* PCRoom.swift in Sources */,
				3314212F1ED32AE700D0B6DB /* PCProgressCounter.swift in Sources */,
				339CABD31EC3078200FDFB58 /* PCRoomDelegate.swift in Sources */,
				3397D4C21EC2017000DD5994 /* PCSynchronizedArray.swift in Sources */,
				33B3DD9F1EF7E2F60050CA02 /* PCTestingTokenProvider.swift in Sources */,
				331421331ED33C1400D0B6DB /* PCTypingIndicatorManager.swift in Sources */,
			);
			runOnlyForDeploymentPostprocessing = 0;
		};
		33831C901A9CF61600B124F1 /* Sources */ = {
			isa = PBXSourcesBuildPhase;
			buildActionMask = 2147483647;
			files = (
				33D2A5AF1E39075100EA7549 /* DummyTests.swift in Sources */,
			);
			runOnlyForDeploymentPostprocessing = 0;
		};
/* End PBXSourcesBuildPhase section */

/* Begin PBXTargetDependency section */
		33831C971A9CF61600B124F1 /* PBXTargetDependency */ = {
			isa = PBXTargetDependency;
			target = 33831C881A9CF61600B124F1 /* PusherChatkit */;
			targetProxy = 33831C961A9CF61600B124F1 /* PBXContainerItemProxy */;
		};
/* End PBXTargetDependency section */

/* Begin XCBuildConfiguration section */
		33831C4E1A9CEDF800B124F1 /* Debug */ = {
			isa = XCBuildConfiguration;
			buildSettings = {
				ALWAYS_SEARCH_USER_PATHS = NO;
				CLANG_WARN_BOOL_CONVERSION = YES;
				CLANG_WARN_CONSTANT_CONVERSION = YES;
				CLANG_WARN_EMPTY_BODY = YES;
				CLANG_WARN_ENUM_CONVERSION = YES;
				CLANG_WARN_INFINITE_RECURSION = YES;
				CLANG_WARN_INT_CONVERSION = YES;
				CLANG_WARN_SUSPICIOUS_MOVE = YES;
				CLANG_WARN_UNREACHABLE_CODE = YES;
				CLANG_WARN__DUPLICATE_METHOD_MATCH = YES;
				CODE_SIGN_IDENTITY = "-";
				DEBUG_INFORMATION_FORMAT = dwarf;
				DEFINES_MODULE = YES;
				ENABLE_STRICT_OBJC_MSGSEND = YES;
				ENABLE_TESTABILITY = YES;
				GCC_NO_COMMON_BLOCKS = YES;
				GCC_WARN_64_TO_32_BIT_CONVERSION = YES;
				GCC_WARN_ABOUT_RETURN_TYPE = YES;
				GCC_WARN_UNDECLARED_SELECTOR = YES;
				GCC_WARN_UNINITIALIZED_AUTOS = YES;
				GCC_WARN_UNUSED_FUNCTION = YES;
				GCC_WARN_UNUSED_VARIABLE = YES;
				IPHONEOS_DEPLOYMENT_TARGET = 9.0;
				MACOSX_DEPLOYMENT_TARGET = 10.12;
				ONLY_ACTIVE_ARCH = YES;
				SDKROOT = "";
				SUPPORTED_PLATFORMS = "macosx iphonesimulator appletvsimulator watchsimulator watchos appletvos iphoneos";
				SWIFT_VERSION = 3.0;
				TVOS_DEPLOYMENT_TARGET = 9.2;
				WATCHOS_DEPLOYMENT_TARGET = 2.0;
			};
			name = Debug;
		};
		33831C4F1A9CEDF800B124F1 /* Release */ = {
			isa = XCBuildConfiguration;
			buildSettings = {
				ALWAYS_SEARCH_USER_PATHS = NO;
				CLANG_WARN_BOOL_CONVERSION = YES;
				CLANG_WARN_CONSTANT_CONVERSION = YES;
				CLANG_WARN_EMPTY_BODY = YES;
				CLANG_WARN_ENUM_CONVERSION = YES;
				CLANG_WARN_INFINITE_RECURSION = YES;
				CLANG_WARN_INT_CONVERSION = YES;
				CLANG_WARN_SUSPICIOUS_MOVE = YES;
				CLANG_WARN_UNREACHABLE_CODE = YES;
				CLANG_WARN__DUPLICATE_METHOD_MATCH = YES;
				CODE_SIGN_IDENTITY = "-";
				DEBUG_INFORMATION_FORMAT = "dwarf-with-dsym";
				DEFINES_MODULE = YES;
				ENABLE_STRICT_OBJC_MSGSEND = YES;
				GCC_NO_COMMON_BLOCKS = YES;
				GCC_WARN_64_TO_32_BIT_CONVERSION = YES;
				GCC_WARN_ABOUT_RETURN_TYPE = YES;
				GCC_WARN_UNDECLARED_SELECTOR = YES;
				GCC_WARN_UNINITIALIZED_AUTOS = YES;
				GCC_WARN_UNUSED_FUNCTION = YES;
				GCC_WARN_UNUSED_VARIABLE = YES;
				IPHONEOS_DEPLOYMENT_TARGET = 9.0;
				MACOSX_DEPLOYMENT_TARGET = 10.12;
				SDKROOT = "";
				SUPPORTED_PLATFORMS = "macosx iphonesimulator appletvsimulator watchsimulator watchos appletvos iphoneos";
				SWIFT_OPTIMIZATION_LEVEL = "-Owholemodule";
				SWIFT_VERSION = 3.0;
				TVOS_DEPLOYMENT_TARGET = 9.2;
				WATCHOS_DEPLOYMENT_TARGET = 2.0;
			};
			name = Release;
		};
		33831C9E1A9CF61600B124F1 /* Debug */ = {
			isa = XCBuildConfiguration;
			baseConfigurationReference = 33AE481F1EAE4020006C27A6 /* Carthage.xcconfig */;
			buildSettings = {
				ALWAYS_SEARCH_USER_PATHS = NO;
				APPLICATION_EXTENSION_API_ONLY = YES;
				CLANG_CXX_LANGUAGE_STANDARD = "gnu++0x";
				CLANG_CXX_LIBRARY = "libc++";
				CLANG_ENABLE_MODULES = YES;
				CLANG_ENABLE_OBJC_ARC = YES;
				CLANG_WARN_BOOL_CONVERSION = YES;
				CLANG_WARN_CONSTANT_CONVERSION = YES;
				CLANG_WARN_DIRECT_OBJC_ISA_USAGE = YES_ERROR;
				CLANG_WARN_EMPTY_BODY = YES;
				CLANG_WARN_ENUM_CONVERSION = YES;
				CLANG_WARN_INT_CONVERSION = YES;
				CLANG_WARN_OBJC_ROOT_CLASS = YES_ERROR;
				CLANG_WARN_UNREACHABLE_CODE = YES;
				CLANG_WARN__DUPLICATE_METHOD_MATCH = YES;
				CODE_SIGN_IDENTITY = "";
				COPY_PHASE_STRIP = NO;
				CURRENT_PROJECT_VERSION = 1;
				DEBUG_INFORMATION_FORMAT = dwarf;
				DEFINES_MODULE = YES;
				DEVELOPMENT_TEAM = H7FL434D9W;
				DYLIB_COMPATIBILITY_VERSION = 1;
				DYLIB_CURRENT_VERSION = 1;
				DYLIB_INSTALL_NAME_BASE = "@rpath";
				ENABLE_STRICT_OBJC_MSGSEND = YES;
				GCC_C_LANGUAGE_STANDARD = gnu99;
				GCC_DYNAMIC_NO_PIC = NO;
				GCC_OPTIMIZATION_LEVEL = 0;
				GCC_PREPROCESSOR_DEFINITIONS = (
					"DEBUG=1",
					"$(inherited)",
				);
				GCC_SYMBOLS_PRIVATE_EXTERN = NO;
				GCC_WARN_64_TO_32_BIT_CONVERSION = YES;
				GCC_WARN_ABOUT_RETURN_TYPE = YES_ERROR;
				GCC_WARN_UNDECLARED_SELECTOR = YES;
				GCC_WARN_UNINITIALIZED_AUTOS = YES_AGGRESSIVE;
				GCC_WARN_UNUSED_FUNCTION = YES;
				GCC_WARN_UNUSED_VARIABLE = YES;
				INFOPLIST_FILE = "$(SRCROOT)/../Source/Info.plist";
				INSTALL_PATH = "$(LOCAL_LIBRARY_DIR)/Frameworks";
				IPHONEOS_DEPLOYMENT_TARGET = 9.0;
				LD_RUNPATH_SEARCH_PATHS = "$(inherited) @executable_path/Frameworks @loader_path/Frameworks";
				MACOSX_DEPLOYMENT_TARGET = 10.11;
				MTL_ENABLE_DEBUG_INFO = YES;
				ONLY_ACTIVE_ARCH = YES;
				PRODUCT_BUNDLE_IDENTIFIER = com.pusher.PusherChatkit;
				PRODUCT_NAME = PusherChatkit;
				PROVISIONING_PROFILE = "";
				SDKROOT = "";
				SKIP_INSTALL = YES;
				SUPPORTED_PLATFORMS = "iphonesimulator iphoneos macosx appletvsimulator watchsimulator watchos appletvos";
				SWIFT_OPTIMIZATION_LEVEL = "-Onone";
				SWIFT_SWIFT3_OBJC_INFERENCE = On;
				SWIFT_VERSION = 3.0;
				TARGETED_DEVICE_FAMILY = "1,2,3,4";
				TVOS_DEPLOYMENT_TARGET = 9.2;
				VERSIONING_SYSTEM = "apple-generic";
				VERSION_INFO_PREFIX = "";
				WATCHOS_DEPLOYMENT_TARGET = 2.0;
			};
			name = Debug;
		};
		33831C9F1A9CF61600B124F1 /* Release */ = {
			isa = XCBuildConfiguration;
			baseConfigurationReference = 33AE481F1EAE4020006C27A6 /* Carthage.xcconfig */;
			buildSettings = {
				ALWAYS_SEARCH_USER_PATHS = NO;
				APPLICATION_EXTENSION_API_ONLY = YES;
				CLANG_CXX_LANGUAGE_STANDARD = "gnu++0x";
				CLANG_CXX_LIBRARY = "libc++";
				CLANG_ENABLE_MODULES = YES;
				CLANG_ENABLE_OBJC_ARC = YES;
				CLANG_WARN_BOOL_CONVERSION = YES;
				CLANG_WARN_CONSTANT_CONVERSION = YES;
				CLANG_WARN_DIRECT_OBJC_ISA_USAGE = YES_ERROR;
				CLANG_WARN_EMPTY_BODY = YES;
				CLANG_WARN_ENUM_CONVERSION = YES;
				CLANG_WARN_INT_CONVERSION = YES;
				CLANG_WARN_OBJC_ROOT_CLASS = YES_ERROR;
				CLANG_WARN_UNREACHABLE_CODE = YES;
				CLANG_WARN__DUPLICATE_METHOD_MATCH = YES;
				CODE_SIGN_IDENTITY = "";
				COPY_PHASE_STRIP = NO;
				CURRENT_PROJECT_VERSION = 1;
				DEBUG_INFORMATION_FORMAT = "dwarf-with-dsym";
				DEFINES_MODULE = YES;
				DYLIB_COMPATIBILITY_VERSION = 1;
				DYLIB_CURRENT_VERSION = 1;
				DYLIB_INSTALL_NAME_BASE = "@rpath";
				ENABLE_NS_ASSERTIONS = NO;
				ENABLE_STRICT_OBJC_MSGSEND = YES;
				GCC_C_LANGUAGE_STANDARD = gnu99;
				GCC_WARN_64_TO_32_BIT_CONVERSION = YES;
				GCC_WARN_ABOUT_RETURN_TYPE = YES_ERROR;
				GCC_WARN_UNDECLARED_SELECTOR = YES;
				GCC_WARN_UNINITIALIZED_AUTOS = YES_AGGRESSIVE;
				GCC_WARN_UNUSED_FUNCTION = YES;
				GCC_WARN_UNUSED_VARIABLE = YES;
				INFOPLIST_FILE = "$(SRCROOT)/../Source/Info.plist";
				INSTALL_PATH = "$(LOCAL_LIBRARY_DIR)/Frameworks";
				IPHONEOS_DEPLOYMENT_TARGET = 9.0;
				LD_RUNPATH_SEARCH_PATHS = "$(inherited) @executable_path/Frameworks @loader_path/Frameworks";
				MACOSX_DEPLOYMENT_TARGET = 10.11;
				MTL_ENABLE_DEBUG_INFO = NO;
				PRODUCT_BUNDLE_IDENTIFIER = com.pusher.PusherChatkit;
				PRODUCT_NAME = PusherChatkit;
				PROVISIONING_PROFILE = "";
				SDKROOT = "";
				SKIP_INSTALL = YES;
				SUPPORTED_PLATFORMS = "iphonesimulator iphoneos macosx appletvsimulator watchsimulator watchos appletvos";
				SWIFT_SWIFT3_OBJC_INFERENCE = On;
				SWIFT_VERSION = 3.0;
				TARGETED_DEVICE_FAMILY = "1,2,3,4";
				TVOS_DEPLOYMENT_TARGET = 9.2;
				VALIDATE_PRODUCT = YES;
				VERSIONING_SYSTEM = "apple-generic";
				VERSION_INFO_PREFIX = "";
				WATCHOS_DEPLOYMENT_TARGET = 2.0;
			};
			name = Release;
		};
		33831CA11A9CF61600B124F1 /* Debug */ = {
			isa = XCBuildConfiguration;
			buildSettings = {
				ALWAYS_EMBED_SWIFT_STANDARD_LIBRARIES = YES;
				ALWAYS_SEARCH_USER_PATHS = NO;
				CLANG_CXX_LANGUAGE_STANDARD = "gnu++0x";
				CLANG_CXX_LIBRARY = "libc++";
				CLANG_ENABLE_MODULES = YES;
				CLANG_ENABLE_OBJC_ARC = YES;
				CLANG_WARN_BOOL_CONVERSION = YES;
				CLANG_WARN_CONSTANT_CONVERSION = YES;
				CLANG_WARN_DIRECT_OBJC_ISA_USAGE = YES_ERROR;
				CLANG_WARN_EMPTY_BODY = YES;
				CLANG_WARN_ENUM_CONVERSION = YES;
				CLANG_WARN_INT_CONVERSION = YES;
				CLANG_WARN_OBJC_ROOT_CLASS = YES_ERROR;
				CLANG_WARN_UNREACHABLE_CODE = YES;
				CLANG_WARN__DUPLICATE_METHOD_MATCH = YES;
				"CODE_SIGN_IDENTITY[sdk=iphoneos*]" = "iPhone Developer";
				COPY_PHASE_STRIP = NO;
				DEBUG_INFORMATION_FORMAT = dwarf;
				ENABLE_STRICT_OBJC_MSGSEND = YES;
				FRAMEWORK_SEARCH_PATHS = "$(inherited)";
				GCC_C_LANGUAGE_STANDARD = gnu99;
				GCC_DYNAMIC_NO_PIC = NO;
				GCC_OPTIMIZATION_LEVEL = 0;
				GCC_PREPROCESSOR_DEFINITIONS = (
					"DEBUG=1",
					"$(inherited)",
				);
				GCC_SYMBOLS_PRIVATE_EXTERN = NO;
				GCC_WARN_64_TO_32_BIT_CONVERSION = YES;
				GCC_WARN_ABOUT_RETURN_TYPE = YES_ERROR;
				GCC_WARN_UNDECLARED_SELECTOR = YES;
				GCC_WARN_UNINITIALIZED_AUTOS = YES_AGGRESSIVE;
				GCC_WARN_UNUSED_FUNCTION = YES;
				GCC_WARN_UNUSED_VARIABLE = YES;
				INFOPLIST_FILE = ../Tests/Info.plist;
				IPHONEOS_DEPLOYMENT_TARGET = 9.0;
				LD_RUNPATH_SEARCH_PATHS = "$(inherited) @executable_path/Frameworks @loader_path/Frameworks";
				"LD_RUNPATH_SEARCH_PATHS[sdk=macosx*]" = "$(inherited) @executable_path/../Frameworks @loader_path/../Frameworks";
				MACOSX_DEPLOYMENT_TARGET = 10.11;
				MTL_ENABLE_DEBUG_INFO = YES;
				ONLY_ACTIVE_ARCH = YES;
				PRODUCT_BUNDLE_IDENTIFIER = "com.pusher.$(PRODUCT_NAME:rfc1034identifier)";
				PRODUCT_NAME = PusherChatTests;
				SDKROOT = "";
				SUPPORTED_PLATFORMS = "iphonesimulator iphoneos macosx appletvsimulator appletvos watchsimulator watchos";
				SWIFT_OPTIMIZATION_LEVEL = "-Onone";
				SWIFT_VERSION = 3.0;
				TVOS_DEPLOYMENT_TARGET = 9.2;
				WATCHOS_DEPLOYMENT_TARGET = 2.0;
			};
			name = Debug;
		};
		33831CA21A9CF61600B124F1 /* Release */ = {
			isa = XCBuildConfiguration;
			buildSettings = {
				ALWAYS_EMBED_SWIFT_STANDARD_LIBRARIES = YES;
				ALWAYS_SEARCH_USER_PATHS = NO;
				CLANG_CXX_LANGUAGE_STANDARD = "gnu++0x";
				CLANG_CXX_LIBRARY = "libc++";
				CLANG_ENABLE_MODULES = YES;
				CLANG_ENABLE_OBJC_ARC = YES;
				CLANG_WARN_BOOL_CONVERSION = YES;
				CLANG_WARN_CONSTANT_CONVERSION = YES;
				CLANG_WARN_DIRECT_OBJC_ISA_USAGE = YES_ERROR;
				CLANG_WARN_EMPTY_BODY = YES;
				CLANG_WARN_ENUM_CONVERSION = YES;
				CLANG_WARN_INT_CONVERSION = YES;
				CLANG_WARN_OBJC_ROOT_CLASS = YES_ERROR;
				CLANG_WARN_UNREACHABLE_CODE = YES;
				CLANG_WARN__DUPLICATE_METHOD_MATCH = YES;
				"CODE_SIGN_IDENTITY[sdk=iphoneos*]" = "iPhone Developer";
				COPY_PHASE_STRIP = NO;
				DEBUG_INFORMATION_FORMAT = "dwarf-with-dsym";
				ENABLE_NS_ASSERTIONS = NO;
				ENABLE_STRICT_OBJC_MSGSEND = YES;
				FRAMEWORK_SEARCH_PATHS = "$(inherited)";
				GCC_C_LANGUAGE_STANDARD = gnu99;
				GCC_WARN_64_TO_32_BIT_CONVERSION = YES;
				GCC_WARN_ABOUT_RETURN_TYPE = YES_ERROR;
				GCC_WARN_UNDECLARED_SELECTOR = YES;
				GCC_WARN_UNINITIALIZED_AUTOS = YES_AGGRESSIVE;
				GCC_WARN_UNUSED_FUNCTION = YES;
				GCC_WARN_UNUSED_VARIABLE = YES;
				INFOPLIST_FILE = ../Tests/Info.plist;
				IPHONEOS_DEPLOYMENT_TARGET = 9.0;
				LD_RUNPATH_SEARCH_PATHS = "$(inherited) @executable_path/Frameworks @loader_path/Frameworks";
				"LD_RUNPATH_SEARCH_PATHS[sdk=macosx*]" = "$(inherited) @executable_path/../Frameworks @loader_path/../Frameworks";
				MACOSX_DEPLOYMENT_TARGET = 10.11;
				MTL_ENABLE_DEBUG_INFO = NO;
				PRODUCT_BUNDLE_IDENTIFIER = "com.pusher.$(PRODUCT_NAME:rfc1034identifier)";
				PRODUCT_NAME = PusherChatTests;
				SDKROOT = "";
				SUPPORTED_PLATFORMS = "iphonesimulator iphoneos macosx appletvsimulator appletvos watchsimulator watchos";
				SWIFT_VERSION = 3.0;
				TVOS_DEPLOYMENT_TARGET = 9.2;
				VALIDATE_PRODUCT = YES;
				WATCHOS_DEPLOYMENT_TARGET = 2.0;
			};
			name = Release;
		};
/* End XCBuildConfiguration section */

/* Begin XCConfigurationList section */
		33831C4D1A9CEDF800B124F1 /* Build configuration list for PBXProject "PusherChatkit" */ = {
			isa = XCConfigurationList;
			buildConfigurations = (
				33831C4E1A9CEDF800B124F1 /* Debug */,
				33831C4F1A9CEDF800B124F1 /* Release */,
			);
			defaultConfigurationIsVisible = 0;
			defaultConfigurationName = Release;
		};
		33831C9D1A9CF61600B124F1 /* Build configuration list for PBXNativeTarget "PusherChatkit" */ = {
			isa = XCConfigurationList;
			buildConfigurations = (
				33831C9E1A9CF61600B124F1 /* Debug */,
				33831C9F1A9CF61600B124F1 /* Release */,
			);
			defaultConfigurationIsVisible = 0;
			defaultConfigurationName = Release;
		};
		33831CA01A9CF61600B124F1 /* Build configuration list for PBXNativeTarget "PusherChatTests" */ = {
			isa = XCConfigurationList;
			buildConfigurations = (
				33831CA11A9CF61600B124F1 /* Debug */,
				33831CA21A9CF61600B124F1 /* Release */,
			);
			defaultConfigurationIsVisible = 0;
			defaultConfigurationName = Release;
		};
/* End XCConfigurationList section */
	};
	rootObject = 33831C4A1A9CEDF800B124F1 /* Project object */;
}
