// !$*UTF8*$!
{
	archiveVersion = 1;
	classes = {
	};
	objectVersion = 46;
	objects = {

/* Begin PBXBuildFile section */
		3388D5EC1EAE4B7E0072A742 /* LaunchScreen.storyboard in Resources */ = {isa = PBXBuildFile; fileRef = 3388D5E81EAE4B7E0072A742 /* LaunchScreen.storyboard */; };
		3388D5ED1EAE4B7E0072A742 /* Main.storyboard in Resources */ = {isa = PBXBuildFile; fileRef = 3388D5EA1EAE4B7E0072A742 /* Main.storyboard */; };
		33CC931A1E38E48C003E6325 /* AppDelegate.swift in Sources */ = {isa = PBXBuildFile; fileRef = 33CC93151E38E48C003E6325 /* AppDelegate.swift */; };
		33CC931B1E38E48C003E6325 /* Assets.xcassets in Resources */ = {isa = PBXBuildFile; fileRef = 33CC93161E38E48C003E6325 /* Assets.xcassets */; };
		33CC931C1E38E48C003E6325 /* ViewController.swift in Sources */ = {isa = PBXBuildFile; fileRef = 33CC93181E38E48C003E6325 /* ViewController.swift */; };
/* End PBXBuildFile section */

/* Begin PBXCopyFilesBuildPhase section */
		33CEFDA11E38F6B900FC9F03 /* Embed Frameworks */ = {
			isa = PBXCopyFilesBuildPhase;
			buildActionMask = 2147483647;
			dstPath = "";
			dstSubfolderSpec = 10;
			files = (
			);
			name = "Embed Frameworks";
			runOnlyForDeploymentPostprocessing = 0;
		};
/* End PBXCopyFilesBuildPhase section */

/* Begin PBXFileReference section */
		3302637D1DC2475E007D7317 /* Pusher Chat iOS Example.app */ = {isa = PBXFileReference; explicitFileType = wrapper.application; includeInIndex = 0; path = "Pusher Chat iOS Example.app"; sourceTree = BUILT_PRODUCTS_DIR; };
		3388D5E91EAE4B7E0072A742 /* Base */ = {isa = PBXFileReference; lastKnownFileType = file.storyboard; name = Base; path = "Pusher Chat iOS Example/Base.lproj/LaunchScreen.storyboard"; sourceTree = SOURCE_ROOT; };
		3388D5EB1EAE4B7E0072A742 /* Base */ = {isa = PBXFileReference; lastKnownFileType = file.storyboard; name = Base; path = "Pusher Chat iOS Example/Base.lproj/Main.storyboard"; sourceTree = SOURCE_ROOT; };
		33CC93151E38E48C003E6325 /* AppDelegate.swift */ = {isa = PBXFileReference; fileEncoding = 4; lastKnownFileType = sourcecode.swift; name = AppDelegate.swift; path = "Pusher Chat iOS Example/AppDelegate.swift"; sourceTree = SOURCE_ROOT; };
		33CC93161E38E48C003E6325 /* Assets.xcassets */ = {isa = PBXFileReference; lastKnownFileType = folder.assetcatalog; name = Assets.xcassets; path = "Pusher Chat iOS Example/Assets.xcassets"; sourceTree = SOURCE_ROOT; };
		33CC93171E38E48C003E6325 /* Pusher Chat iOS Example.entitlements */ = {isa = PBXFileReference; fileEncoding = 4; lastKnownFileType = text.plist.entitlements; name = "Pusher Chat iOS Example.entitlements"; path = "Pusher Chat iOS Example/Pusher Chat iOS Example.entitlements"; sourceTree = SOURCE_ROOT; };
		33CC93181E38E48C003E6325 /* ViewController.swift */ = {isa = PBXFileReference; fileEncoding = 4; lastKnownFileType = sourcecode.swift; name = ViewController.swift; path = "Pusher Chat iOS Example/ViewController.swift"; sourceTree = SOURCE_ROOT; };
		33CC93191E38E48C003E6325 /* Info.plist */ = {isa = PBXFileReference; fileEncoding = 4; lastKnownFileType = text.plist.xml; name = Info.plist; path = "Pusher Chat iOS Example/Info.plist"; sourceTree = SOURCE_ROOT; };
/* End PBXFileReference section */

/* Begin PBXFrameworksBuildPhase section */
		3302637A1DC2475E007D7317 /* Frameworks */ = {
			isa = PBXFrameworksBuildPhase;
			buildActionMask = 2147483647;
			files = (
			);
			runOnlyForDeploymentPostprocessing = 0;
		};
/* End PBXFrameworksBuildPhase section */

/* Begin PBXGroup section */
		2D4332111DF6E0C9008696FD /* Frameworks */ = {
			isa = PBXGroup;
			children = (
			);
			name = Frameworks;
			sourceTree = "<group>";
		};
		330263741DC2475D007D7317 = {
			isa = PBXGroup;
			children = (
				3302637F1DC2475E007D7317 /* PusherChat iOS Example */,
				2D4332111DF6E0C9008696FD /* Frameworks */,
				3302637E1DC2475E007D7317 /* Products */,
			);
			sourceTree = "<group>";
		};
		3302637E1DC2475E007D7317 /* Products */ = {
			isa = PBXGroup;
			children = (
				3302637D1DC2475E007D7317 /* Pusher Chat iOS Example.app */,
			);
			name = Products;
			sourceTree = "<group>";
		};
		3302637F1DC2475E007D7317 /* PusherChat iOS Example */ = {
			isa = PBXGroup;
			children = (
				33CC93151E38E48C003E6325 /* AppDelegate.swift */,
				33CC93181E38E48C003E6325 /* ViewController.swift */,
				3388D5E81EAE4B7E0072A742 /* LaunchScreen.storyboard */,
				3388D5EA1EAE4B7E0072A742 /* Main.storyboard */,
				33CC93161E38E48C003E6325 /* Assets.xcassets */,
				33AE48291EAE4AB6006C27A6 /* Supporting FIles */,
			);
			name = "PusherChat iOS Example";
			path = "Pusher Platform iOS Example";
			sourceTree = "<group>";
		};
		33AE48291EAE4AB6006C27A6 /* Supporting FIles */ = {
			isa = PBXGroup;
			children = (
				33CC93171E38E48C003E6325 /* Pusher Chat iOS Example.entitlements */,
				33CC93191E38E48C003E6325 /* Info.plist */,
			);
			name = "Supporting FIles";
			sourceTree = "<group>";
		};
/* End PBXGroup section */

/* Begin PBXNativeTarget section */
		3302637C1DC2475E007D7317 /* Pusher Chat iOS Example */ = {
			isa = PBXNativeTarget;
			buildConfigurationList = 3302638F1DC2475E007D7317 /* Build configuration list for PBXNativeTarget "Pusher Chat iOS Example" */;
			buildPhases = (
				330263791DC2475E007D7317 /* Sources */,
				3302637A1DC2475E007D7317 /* Frameworks */,
				3302637B1DC2475E007D7317 /* Resources */,
				33CEFDA11E38F6B900FC9F03 /* Embed Frameworks */,
			);
			buildRules = (
			);
			dependencies = (
			);
			name = "Pusher Chat iOS Example";
			productName = "Pusher Platform iOS Example";
			productReference = 3302637D1DC2475E007D7317 /* Pusher Chat iOS Example.app */;
			productType = "com.apple.product-type.application";
		};
/* End PBXNativeTarget section */

/* Begin PBXProject section */
		330263751DC2475D007D7317 /* Project object */ = {
			isa = PBXProject;
			attributes = {
				LastSwiftUpdateCheck = 0800;
				LastUpgradeCheck = 0810;
				ORGANIZATIONNAME = Pusher;
				TargetAttributes = {
					3302637C1DC2475E007D7317 = {
						CreatedOnToolsVersion = 8.0;
						DevelopmentTeam = H7FL434D9W;
						ProvisioningStyle = Automatic;
						SystemCapabilities = {
							com.apple.Push = {
								enabled = 1;
							};
						};
					};
				};
			};
			buildConfigurationList = 330263781DC2475D007D7317 /* Build configuration list for PBXProject "Pusher Chat iOS Example" */;
			compatibilityVersion = "Xcode 3.2";
			developmentRegion = English;
			hasScannedForEncodings = 0;
			knownRegions = (
				en,
				Base,
			);
			mainGroup = 330263741DC2475D007D7317;
			productRefGroup = 3302637E1DC2475E007D7317 /* Products */;
			projectDirPath = "";
			projectRoot = "";
			targets = (
				3302637C1DC2475E007D7317 /* Pusher Chat iOS Example */,
			);
		};
/* End PBXProject section */

/* Begin PBXResourcesBuildPhase section */
		3302637B1DC2475E007D7317 /* Resources */ = {
			isa = PBXResourcesBuildPhase;
			buildActionMask = 2147483647;
			files = (
				33CC931B1E38E48C003E6325 /* Assets.xcassets in Resources */,
				3388D5ED1EAE4B7E0072A742 /* Main.storyboard in Resources */,
				3388D5EC1EAE4B7E0072A742 /* LaunchScreen.storyboard in Resources */,
			);
			runOnlyForDeploymentPostprocessing = 0;
		};
/* End PBXResourcesBuildPhase section */

/* Begin PBXSourcesBuildPhase section */
		330263791DC2475E007D7317 /* Sources */ = {
			isa = PBXSourcesBuildPhase;
			buildActionMask = 2147483647;
			files = (
				33CC931A1E38E48C003E6325 /* AppDelegate.swift in Sources */,
				33CC931C1E38E48C003E6325 /* ViewController.swift in Sources */,
			);
			runOnlyForDeploymentPostprocessing = 0;
		};
/* End PBXSourcesBuildPhase section */

/* Begin PBXVariantGroup section */
		3388D5E81EAE4B7E0072A742 /* LaunchScreen.storyboard */ = {
			isa = PBXVariantGroup;
			children = (
				3388D5E91EAE4B7E0072A742 /* Base */,
			);
			name = LaunchScreen.storyboard;
			sourceTree = "<group>";
		};
		3388D5EA1EAE4B7E0072A742 /* Main.storyboard */ = {
			isa = PBXVariantGroup;
			children = (
				3388D5EB1EAE4B7E0072A742 /* Base */,
			);
			name = Main.storyboard;
			sourceTree = "<group>";
		};
/* End PBXVariantGroup section */

/* Begin XCBuildConfiguration section */
		3302638D1DC2475E007D7317 /* Debug */ = {
			isa = XCBuildConfiguration;
			buildSettings = {
				ALWAYS_SEARCH_USER_PATHS = NO;
				CLANG_ANALYZER_NONNULL = YES;
				CLANG_CXX_LANGUAGE_STANDARD = "gnu++0x";
				CLANG_CXX_LIBRARY = "libc++";
				CLANG_ENABLE_MODULES = YES;
				CLANG_ENABLE_OBJC_ARC = YES;
				CLANG_WARN_BOOL_CONVERSION = YES;
				CLANG_WARN_CONSTANT_CONVERSION = YES;
				CLANG_WARN_DIRECT_OBJC_ISA_USAGE = YES_ERROR;
				CLANG_WARN_DOCUMENTATION_COMMENTS = YES;
				CLANG_WARN_EMPTY_BODY = YES;
				CLANG_WARN_ENUM_CONVERSION = YES;
				CLANG_WARN_INFINITE_RECURSION = YES;
				CLANG_WARN_INT_CONVERSION = YES;
				CLANG_WARN_OBJC_ROOT_CLASS = YES_ERROR;
				CLANG_WARN_SUSPICIOUS_MOVE = YES;
				CLANG_WARN_SUSPICIOUS_MOVES = YES;
				CLANG_WARN_UNREACHABLE_CODE = YES;
				CLANG_WARN__DUPLICATE_METHOD_MATCH = YES;
				"CODE_SIGN_IDENTITY[sdk=iphoneos*]" = "iPhone Developer";
				COPY_PHASE_STRIP = NO;
				DEBUG_INFORMATION_FORMAT = dwarf;
				ENABLE_STRICT_OBJC_MSGSEND = YES;
				ENABLE_TESTABILITY = YES;
				GCC_C_LANGUAGE_STANDARD = gnu99;
				GCC_DYNAMIC_NO_PIC = NO;
				GCC_NO_COMMON_BLOCKS = YES;
				GCC_OPTIMIZATION_LEVEL = 0;
				GCC_PREPROCESSOR_DEFINITIONS = (
					"DEBUG=1",
					"$(inherited)",
				);
				GCC_WARN_64_TO_32_BIT_CONVERSION = YES;
				GCC_WARN_ABOUT_RETURN_TYPE = YES_ERROR;
				GCC_WARN_UNDECLARED_SELECTOR = YES;
				GCC_WARN_UNINITIALIZED_AUTOS = YES_AGGRESSIVE;
				GCC_WARN_UNUSED_FUNCTION = YES;
				GCC_WARN_UNUSED_VARIABLE = YES;
				IPHONEOS_DEPLOYMENT_TARGET = 10.0;
				MTL_ENABLE_DEBUG_INFO = YES;
				ONLY_ACTIVE_ARCH = YES;
				SDKROOT = iphoneos;
				SWIFT_ACTIVE_COMPILATION_CONDITIONS = DEBUG;
				SWIFT_OPTIMIZATION_LEVEL = "-Onone";
			};
			name = Debug;
		};
		3302638E1DC2475E007D7317 /* Release */ = {
			isa = XCBuildConfiguration;
			buildSettings = {
				ALWAYS_SEARCH_USER_PATHS = NO;
				CLANG_ANALYZER_NONNULL = YES;
				CLANG_CXX_LANGUAGE_STANDARD = "gnu++0x";
				CLANG_CXX_LIBRARY = "libc++";
				CLANG_ENABLE_MODULES = YES;
				CLANG_ENABLE_OBJC_ARC = YES;
				CLANG_WARN_BOOL_CONVERSION = YES;
				CLANG_WARN_CONSTANT_CONVERSION = YES;
				CLANG_WARN_DIRECT_OBJC_ISA_USAGE = YES_ERROR;
				CLANG_WARN_DOCUMENTATION_COMMENTS = YES;
				CLANG_WARN_EMPTY_BODY = YES;
				CLANG_WARN_ENUM_CONVERSION = YES;
				CLANG_WARN_INFINITE_RECURSION = YES;
				CLANG_WARN_INT_CONVERSION = YES;
				CLANG_WARN_OBJC_ROOT_CLASS = YES_ERROR;
				CLANG_WARN_SUSPICIOUS_MOVE = YES;
				CLANG_WARN_SUSPICIOUS_MOVES = YES;
				CLANG_WARN_UNREACHABLE_CODE = YES;
				CLANG_WARN__DUPLICATE_METHOD_MATCH = YES;
				"CODE_SIGN_IDENTITY[sdk=iphoneos*]" = "iPhone Developer";
				COPY_PHASE_STRIP = NO;
				DEBUG_INFORMATION_FORMAT = "dwarf-with-dsym";
				ENABLE_NS_ASSERTIONS = NO;
				ENABLE_STRICT_OBJC_MSGSEND = YES;
				GCC_C_LANGUAGE_STANDARD = gnu99;
				GCC_NO_COMMON_BLOCKS = YES;
				GCC_WARN_64_TO_32_BIT_CONVERSION = YES;
				GCC_WARN_ABOUT_RETURN_TYPE = YES_ERROR;
				GCC_WARN_UNDECLARED_SELECTOR = YES;
				GCC_WARN_UNINITIALIZED_AUTOS = YES_AGGRESSIVE;
				GCC_WARN_UNUSED_FUNCTION = YES;
				GCC_WARN_UNUSED_VARIABLE = YES;
				IPHONEOS_DEPLOYMENT_TARGET = 10.0;
				MTL_ENABLE_DEBUG_INFO = NO;
				SDKROOT = iphoneos;
				SWIFT_OPTIMIZATION_LEVEL = "-Owholemodule";
				VALIDATE_PRODUCT = YES;
			};
			name = Release;
		};
		330263901DC2475E007D7317 /* Debug */ = {
			isa = XCBuildConfiguration;
			buildSettings = {
				ASSETCATALOG_COMPILER_APPICON_NAME = AppIcon;
				CODE_SIGN_ENTITLEMENTS = "Pusher Chat iOS Example/Pusher Chat iOS Example.entitlements";
				DEVELOPMENT_TEAM = H7FL434D9W;
				FRAMEWORK_SEARCH_PATHS = (
					"$(inherited)",
					"$(PROJECT_DIR)",
				);
				INFOPLIST_FILE = "$(SRCROOT)/Pusher Chat iOS Example/Info.plist";
				LD_RUNPATH_SEARCH_PATHS = "$(inherited) @executable_path/Frameworks";
				PRODUCT_BUNDLE_IDENTIFIER = "com.pusher.Pusher-Chat-iOS-Example";
				PRODUCT_NAME = "$(TARGET_NAME)";
				SUPPORTED_PLATFORMS = "iphonesimulator iphoneos";
				SWIFT_VERSION = 3.0;
			};
			name = Debug;
		};
		330263911DC2475E007D7317 /* Release */ = {
			isa = XCBuildConfiguration;
			buildSettings = {
				ASSETCATALOG_COMPILER_APPICON_NAME = AppIcon;
				CODE_SIGN_ENTITLEMENTS = "Pusher Chat iOS Example/Pusher Chat iOS Example.entitlements";
				DEVELOPMENT_TEAM = H7FL434D9W;
				FRAMEWORK_SEARCH_PATHS = (
					"$(inherited)",
					"$(PROJECT_DIR)",
				);
				INFOPLIST_FILE = "$(SRCROOT)/Pusher Chat iOS Example/Info.plist";
				LD_RUNPATH_SEARCH_PATHS = "$(inherited) @executable_path/Frameworks";
				PRODUCT_BUNDLE_IDENTIFIER = "com.pusher.Pusher-Chat-iOS-Example";
				PRODUCT_NAME = "$(TARGET_NAME)";
				SUPPORTED_PLATFORMS = "iphonesimulator iphoneos";
				SWIFT_VERSION = 3.0;
			};
			name = Release;
		};
/* End XCBuildConfiguration section */

/* Begin XCConfigurationList section */
		330263781DC2475D007D7317 /* Build configuration list for PBXProject "Pusher Chat iOS Example" */ = {
			isa = XCConfigurationList;
			buildConfigurations = (
				3302638D1DC2475E007D7317 /* Debug */,
				3302638E1DC2475E007D7317 /* Release */,
			);
			defaultConfigurationIsVisible = 0;
			defaultConfigurationName = Release;
		};
		3302638F1DC2475E007D7317 /* Build configuration list for PBXNativeTarget "Pusher Chat iOS Example" */ = {
			isa = XCConfigurationList;
			buildConfigurations = (
				330263901DC2475E007D7317 /* Debug */,
				330263911DC2475E007D7317 /* Release */,
			);
			defaultConfigurationIsVisible = 0;
			defaultConfigurationName = Release;
		};
/* End XCConfigurationList section */
	};
	rootObject = 330263751DC2475D007D7317 /* Project object */;
}
